{
  "version": 4,
  "terraform_version": "0.12.26",
  "serial": 109,
  "lineage": "aee355b8-6b99-d9b5-97b7-78205fe99e04",
  "outputs": {},
  "resources": [
    {
      "module": "module.anthos_cluster.module.acm.module.acm_operator.module.k8sop_manifest",
      "mode": "data",
      "type": "external",
      "name": "env_override",
      "each": "list",
      "provider": "provider.external",
      "instances": [
        {
          "index_key": 0,
          "schema_version": 0,
          "attributes": {
            "id": "-",
            "program": [
              ".terraform/modules/anthos_cluster.acm.acm_operator.k8sop_manifest/scripts/check_env.sh"
            ],
            "query": null,
            "result": {
              "download": ""
            },
            "working_dir": null
          }
        }
      ]
    },
    {
      "module": "module.anthos_cluster.module.acm.module.acm_operator.module.k8sop_config.module.gcloud_kubectl",
      "mode": "data",
      "type": "external",
      "name": "env_override",
      "each": "list",
      "provider": "provider.external",
      "instances": [
        {
          "index_key": 0,
          "schema_version": 0,
          "attributes": {
            "id": "-",
            "program": [
              ".terraform/modules/anthos_cluster.acm.acm_operator.k8sop_config/scripts/check_env.sh"
            ],
            "query": null,
            "result": {
              "download": ""
            },
            "working_dir": null
          }
        }
      ]
    },
    {
      "module": "module.anthos_cluster.module.asm.module.asm_install.module.gcloud_kubectl",
      "mode": "data",
      "type": "external",
      "name": "env_override",
      "each": "list",
      "provider": "provider.external",
      "instances": [
        {
          "index_key": 0,
          "schema_version": 0,
          "attributes": {
            "id": "-",
            "program": [
              ".terraform/modules/anthos_cluster.asm.asm_install/scripts/check_env.sh"
            ],
            "query": null,
            "result": {
              "download": ""
            },
            "working_dir": null
          }
        }
      ]
    },
    {
      "module": "module.anthos_cluster.module.gke.module.gcloud_wait_for_cluster",
      "mode": "data",
      "type": "external",
      "name": "env_override",
      "each": "list",
      "provider": "provider.external",
      "instances": [
        {
          "index_key": 0,
          "schema_version": 0,
          "attributes": {
            "id": "-",
            "program": [
              ".terraform/modules/anthos_cluster.gke.gcloud_wait_for_cluster/scripts/check_env.sh"
            ],
            "query": null,
            "result": {
              "download": ""
            },
            "working_dir": null
          }
        }
      ]
    },
    {
      "module": "module.anthos_cluster.module.acm.module.enable_acm",
      "mode": "data",
      "type": "external",
      "name": "env_override",
      "each": "list",
      "provider": "provider.external",
      "instances": [
        {
          "index_key": 0,
          "schema_version": 0,
          "attributes": {
            "id": "-",
            "program": [
              ".terraform/modules/anthos_cluster.acm.enable_acm/scripts/check_env.sh"
            ],
            "query": null,
            "result": {
              "download": ""
            },
            "working_dir": null
          }
        }
      ]
    },
    {
      "module": "module.anthos_cluster.module.gke.module.gcloud_delete_default_kube_dns_configmap.module.gcloud_kubectl",
      "mode": "data",
      "type": "external",
      "name": "env_override",
      "each": "list",
      "provider": "provider.external",
      "instances": []
    },
    {
      "module": "module.anthos_cluster.module.acm.module.acm_operator.module.k8sop_creds_secret.module.gcloud_kubectl",
      "mode": "data",
      "type": "external",
      "name": "env_override",
      "each": "list",
      "provider": "provider.external",
      "instances": [
        {
          "index_key": 0,
          "schema_version": 0,
          "attributes": {
            "id": "-",
            "program": [
              ".terraform/modules/anthos_cluster.acm.acm_operator.k8sop_creds_secret/scripts/check_env.sh"
            ],
            "query": null,
            "result": {
              "download": ""
            },
            "working_dir": null
          }
        }
      ]
    },
    {
      "module": "module.anthos_hub.module.enable_acm",
      "mode": "data",
      "type": "external",
      "name": "env_override",
      "each": "list",
      "provider": "provider.external",
      "instances": [
        {
          "index_key": 0,
          "schema_version": 0,
          "attributes": {
            "id": "-",
            "program": [
              ".terraform/modules/anthos_hub.enable_acm/scripts/check_env.sh"
            ],
            "query": null,
            "result": {
              "download": ""
            },
            "working_dir": null
          }
        }
      ]
    },
    {
      "module": "module.anthos_cluster.module.acm.module.acm_operator.module.wait_for_gatekeeper.module.gcloud_kubectl",
      "mode": "data",
      "type": "external",
      "name": "env_override",
      "each": "list",
      "provider": "provider.external",
      "instances": [
        {
          "index_key": 0,
          "schema_version": 0,
          "attributes": {
            "id": "-",
            "program": [
              ".terraform/modules/anthos_cluster.acm.acm_operator.wait_for_gatekeeper/scripts/check_env.sh"
            ],
            "query": null,
            "result": {
              "download": ""
            },
            "working_dir": null
          }
        }
      ]
    },
    {
      "module": "module.anthos_cluster.module.acm.module.acm_operator.module.k8s_operator.module.gcloud_kubectl",
      "mode": "data",
      "type": "external",
      "name": "env_override",
      "each": "list",
      "provider": "provider.external",
      "instances": [
        {
          "index_key": 0,
          "schema_version": 0,
          "attributes": {
            "id": "-",
            "program": [
              ".terraform/modules/anthos_cluster.acm.acm_operator.k8s_operator/scripts/check_env.sh"
            ],
            "query": null,
            "result": {
              "download": ""
            },
            "working_dir": null
          }
        }
      ]
    },
    {
      "module": "module.anthos_cluster",
      "mode": "data",
      "type": "google_client_config",
      "name": "default",
      "provider": "provider.google",
      "instances": [
        {
          "schema_version": 0,
          "attributes": {
            "access_token": "ya29.A0AfH6SMCsmbRWZlHLyDe3hxJkIph22RZfv67C33UAL6vjRoktqdJjudCNfbmpqvCV97_ktvIIvr9HnXwkulcOHdR8cNg6f9ahC3yBZi5GmDtbN5JAdYLMRRsPQ8AmUcvIgz4PWF0eRCZzdKzbBhcmM6Dqfwul",
            "id": "projects//regions//zones/",
            "project": "",
            "region": "",
            "zone": ""
          }
        }
      ]
    },
    {
      "module": "module.anthos_cluster.module.gke",
      "mode": "data",
      "type": "google_client_config",
      "name": "default",
      "provider": "provider.google",
      "instances": [
        {
          "schema_version": 0,
          "attributes": {
            "access_token": "ya29.A0AfH6SMCsmbRWZlHLyDe3hxJkIph22RZfv67C33UAL6vjRoktqdJjudCNfbmpqvCV97_ktvIIvr9HnXwkulcOHdR8cNg6f9ahC3yBZi5GmDtbN5JAdYLMRRsPQ8AmUcvIgz4PWF0eRCZzdKzbBhcmM6Dqfwul",
            "id": "projects//regions//zones/",
            "project": "",
            "region": "",
            "zone": ""
          }
        }
      ]
    },
    {
      "module": "module.anthos_cluster.module.gke",
      "mode": "data",
      "type": "google_compute_subnetwork",
      "name": "gke_subnetwork",
      "each": "list",
      "provider": "provider.google",
      "instances": [
        {
          "index_key": 0,
          "schema_version": 0,
          "attributes": {
            "description": "",
            "gateway_address": "10.0.0.1",
            "id": "projects/bu1-p-app1-1961/regions/europe-west1/subnetworks/bu1-app1-euw1",
            "ip_cidr_range": "10.0.0.0/18",
            "name": "bu1-app1-euw1",
            "network": "https://www.googleapis.com/compute/v1/projects/bu1-p-app1-1961/global/networks/bu1-app1-vpc",
            "private_ip_google_access": true,
            "project": "bu1-p-app1-1961",
            "region": "europe-west1",
            "secondary_ip_range": [
              {
                "ip_cidr_range": "10.1.0.0/24",
                "range_name": "bu1-app1-cluster1-pods"
              },
              {
                "ip_cidr_range": "10.2.0.0/19",
                "range_name": "bu1-app1-cluster1-svc"
              }
            ],
            "self_link": "https://www.googleapis.com/compute/v1/projects/bu1-p-app1-1961/regions/europe-west1/subnetworks/bu1-app1-euw1"
          }
        }
      ]
    },
    {
      "module": "module.anthos_cluster.module.gke",
      "mode": "data",
      "type": "google_compute_zones",
      "name": "available",
      "provider": "provider.google",
      "instances": [
        {
          "schema_version": 0,
          "attributes": {
            "id": "projects/bu1-p-app1-1961/regions/europe-west1",
            "names": [
              "europe-west1-b",
              "europe-west1-c",
              "europe-west1-d"
            ],
            "project": "bu1-p-app1-1961",
            "region": "europe-west1",
            "status": null
          }
        }
      ]
    },
    {
      "module": "module.anthos_cluster.module.gke",
      "mode": "data",
      "type": "google_container_engine_versions",
      "name": "region",
      "provider": "provider.google",
      "instances": [
        {
          "schema_version": 0,
          "attributes": {
            "default_cluster_version": "1.16.15-gke.6000",
            "id": "2021-01-25 11:25:29.029879346 +0000 UTC",
            "latest_master_version": "1.18.14-gke.1200",
            "latest_node_version": "1.18.14-gke.1200",
            "location": "europe-west1",
            "project": "bu1-p-app1-1961",
            "release_channel_default_version": {
              "RAPID": "1.18.12-gke.1205",
              "REGULAR": "1.17.14-gke.400",
              "STABLE": "1.16.15-gke.6000"
            },
            "valid_master_versions": [
              "1.18.14-gke.1200",
              "1.18.12-gke.1205",
              "1.17.16-gke.1300",
              "1.17.15-gke.800",
              "1.17.15-gke.300",
              "1.17.14-gke.1600",
              "1.17.14-gke.1200",
              "1.17.14-gke.400",
              "1.17.13-gke.2600",
              "1.16.15-gke.7800",
              "1.16.15-gke.7300",
              "1.16.15-gke.6900",
              "1.16.15-gke.6000",
              "1.16.15-gke.4901",
              "1.15.12-gke.6002"
            ],
            "valid_node_versions": [
              "1.18.14-gke.1200",
              "1.18.12-gke.1205",
              "1.18.12-gke.1201",
              "1.18.12-gke.1200",
              "1.18.12-gke.300",
              "1.18.10-gke.2701",
              "1.18.10-gke.2101",
              "1.18.10-gke.1500",
              "1.18.10-gke.601",
              "1.18.9-gke.2501",
              "1.18.9-gke.1501",
              "1.18.9-gke.801",
              "1.18.6-gke.4801",
              "1.18.6-gke.3504",
              "1.18.6-gke.3503",
              "1.17.16-gke.1300",
              "1.17.15-gke.800",
              "1.17.15-gke.300",
              "1.17.14-gke.1600",
              "1.17.14-gke.1200",
              "1.17.14-gke.400",
              "1.17.13-gke.2600",
              "1.17.13-gke.2001",
              "1.17.13-gke.1401",
              "1.17.13-gke.1400",
              "1.17.13-gke.600",
              "1.17.12-gke.2502",
              "1.17.12-gke.1504",
              "1.17.12-gke.1501",
              "1.17.12-gke.500",
              "1.17.9-gke.6300",
              "1.17.9-gke.1504",
              "1.16.15-gke.7800",
              "1.16.15-gke.7300",
              "1.16.15-gke.6900",
              "1.16.15-gke.6000",
              "1.16.15-gke.5500",
              "1.16.15-gke.4901",
              "1.16.15-gke.4301",
              "1.16.15-gke.4300",
              "1.16.15-gke.3500",
              "1.16.15-gke.2601",
              "1.16.15-gke.1600",
              "1.16.15-gke.500",
              "1.16.13-gke.404",
              "1.16.13-gke.403",
              "1.16.13-gke.401",
              "1.16.13-gke.400",
              "1.16.13-gke.1",
              "1.16.11-gke.5",
              "1.16.10-gke.8",
              "1.16.9-gke.6",
              "1.16.9-gke.2",
              "1.16.8-gke.15",
              "1.16.8-gke.12",
              "1.16.8-gke.9",
              "1.15.12-gke.6002",
              "1.15.12-gke.6001",
              "1.15.12-gke.5000",
              "1.15.12-gke.4002",
              "1.15.12-gke.4000",
              "1.15.12-gke.20",
              "1.15.12-gke.17",
              "1.15.12-gke.16",
              "1.15.12-gke.13",
              "1.15.12-gke.9",
              "1.15.12-gke.6",
              "1.15.12-gke.3",
              "1.15.12-gke.2",
              "1.15.11-gke.17",
              "1.15.11-gke.15",
              "1.15.11-gke.13",
              "1.15.11-gke.12",
              "1.15.11-gke.11",
              "1.15.11-gke.9",
              "1.15.11-gke.5",
              "1.15.11-gke.3",
              "1.15.11-gke.1",
              "1.15.9-gke.26",
              "1.15.9-gke.24",
              "1.15.9-gke.22",
              "1.15.9-gke.12",
              "1.15.9-gke.9",
              "1.15.9-gke.8",
              "1.15.8-gke.3",
              "1.15.8-gke.2",
              "1.15.7-gke.23",
              "1.15.7-gke.2",
              "1.15.4-gke.22",
              "1.14.10-gke.1504",
              "1.14.10-gke.902",
              "1.14.10-gke.50",
              "1.14.10-gke.46",
              "1.14.10-gke.45",
              "1.14.10-gke.42",
              "1.14.10-gke.41",
              "1.14.10-gke.40",
              "1.14.10-gke.37",
              "1.14.10-gke.36",
              "1.14.10-gke.34",
              "1.14.10-gke.32",
              "1.14.10-gke.31",
              "1.14.10-gke.27",
              "1.14.10-gke.24",
              "1.14.10-gke.22",
              "1.14.10-gke.21",
              "1.14.10-gke.17",
              "1.14.10-gke.0",
              "1.14.9-gke.23",
              "1.14.9-gke.2",
              "1.14.9-gke.0",
              "1.14.8-gke.33",
              "1.14.8-gke.21",
              "1.14.8-gke.18",
              "1.14.8-gke.17",
              "1.14.8-gke.14",
              "1.14.8-gke.12",
              "1.14.8-gke.7",
              "1.14.8-gke.2",
              "1.14.7-gke.40",
              "1.14.7-gke.25",
              "1.14.7-gke.23",
              "1.14.7-gke.17",
              "1.14.7-gke.14",
              "1.14.7-gke.10",
              "1.14.6-gke.13",
              "1.14.6-gke.2",
              "1.14.6-gke.1",
              "1.14.3-gke.11",
              "1.14.3-gke.10",
              "1.14.3-gke.9",
              "1.14.2-gke.9",
              "1.14.1-gke.5",
              "1.13.12-gke.30",
              "1.13.12-gke.25",
              "1.13.12-gke.17",
              "1.13.12-gke.16",
              "1.13.12-gke.14",
              "1.13.12-gke.13",
              "1.13.12-gke.10",
              "1.13.12-gke.8",
              "1.13.12-gke.4",
              "1.13.12-gke.2",
              "1.13.11-gke.23",
              "1.13.11-gke.15",
              "1.13.11-gke.14",
              "1.13.11-gke.12",
              "1.13.11-gke.11",
              "1.13.11-gke.9",
              "1.13.11-gke.5",
              "1.13.10-gke.7",
              "1.13.10-gke.0",
              "1.13.9-gke.11",
              "1.13.9-gke.3",
              "1.13.7-gke.24",
              "1.13.7-gke.19",
              "1.13.7-gke.15",
              "1.13.7-gke.8",
              "1.13.7-gke.0",
              "1.13.6-gke.13",
              "1.13.6-gke.6",
              "1.13.6-gke.5",
              "1.13.6-gke.0",
              "1.13.5-gke.10",
              "1.12.10-gke.22",
              "1.12.10-gke.20",
              "1.12.10-gke.19",
              "1.12.10-gke.18",
              "1.12.10-gke.17",
              "1.12.10-gke.15",
              "1.12.10-gke.13",
              "1.12.10-gke.11",
              "1.12.10-gke.5",
              "1.12.9-gke.16",
              "1.12.9-gke.15",
              "1.12.9-gke.13",
              "1.12.9-gke.10",
              "1.12.9-gke.7",
              "1.12.9-gke.3",
              "1.12.8-gke.12",
              "1.12.8-gke.10",
              "1.12.8-gke.7",
              "1.12.8-gke.6",
              "1.12.7-gke.26",
              "1.12.7-gke.25",
              "1.12.7-gke.24",
              "1.12.7-gke.22",
              "1.12.7-gke.21",
              "1.12.7-gke.17",
              "1.12.7-gke.10",
              "1.12.7-gke.7",
              "1.12.6-gke.11",
              "1.12.6-gke.10",
              "1.12.6-gke.7",
              "1.12.5-gke.10",
              "1.12.5-gke.5",
              "1.11.10-gke.6",
              "1.11.10-gke.5"
            ],
            "version_prefix": null
          }
        }
      ]
    },
    {
      "module": "module.anthos_cluster.module.gke",
      "mode": "data",
      "type": "google_container_engine_versions",
      "name": "zone",
      "provider": "provider.google",
      "instances": [
        {
          "schema_version": 0,
          "attributes": {
            "default_cluster_version": "1.16.15-gke.6000",
            "id": "2021-01-25 11:25:29.300829162 +0000 UTC",
            "latest_master_version": "1.18.14-gke.1200",
            "latest_node_version": "1.18.14-gke.1200",
            "location": "europe-west1-b",
            "project": "bu1-p-app1-1961",
            "release_channel_default_version": {
              "RAPID": "1.18.12-gke.1205",
              "REGULAR": "1.17.14-gke.400",
              "STABLE": "1.16.15-gke.6000"
            },
            "valid_master_versions": [
              "1.18.14-gke.1200",
              "1.18.12-gke.1205",
              "1.17.16-gke.1300",
              "1.17.15-gke.800",
              "1.17.15-gke.300",
              "1.17.14-gke.1600",
              "1.17.14-gke.1200",
              "1.17.14-gke.400",
              "1.17.13-gke.2600",
              "1.16.15-gke.7800",
              "1.16.15-gke.7300",
              "1.16.15-gke.6900",
              "1.16.15-gke.6000",
              "1.16.15-gke.4901",
              "1.15.12-gke.6002"
            ],
            "valid_node_versions": [
              "1.18.14-gke.1200",
              "1.18.12-gke.1205",
              "1.18.12-gke.1201",
              "1.18.12-gke.1200",
              "1.18.12-gke.300",
              "1.18.10-gke.2701",
              "1.18.10-gke.2101",
              "1.18.10-gke.1500",
              "1.18.10-gke.601",
              "1.18.9-gke.2501",
              "1.18.9-gke.1501",
              "1.18.9-gke.801",
              "1.18.6-gke.4801",
              "1.18.6-gke.3504",
              "1.18.6-gke.3503",
              "1.17.16-gke.1300",
              "1.17.15-gke.800",
              "1.17.15-gke.300",
              "1.17.14-gke.1600",
              "1.17.14-gke.1200",
              "1.17.14-gke.400",
              "1.17.13-gke.2600",
              "1.17.13-gke.2001",
              "1.17.13-gke.1401",
              "1.17.13-gke.1400",
              "1.17.13-gke.600",
              "1.17.12-gke.2502",
              "1.17.12-gke.1504",
              "1.17.12-gke.1501",
              "1.17.12-gke.500",
              "1.17.9-gke.6300",
              "1.17.9-gke.1504",
              "1.16.15-gke.7800",
              "1.16.15-gke.7300",
              "1.16.15-gke.6900",
              "1.16.15-gke.6000",
              "1.16.15-gke.5500",
              "1.16.15-gke.4901",
              "1.16.15-gke.4301",
              "1.16.15-gke.4300",
              "1.16.15-gke.3500",
              "1.16.15-gke.2601",
              "1.16.15-gke.1600",
              "1.16.15-gke.500",
              "1.16.13-gke.404",
              "1.16.13-gke.403",
              "1.16.13-gke.401",
              "1.16.13-gke.400",
              "1.16.13-gke.1",
              "1.16.11-gke.5",
              "1.16.10-gke.8",
              "1.16.9-gke.6",
              "1.16.9-gke.2",
              "1.16.8-gke.15",
              "1.16.8-gke.12",
              "1.16.8-gke.9",
              "1.15.12-gke.6002",
              "1.15.12-gke.6001",
              "1.15.12-gke.5000",
              "1.15.12-gke.4002",
              "1.15.12-gke.4000",
              "1.15.12-gke.20",
              "1.15.12-gke.17",
              "1.15.12-gke.16",
              "1.15.12-gke.13",
              "1.15.12-gke.9",
              "1.15.12-gke.6",
              "1.15.12-gke.3",
              "1.15.12-gke.2",
              "1.15.11-gke.17",
              "1.15.11-gke.15",
              "1.15.11-gke.13",
              "1.15.11-gke.12",
              "1.15.11-gke.11",
              "1.15.11-gke.9",
              "1.15.11-gke.5",
              "1.15.11-gke.3",
              "1.15.11-gke.1",
              "1.15.9-gke.26",
              "1.15.9-gke.24",
              "1.15.9-gke.22",
              "1.15.9-gke.12",
              "1.15.9-gke.9",
              "1.15.9-gke.8",
              "1.15.8-gke.3",
              "1.15.8-gke.2",
              "1.15.7-gke.23",
              "1.15.7-gke.2",
              "1.15.4-gke.22",
              "1.14.10-gke.1504",
              "1.14.10-gke.902",
              "1.14.10-gke.50",
              "1.14.10-gke.46",
              "1.14.10-gke.45",
              "1.14.10-gke.42",
              "1.14.10-gke.41",
              "1.14.10-gke.40",
              "1.14.10-gke.37",
              "1.14.10-gke.36",
              "1.14.10-gke.34",
              "1.14.10-gke.32",
              "1.14.10-gke.31",
              "1.14.10-gke.27",
              "1.14.10-gke.24",
              "1.14.10-gke.22",
              "1.14.10-gke.21",
              "1.14.10-gke.17",
              "1.14.10-gke.0",
              "1.14.9-gke.23",
              "1.14.9-gke.2",
              "1.14.9-gke.0",
              "1.14.8-gke.33",
              "1.14.8-gke.21",
              "1.14.8-gke.18",
              "1.14.8-gke.17",
              "1.14.8-gke.14",
              "1.14.8-gke.12",
              "1.14.8-gke.7",
              "1.14.8-gke.2",
              "1.14.7-gke.40",
              "1.14.7-gke.25",
              "1.14.7-gke.23",
              "1.14.7-gke.17",
              "1.14.7-gke.14",
              "1.14.7-gke.10",
              "1.14.6-gke.13",
              "1.14.6-gke.2",
              "1.14.6-gke.1",
              "1.14.3-gke.11",
              "1.14.3-gke.10",
              "1.14.3-gke.9",
              "1.14.2-gke.9",
              "1.14.1-gke.5",
              "1.13.12-gke.30",
              "1.13.12-gke.25",
              "1.13.12-gke.17",
              "1.13.12-gke.16",
              "1.13.12-gke.14",
              "1.13.12-gke.13",
              "1.13.12-gke.10",
              "1.13.12-gke.8",
              "1.13.12-gke.4",
              "1.13.12-gke.2",
              "1.13.11-gke.23",
              "1.13.11-gke.15",
              "1.13.11-gke.14",
              "1.13.11-gke.12",
              "1.13.11-gke.11",
              "1.13.11-gke.9",
              "1.13.11-gke.5",
              "1.13.10-gke.7",
              "1.13.10-gke.0",
              "1.13.9-gke.11",
              "1.13.9-gke.3",
              "1.13.7-gke.24",
              "1.13.7-gke.19",
              "1.13.7-gke.15",
              "1.13.7-gke.8",
              "1.13.7-gke.0",
              "1.13.6-gke.13",
              "1.13.6-gke.6",
              "1.13.6-gke.5",
              "1.13.6-gke.0",
              "1.13.5-gke.10",
              "1.12.10-gke.22",
              "1.12.10-gke.20",
              "1.12.10-gke.19",
              "1.12.10-gke.18",
              "1.12.10-gke.17",
              "1.12.10-gke.15",
              "1.12.10-gke.13",
              "1.12.10-gke.11",
              "1.12.10-gke.5",
              "1.12.9-gke.16",
              "1.12.9-gke.15",
              "1.12.9-gke.13",
              "1.12.9-gke.10",
              "1.12.9-gke.7",
              "1.12.9-gke.3",
              "1.12.8-gke.12",
              "1.12.8-gke.10",
              "1.12.8-gke.7",
              "1.12.8-gke.6",
              "1.12.7-gke.26",
              "1.12.7-gke.25",
              "1.12.7-gke.24",
              "1.12.7-gke.22",
              "1.12.7-gke.21",
              "1.12.7-gke.17",
              "1.12.7-gke.10",
              "1.12.7-gke.7",
              "1.12.6-gke.11",
              "1.12.6-gke.10",
              "1.12.6-gke.7",
              "1.12.5-gke.10",
              "1.12.5-gke.5",
              "1.11.10-gke.6",
              "1.11.10-gke.5"
            ],
            "version_prefix": null
          }
        }
      ]
    },
    {
      "module": "module.anthos_hub_project.module.gsuite_group",
      "mode": "data",
      "type": "google_organization",
      "name": "org",
      "each": "list",
      "provider": "provider.google",
      "instances": []
    },
    {
      "module": "module.bu1-prod-app1.module.gsuite_group",
      "mode": "data",
      "type": "google_organization",
      "name": "org",
      "each": "list",
      "provider": "provider.google",
      "instances": []
    },
    {
      "module": "module.anthos_cluster.module.asm",
      "mode": "data",
      "type": "google_project",
      "name": "asm_project",
      "provider": "provider.google",
      "instances": [
        {
          "schema_version": 0,
          "attributes": {
            "auto_create_network": null,
            "billing_account": "015446-C8112E-1D6075",
            "folder_id": "52355272450",
            "id": "projects/bu1-p-app1-1961",
            "labels": {
              "application_name": "org-anthos-hub",
              "billing_code": "1234",
              "business_code": "abcd",
              "env_code": "p",
              "environment": "production",
              "primary_contact": "example1",
              "secondary_contact": "example2"
            },
            "name": "bu1-p-app1",
            "number": "617231518074",
            "org_id": "",
            "project_id": "bu1-p-app1-1961",
            "skip_delete": null
          }
        }
      ]
    },
    {
      "module": "module.anthos_hub_project.module.project-factory",
      "mode": "data",
      "type": "null_data_source",
      "name": "default_service_account",
      "provider": "provider.null",
      "instances": [
        {
          "schema_version": 0,
          "attributes": {
            "has_computed_default": "default",
            "id": "static",
            "inputs": {
              "email": "665369007094-compute@developer.gserviceaccount.com"
            },
            "outputs": {
              "email": "665369007094-compute@developer.gserviceaccount.com"
            },
            "random": "7701161859970301247"
          }
        }
      ]
    },
    {
      "module": "module.bu1-prod-app1.module.project-factory",
      "mode": "data",
      "type": "null_data_source",
      "name": "default_service_account",
      "provider": "provider.null",
      "instances": [
        {
          "schema_version": 0,
          "attributes": {
            "has_computed_default": "default",
            "id": "static",
            "inputs": {
              "email": "617231518074-compute@developer.gserviceaccount.com"
            },
            "outputs": {
              "email": "617231518074-compute@developer.gserviceaccount.com"
            },
            "random": "4648018642960409226"
          }
        }
      ]
    },
    {
      "module": "module.anthos_cluster.module.acm.module.acm_operator",
      "mode": "data",
      "type": "template_file",
      "name": "k8sop_config",
      "provider": "provider.template",
      "instances": [
        {
          "schema_version": 0,
          "attributes": {
            "filename": null,
            "id": "54d298233c6767e40179cd5fa2978c0bb37c4938891b37bcc6787ef42b972852",
            "rendered": "apiVersion: configmanagement.gke.io/v1\nkind: ConfigManagement\nmetadata:\n  name: config-management\nspec:\n  # clusterName is required and must be unique among all managed clusters\n  clusterName: bu1-app1-cluster1\n  policyController:\n    enabled: true\n    templateLibraryInstalled: true\n    logDeniesEnabled: false\n  git:\n    syncRepo: ssh://gary@gcpgeek.cloud@source.developers.google.com:2022/p/anthos-hub-221b/r/anthos-config-prod\n    secretType: ssh\n    policyDir: /prod\n    syncBranch: master\n  \n  \n",
            "template": "apiVersion: configmanagement.gke.io/v1\nkind: ConfigManagement\nmetadata:\n  name: config-management\nspec:\n  # clusterName is required and must be unique among all managed clusters\n  clusterName: ${cluster_name}\n  policyController:\n    enabled: ${enable_policy_controller}\n    templateLibraryInstalled: ${install_template_library}\n    logDeniesEnabled: ${enable_log_denies}\n  git:\n    syncRepo: ${sync_repo}\n    secretType: ${secret_type}\n    ${policy_dir_node}\n    ${sync_branch_node}\n  ${source_format_node}\n  ${hierarchy_controller_map_node}\n",
            "vars": {
              "cluster_name": "bu1-app1-cluster1",
              "enable_log_denies": "false",
              "enable_policy_controller": "true",
              "hierarchy_controller_map_node": "",
              "install_template_library": "true",
              "policy_dir_node": "policyDir: /prod",
              "secret_type": "ssh",
              "source_format_node": "",
              "sync_branch_node": "syncBranch: master",
              "sync_repo": "ssh://gary@gcpgeek.cloud@source.developers.google.com:2022/p/anthos-hub-221b/r/anthos-config-prod"
            }
          }
        }
      ]
    },
    {
      "module": "module.anthos_hub_project.module.project-factory",
      "mode": "managed",
      "type": "google_access_context_manager_service_perimeter_resource",
      "name": "service_perimeter_attachment",
      "each": "list",
      "provider": "provider.google",
      "instances": []
    },
    {
      "module": "module.bu1-prod-app1.module.project-factory",
      "mode": "managed",
      "type": "google_access_context_manager_service_perimeter_resource",
      "name": "service_perimeter_attachment",
      "each": "list",
      "provider": "provider.google",
      "instances": []
    },
    {
      "module": "module.bu1-prod-app1.module.budget",
      "mode": "managed",
      "type": "google_billing_budget",
      "name": "budget",
      "each": "list",
      "provider": "provider.google-beta",
      "instances": []
    },
    {
      "module": "module.anthos_hub_project.module.budget",
      "mode": "managed",
      "type": "google_billing_budget",
      "name": "budget",
      "each": "list",
      "provider": "provider.google-beta",
      "instances": []
    },
    {
      "module": "module.anthos_cluster.module.gke",
      "mode": "managed",
      "type": "google_compute_firewall",
      "name": "intra_egress",
      "each": "list",
      "provider": "provider.google",
      "instances": [
        {
          "index_key": 0,
          "schema_version": 1,
          "attributes": {
            "allow": [
              {
                "ports": [],
                "protocol": "ah"
              },
              {
                "ports": [],
                "protocol": "esp"
              },
              {
                "ports": [],
                "protocol": "icmp"
              },
              {
                "ports": [],
                "protocol": "sctp"
              },
              {
                "ports": [],
                "protocol": "tcp"
              },
              {
                "ports": [],
                "protocol": "udp"
              }
            ],
            "creation_timestamp": "2021-01-25T03:15:57.824-08:00",
            "deny": [],
            "description": "Managed by terraform gke module: Allow pods to communicate with each other and the master",
            "destination_ranges": [
              "10.0.0.0/18",
              "10.1.0.0/24",
              "192.168.0.0/28"
            ],
            "direction": "EGRESS",
            "disabled": false,
            "enable_logging": null,
            "id": "projects/bu1-p-app1-1961/global/firewalls/gke-bu1-app1-cluster1-intra-cluster-egress",
            "log_config": [],
            "name": "gke-bu1-app1-cluster1-intra-cluster-egress",
            "network": "https://www.googleapis.com/compute/v1/projects/bu1-p-app1-1961/global/networks/bu1-app1-vpc",
            "priority": 1000,
            "project": "bu1-p-app1-1961",
            "self_link": "https://www.googleapis.com/compute/v1/projects/bu1-p-app1-1961/global/firewalls/gke-bu1-app1-cluster1-intra-cluster-egress",
            "source_ranges": [],
            "source_service_accounts": [],
            "source_tags": [],
            "target_service_accounts": [],
            "target_tags": [
              "gke-bu1-app1-cluster1"
            ],
            "timeouts": null
          },
          "private": "eyJlMmJmYjczMC1lY2FhLTExZTYtOGY4OC0zNDM2M2JjN2M0YzAiOnsiY3JlYXRlIjoyNDAwMDAwMDAwMDAsImRlbGV0ZSI6MjQwMDAwMDAwMDAwLCJ1cGRhdGUiOjI0MDAwMDAwMDAwMH0sInNjaGVtYV92ZXJzaW9uIjoiMSJ9",
          "dependencies": [
            "module.bu1-prod-app1.module.project-factory.google_compute_shared_vpc_service_project.shared_vpc_attachment",
            "module.bu1-prod-app1.module.project-factory.google_project.main",
            "module.bu1-prod-app1.module.project-factory.module.project_services.google_project_service.project_services",
            "module.bu1-prod-app1.module.project-factory.null_resource.preconditions",
            "module.bu1-prod-app1.module.project-factory.random_id.random_project_id_suffix",
            "module.vpc.module.subnets.google_compute_subnetwork.subnetwork",
            "module.vpc.module.vpc.google_compute_network.network"
          ]
        }
      ]
    },
    {
      "module": "module.anthos_cluster.module.gke",
      "mode": "managed",
      "type": "google_compute_firewall",
      "name": "master_webhooks",
      "each": "list",
      "provider": "provider.google",
      "instances": [
        {
          "index_key": 0,
          "schema_version": 1,
          "attributes": {
            "allow": [
              {
                "ports": [
                  "8443",
                  "9443",
                  "15017"
                ],
                "protocol": "tcp"
              }
            ],
            "creation_timestamp": "2021-01-25T03:15:23.519-08:00",
            "deny": [],
            "description": "Managed by terraform gke module: Allow master to hit pods for admission controllers/webhooks",
            "destination_ranges": [],
            "direction": "INGRESS",
            "disabled": false,
            "enable_logging": null,
            "id": "projects/bu1-p-app1-1961/global/firewalls/gke-bu1-app1-cluster1-webhooks",
            "log_config": [],
            "name": "gke-bu1-app1-cluster1-webhooks",
            "network": "https://www.googleapis.com/compute/v1/projects/bu1-p-app1-1961/global/networks/bu1-app1-vpc",
            "priority": 1000,
            "project": "bu1-p-app1-1961",
            "self_link": "https://www.googleapis.com/compute/v1/projects/bu1-p-app1-1961/global/firewalls/gke-bu1-app1-cluster1-webhooks",
            "source_ranges": [
              "192.168.0.0/28"
            ],
            "source_service_accounts": [],
            "source_tags": [],
            "target_service_accounts": [],
            "target_tags": [
              "gke-bu1-app1-cluster1"
            ],
            "timeouts": null
          },
          "private": "eyJlMmJmYjczMC1lY2FhLTExZTYtOGY4OC0zNDM2M2JjN2M0YzAiOnsiY3JlYXRlIjoyNDAwMDAwMDAwMDAsImRlbGV0ZSI6MjQwMDAwMDAwMDAwLCJ1cGRhdGUiOjI0MDAwMDAwMDAwMH0sInNjaGVtYV92ZXJzaW9uIjoiMSJ9",
          "dependencies": [
            "module.bu1-prod-app1.module.project-factory.google_compute_shared_vpc_service_project.shared_vpc_attachment",
            "module.bu1-prod-app1.module.project-factory.google_project.main",
            "module.bu1-prod-app1.module.project-factory.module.project_services.google_project_service.project_services",
            "module.bu1-prod-app1.module.project-factory.null_resource.preconditions",
            "module.bu1-prod-app1.module.project-factory.random_id.random_project_id_suffix",
            "module.vpc.module.vpc.google_compute_network.network"
          ]
        }
      ]
    },
    {
      "module": "module.vpc.module.vpc",
      "mode": "managed",
      "type": "google_compute_network",
      "name": "network",
      "provider": "provider.google",
      "instances": [
        {
          "schema_version": 0,
          "attributes": {
            "auto_create_subnetworks": false,
            "delete_default_routes_on_create": false,
            "description": "",
            "gateway_ipv4": "",
            "id": "projects/bu1-p-app1-1961/global/networks/bu1-app1-vpc",
            "mtu": 0,
            "name": "bu1-app1-vpc",
            "project": "bu1-p-app1-1961",
            "routing_mode": "GLOBAL",
            "self_link": "https://www.googleapis.com/compute/v1/projects/bu1-p-app1-1961/global/networks/bu1-app1-vpc",
            "timeouts": null
          },
          "private": "eyJlMmJmYjczMC1lY2FhLTExZTYtOGY4OC0zNDM2M2JjN2M0YzAiOnsiY3JlYXRlIjoyNDAwMDAwMDAwMDAsImRlbGV0ZSI6MjQwMDAwMDAwMDAwLCJ1cGRhdGUiOjI0MDAwMDAwMDAwMH19",
          "dependencies": [
            "module.bu1-prod-app1.module.project-factory.google_compute_shared_vpc_service_project.shared_vpc_attachment",
            "module.bu1-prod-app1.module.project-factory.google_project.main",
            "module.bu1-prod-app1.module.project-factory.module.project_services.google_project_service.project_services",
            "module.bu1-prod-app1.module.project-factory.null_resource.preconditions",
            "module.bu1-prod-app1.module.project-factory.random_id.random_project_id_suffix"
          ]
        }
      ]
    },
    {
      "module": "module.vpc.module.routes",
      "mode": "managed",
      "type": "google_compute_route",
      "name": "route",
      "each": "map",
      "provider": "provider.google",
      "instances": []
    },
    {
      "module": "module.vpc.module.vpc",
      "mode": "managed",
      "type": "google_compute_shared_vpc_host_project",
      "name": "shared_vpc_host",
      "each": "list",
      "provider": "provider.google",
      "instances": []
    },
    {
      "module": "module.anthos_hub_project.module.project-factory",
      "mode": "managed",
      "type": "google_compute_shared_vpc_service_project",
      "name": "shared_vpc_attachment",
      "each": "list",
      "provider": "provider.google",
      "instances": []
    },
    {
      "module": "module.bu1-prod-app1.module.project-factory",
      "mode": "managed",
      "type": "google_compute_shared_vpc_service_project",
      "name": "shared_vpc_attachment",
      "each": "list",
      "provider": "provider.google",
      "instances": []
    },
    {
      "module": "module.vpc.module.subnets",
      "mode": "managed",
      "type": "google_compute_subnetwork",
      "name": "subnetwork",
      "each": "map",
      "provider": "provider.google",
      "instances": [
        {
          "index_key": "europe-west1/bu1-app1-euw1",
          "schema_version": 0,
          "attributes": {
            "creation_timestamp": "2021-01-25T03:15:25.410-08:00",
            "description": "",
            "fingerprint": null,
            "gateway_address": "10.0.0.1",
            "id": "projects/bu1-p-app1-1961/regions/europe-west1/subnetworks/bu1-app1-euw1",
            "ip_cidr_range": "10.0.0.0/18",
            "log_config": [
              {
                "aggregation_interval": "INTERVAL_5_SEC",
                "filter_expr": "true",
                "flow_sampling": 0.5,
                "metadata": "INCLUDE_ALL_METADATA",
                "metadata_fields": []
              }
            ],
            "name": "bu1-app1-euw1",
            "network": "https://www.googleapis.com/compute/v1/projects/bu1-p-app1-1961/global/networks/bu1-app1-vpc",
            "private_ip_google_access": true,
            "private_ipv6_google_access": "DISABLE_GOOGLE_ACCESS",
            "project": "bu1-p-app1-1961",
            "region": "europe-west1",
            "secondary_ip_range": [
              {
                "ip_cidr_range": "10.1.0.0/24",
                "range_name": "bu1-app1-cluster1-pods"
              },
              {
                "ip_cidr_range": "10.2.0.0/19",
                "range_name": "bu1-app1-cluster1-svc"
              }
            ],
            "self_link": "https://www.googleapis.com/compute/v1/projects/bu1-p-app1-1961/regions/europe-west1/subnetworks/bu1-app1-euw1",
            "timeouts": null
          },
          "private": "eyJlMmJmYjczMC1lY2FhLTExZTYtOGY4OC0zNDM2M2JjN2M0YzAiOnsiY3JlYXRlIjozNjAwMDAwMDAwMDAsImRlbGV0ZSI6MzYwMDAwMDAwMDAwLCJ1cGRhdGUiOjM2MDAwMDAwMDAwMH19",
          "dependencies": [
            "module.bu1-prod-app1.module.project-factory.google_compute_shared_vpc_service_project.shared_vpc_attachment",
            "module.bu1-prod-app1.module.project-factory.google_project.main",
            "module.bu1-prod-app1.module.project-factory.module.project_services.google_project_service.project_services",
            "module.bu1-prod-app1.module.project-factory.null_resource.preconditions",
            "module.bu1-prod-app1.module.project-factory.random_id.random_project_id_suffix",
            "module.vpc.module.vpc.google_compute_network.network"
          ]
        }
      ]
    },
    {
      "module": "module.anthos_hub_project.module.project-factory",
      "mode": "managed",
      "type": "google_compute_subnetwork_iam_member",
      "name": "apis_service_account_role_to_vpc_subnets",
      "each": "list",
      "provider": "provider.google-beta",
      "instances": []
    },
    {
      "module": "module.bu1-prod-app1.module.project-factory",
      "mode": "managed",
      "type": "google_compute_subnetwork_iam_member",
      "name": "apis_service_account_role_to_vpc_subnets",
      "each": "list",
      "provider": "provider.google-beta",
      "instances": []
    },
    {
      "module": "module.anthos_hub_project.module.project-factory",
      "mode": "managed",
      "type": "google_compute_subnetwork_iam_member",
      "name": "gke_shared_vpc_subnets",
      "each": "list",
      "provider": "provider.google-beta",
      "instances": []
    },
    {
      "module": "module.bu1-prod-app1.module.project-factory",
      "mode": "managed",
      "type": "google_compute_subnetwork_iam_member",
      "name": "gke_shared_vpc_subnets",
      "each": "list",
      "provider": "provider.google-beta",
      "instances": []
    },
    {
      "module": "module.anthos_hub_project.module.project-factory",
      "mode": "managed",
      "type": "google_compute_subnetwork_iam_member",
      "name": "group_role_to_vpc_subnets",
      "each": "list",
      "provider": "provider.google-beta",
      "instances": []
    },
    {
      "module": "module.bu1-prod-app1.module.project-factory",
      "mode": "managed",
      "type": "google_compute_subnetwork_iam_member",
      "name": "group_role_to_vpc_subnets",
      "each": "list",
      "provider": "provider.google-beta",
      "instances": []
    },
    {
      "module": "module.anthos_hub_project.module.project-factory",
      "mode": "managed",
      "type": "google_compute_subnetwork_iam_member",
      "name": "service_account_role_to_vpc_subnets",
      "each": "list",
      "provider": "provider.google-beta",
      "instances": []
    },
    {
      "module": "module.bu1-prod-app1.module.project-factory",
      "mode": "managed",
      "type": "google_compute_subnetwork_iam_member",
      "name": "service_account_role_to_vpc_subnets",
      "each": "list",
      "provider": "provider.google-beta",
      "instances": []
    },
    {
      "module": "module.anthos_cluster.module.gke",
      "mode": "managed",
      "type": "google_container_cluster",
      "name": "primary",
      "provider": "provider.google",
      "instances": [
        {
          "schema_version": 1,
          "attributes": {
            "addons_config": [
              {
                "cloudrun_config": [],
                "horizontal_pod_autoscaling": [
                  {
                    "disabled": false
                  }
                ],
                "http_load_balancing": [
                  {
                    "disabled": false
                  }
                ],
                "network_policy_config": [
                  {
                    "disabled": false
                  }
                ]
              }
            ],
            "authenticator_groups_config": [],
            "cluster_autoscaling": [
              {
                "auto_provisioning_defaults": [],
                "enabled": false,
                "resource_limits": []
              }
            ],
            "cluster_ipv4_cidr": "10.1.0.0/24",
            "database_encryption": [
              {
                "key_name": "",
                "state": "DECRYPTED"
              }
            ],
            "default_max_pods_per_node": 110,
            "description": "",
            "enable_binary_authorization": false,
            "enable_intranode_visibility": null,
            "enable_kubernetes_alpha": false,
            "enable_legacy_abac": false,
            "enable_shielded_nodes": true,
            "enable_tpu": null,
            "endpoint": "104.199.35.193",
            "id": "projects/bu1-p-app1-1961/locations/europe-west1/clusters/bu1-app1-cluster1",
            "initial_node_count": 0,
            "instance_group_urls": [
              "https://www.googleapis.com/compute/v1/projects/bu1-p-app1-1961/zones/europe-west1-b/instanceGroups/gke-bu1-app1-cluster-bu1-app1-cluster-917aa82d-grp",
              "https://www.googleapis.com/compute/v1/projects/bu1-p-app1-1961/zones/europe-west1-c/instanceGroups/gke-bu1-app1-cluster-bu1-app1-cluster-1d776214-grp",
              "https://www.googleapis.com/compute/v1/projects/bu1-p-app1-1961/zones/europe-west1-d/instanceGroups/gke-bu1-app1-cluster-bu1-app1-cluster-d5d32e37-grp"
            ],
            "ip_allocation_policy": [
              {
                "cluster_ipv4_cidr_block": "10.1.0.0/24",
                "cluster_secondary_range_name": "bu1-app1-cluster1-pods",
                "services_ipv4_cidr_block": "10.2.0.0/19",
                "services_secondary_range_name": "bu1-app1-cluster1-svc"
              }
            ],
            "label_fingerprint": "a9dc16a7",
            "location": "europe-west1",
            "logging_service": "logging.googleapis.com/kubernetes",
            "maintenance_policy": [
              {
                "daily_maintenance_window": [
                  {
                    "duration": "PT4H0M0S",
                    "start_time": "05:00"
                  }
                ],
                "maintenance_exclusion": [],
                "recurring_window": []
              }
            ],
            "master_auth": [
              {
                "client_certificate": "",
                "client_certificate_config": [
                  {
                    "issue_client_certificate": false
                  }
                ],
                "client_key": "",
                "cluster_ca_certificate": "LS0tLS1CRUdJTiBDRVJUSUZJQ0FURS0tLS0tCk1JSURLakNDQWhLZ0F3SUJBZ0lRQlZUSHdwL0srOEJZaVFHdWtGSVVBVEFOQmdrcWhraUc5dzBCQVFzRkFEQXYKTVMwd0t3WURWUVFERXlRNU0ySXlZMkV5TVMwek1qZ3lMVFExT0dRdE9EVmxNQzA0WlRFNE9EQTBOek0wTVRZdwpIaGNOTWpFd01USTFNVEF4TlRVNFdoY05Nall3TVRJME1URXhOVFU0V2pBdk1TMHdLd1lEVlFRREV5UTVNMkl5ClkyRXlNUzB6TWpneUxUUTFPR1F0T0RWbE1DMDRaVEU0T0RBME56TTBNVFl3Z2dFaU1BMEdDU3FHU0liM0RRRUIKQVFVQUE0SUJEd0F3Z2dFS0FvSUJBUUNwd01TdjY0akF1T2dZdmVsNWk3Ly9NRlpNeUx6UWQ5YUhHRFpRaURFeQpqWmtHRGl0RzBjK1ZQeEt2TUV2Tno5S2ZuYWhldE1ZWC9DUjJyaDdoV1lxdExNcm90R3BhY3BJdmwzWjcza3ZMCmJBa1dHb002SzVjUEw2N0NMaDJQYnM5WUZLd3ZuL3A5ckk0S1ZWQitKeThmTGUrRjlrM3QySFVGM251MFNjT0MKcUtBNzRkekFFMkc5QXFNQURsQ2JTbGdvTlkrc3pHaHRkNlB2S2FIOVZyTXZSOTBtVEVlMWtJWUFPVW5xZzRndQpjNnhabUYyTXFYeit2SjlMS0JiWmxzdzljY2tVSDNRd2NiSjZPZURHRXZKZ3hlenBuamo5cHkrY0JPOEhMVU53ClRBZFB3TU1TUUNZaktFUzAzYzFXME8rekpVQ0xUc0hZZ3NiZzZybWhwazNsQWdNQkFBR2pRakJBTUE0R0ExVWQKRHdFQi93UUVBd0lDQkRBUEJnTlZIUk1CQWY4RUJUQURBUUgvTUIwR0ExVWREZ1FXQkJSS09EeHpZdVVVam41KwpyU1JVcUxRWjhxUzE4VEFOQmdrcWhraUc5dzBCQVFzRkFBT0NBUUVBSHY0UzFBK1U1SW1ycTZadXc0clBvazd3CkZCOXRrWFpRSU1DODM2bzJMdVpoVU0wQ04zVWNZckt4ekRRMm5tRDBvVUhLWWVtTG5neDNCOElYS2VoblpROHgKWGhFb3IreVFPaVJMQmx5cUhieFAxaTV2ckIyaTY0S0V3U0NxVXBrUHFvdkVpWEJkK1JzdVNsNHZrTVU0QXlKUgpmUnJiTU52WGVBeWxDZ0luU3JLdXlETStncU5weCtQR1hNVThFVVpqVm1yTk53Z2dELzdqWHdOQ3hISGlTUm9BCkNGZW9Ua29TdUh3b2NoMFN1WnVneWpEaFRUNEJxY3pYQWo2Wk8vSEg3ZHJWNmJnUGpkc1lFY1BZQUdXVmVQS1oKVlFGNm9GcEhtUmZZRlN2cEd4S0tZSDBHa2ZsUllMUFQvY1hiRWhzY0xHSHI5R3k1UWJOUEhieW9qMDlsSUE9PQotLS0tLUVORCBDRVJUSUZJQ0FURS0tLS0tCg==",
                "password": "",
                "username": ""
              }
            ],
            "master_authorized_networks_config": [
              {
                "cidr_blocks": [
                  {
                    "cidr_block": "0.0.0.0/0",
                    "display_name": "VPC"
                  }
                ]
              }
            ],
            "master_version": "1.18.14-gke.1200",
            "min_master_version": "1.18.14-gke.1200",
            "monitoring_service": "monitoring.googleapis.com/kubernetes",
            "name": "bu1-app1-cluster1",
            "network": "projects/bu1-p-app1-1961/global/networks/bu1-app1-vpc",
            "network_policy": [
              {
                "enabled": true,
                "provider": "CALICO"
              }
            ],
            "node_config": [
              {
                "disk_size_gb": 100,
                "disk_type": "pd-standard",
                "guest_accelerator": [],
                "image_type": "COS",
                "labels": {
                  "cluster_name": "bu1-app1-cluster1",
                  "node_pool": "bu1-app1-cluster1-np-01"
                },
                "local_ssd_count": 0,
                "machine_type": "e2-standard-4",
                "metadata": {
                  "cluster_name": "bu1-app1-cluster1",
                  "disable-legacy-endpoints": "true",
                  "node_pool": "bu1-app1-cluster1-np-01"
                },
                "min_cpu_platform": "",
                "oauth_scopes": [
                  "https://www.googleapis.com/auth/cloud-platform"
                ],
                "preemptible": false,
                "service_account": "bu1-app1-cluster1-gke-71eb612d@bu1-p-app1-1961.iam.gserviceaccount.com",
                "shielded_instance_config": [
                  {
                    "enable_integrity_monitoring": true,
                    "enable_secure_boot": false
                  }
                ],
                "tags": [
                  "gke-bu1-app1-cluster1",
                  "gke-bu1-app1-cluster1-bu1-app1-cluster1-np-01"
                ],
                "taint": [],
                "workload_metadata_config": [
                  {
                    "node_metadata": "GKE_METADATA_SERVER"
                  }
                ]
              }
            ],
            "node_locations": [
              "europe-west1-b",
              "europe-west1-c",
              "europe-west1-d"
            ],
            "node_pool": [
              {
                "autoscaling": [
                  {
                    "max_node_count": 100,
                    "min_node_count": 1
                  }
                ],
                "initial_node_count": 1,
                "instance_group_urls": [
                  "https://www.googleapis.com/compute/v1/projects/bu1-p-app1-1961/zones/europe-west1-b/instanceGroupManagers/gke-bu1-app1-cluster-bu1-app1-cluster-917aa82d-grp",
                  "https://www.googleapis.com/compute/v1/projects/bu1-p-app1-1961/zones/europe-west1-c/instanceGroupManagers/gke-bu1-app1-cluster-bu1-app1-cluster-1d776214-grp",
                  "https://www.googleapis.com/compute/v1/projects/bu1-p-app1-1961/zones/europe-west1-d/instanceGroupManagers/gke-bu1-app1-cluster-bu1-app1-cluster-d5d32e37-grp"
                ],
                "management": [
                  {
                    "auto_repair": true,
                    "auto_upgrade": true
                  }
                ],
                "max_pods_per_node": 12,
                "name": "bu1-app1-cluster1-np-01",
                "name_prefix": "",
                "node_config": [
                  {
                    "disk_size_gb": 100,
                    "disk_type": "pd-standard",
                    "guest_accelerator": [],
                    "image_type": "COS",
                    "labels": {
                      "cluster_name": "bu1-app1-cluster1",
                      "node_pool": "bu1-app1-cluster1-np-01"
                    },
                    "local_ssd_count": 0,
                    "machine_type": "e2-standard-4",
                    "metadata": {
                      "cluster_name": "bu1-app1-cluster1",
                      "disable-legacy-endpoints": "true",
                      "node_pool": "bu1-app1-cluster1-np-01"
                    },
                    "min_cpu_platform": "",
                    "oauth_scopes": [
                      "https://www.googleapis.com/auth/cloud-platform"
                    ],
                    "preemptible": false,
                    "service_account": "bu1-app1-cluster1-gke-71eb612d@bu1-p-app1-1961.iam.gserviceaccount.com",
                    "shielded_instance_config": [
                      {
                        "enable_integrity_monitoring": true,
                        "enable_secure_boot": false
                      }
                    ],
                    "tags": [
                      "gke-bu1-app1-cluster1",
                      "gke-bu1-app1-cluster1-bu1-app1-cluster1-np-01"
                    ],
                    "taint": [],
                    "workload_metadata_config": [
                      {
                        "node_metadata": "GKE_METADATA_SERVER"
                      }
                    ]
                  }
                ],
                "node_count": 1,
                "node_locations": [
                  "europe-west1-b",
                  "europe-west1-c",
                  "europe-west1-d"
                ],
                "upgrade_settings": [
                  {
                    "max_surge": 1,
                    "max_unavailable": 0
                  }
                ],
                "version": "1.18.14-gke.1200"
              }
            ],
            "node_version": "1.18.14-gke.1200",
            "operation": null,
            "pod_security_policy_config": [],
            "private_cluster_config": [
              {
                "enable_private_endpoint": false,
                "enable_private_nodes": true,
                "master_ipv4_cidr_block": "192.168.0.0/28",
                "peering_name": "gke-na6f16d716b0b6b71024-53f5-ba3c-peer",
                "private_endpoint": "192.168.0.2",
                "public_endpoint": "104.199.35.193"
              }
            ],
            "project": "bu1-p-app1-1961",
            "release_channel": [
              {
                "channel": "UNSPECIFIED"
              }
            ],
            "remove_default_node_pool": true,
            "resource_labels": {},
            "resource_usage_export_config": [],
            "self_link": "https://container.googleapis.com/v1beta1/projects/bu1-p-app1-1961/locations/europe-west1/clusters/bu1-app1-cluster1",
            "services_ipv4_cidr": "10.2.0.0/19",
            "subnetwork": "projects/bu1-p-app1-1961/regions/europe-west1/subnetworks/bu1-app1-euw1",
            "timeouts": {
              "create": "45m",
              "delete": "45m",
              "read": null,
              "update": "45m"
            },
            "vertical_pod_autoscaling": [
              {
                "enabled": false
              }
            ],
            "workload_identity_config": [
              {
                "identity_namespace": "bu1-p-app1-1961.svc.id.goog"
              }
            ]
          },
          "private": "eyJlMmJmYjczMC1lY2FhLTExZTYtOGY4OC0zNDM2M2JjN2M0YzAiOnsiY3JlYXRlIjoyNzAwMDAwMDAwMDAwLCJkZWxldGUiOjI3MDAwMDAwMDAwMDAsInJlYWQiOjI0MDAwMDAwMDAwMDAsInVwZGF0ZSI6MjcwMDAwMDAwMDAwMH0sInNjaGVtYV92ZXJzaW9uIjoiMSJ9",
          "dependencies": [
            "module.anthos_cluster.google_service_account.service_account",
            "module.anthos_cluster.module.gke.google_service_account.cluster_service_account",
            "module.anthos_cluster.module.gke.random_shuffle.available_zones",
            "module.bu1-prod-app1.module.project-factory.google_compute_shared_vpc_service_project.shared_vpc_attachment",
            "module.bu1-prod-app1.module.project-factory.google_project.main",
            "module.bu1-prod-app1.module.project-factory.module.project_services.google_project_service.project_services",
            "module.vpc.module.subnets.google_compute_subnetwork.subnetwork",
            "module.vpc.module.vpc.google_compute_network.network"
          ]
        }
      ]
    },
    {
      "module": "module.anthos_cluster.module.gke",
      "mode": "managed",
      "type": "google_container_node_pool",
      "name": "pools",
      "each": "map",
      "provider": "provider.google",
      "instances": [
        {
          "index_key": "bu1-app1-cluster1-np-01",
          "schema_version": 1,
          "attributes": {
            "autoscaling": [
              {
                "max_node_count": 100,
                "min_node_count": 1
              }
            ],
            "cluster": "bu1-app1-cluster1",
            "id": "projects/bu1-p-app1-1961/locations/europe-west1/clusters/bu1-app1-cluster1/nodePools/bu1-app1-cluster1-np-01",
            "initial_node_count": 1,
            "instance_group_urls": [
              "https://www.googleapis.com/compute/v1/projects/bu1-p-app1-1961/zones/europe-west1-b/instanceGroupManagers/gke-bu1-app1-cluster-bu1-app1-cluster-917aa82d-grp",
              "https://www.googleapis.com/compute/v1/projects/bu1-p-app1-1961/zones/europe-west1-c/instanceGroupManagers/gke-bu1-app1-cluster-bu1-app1-cluster-1d776214-grp",
              "https://www.googleapis.com/compute/v1/projects/bu1-p-app1-1961/zones/europe-west1-d/instanceGroupManagers/gke-bu1-app1-cluster-bu1-app1-cluster-d5d32e37-grp"
            ],
            "location": "europe-west1",
            "management": [
              {
                "auto_repair": true,
                "auto_upgrade": true
              }
            ],
            "max_pods_per_node": 12,
            "name": "bu1-app1-cluster1-np-01",
            "name_prefix": "",
            "node_config": [
              {
                "disk_size_gb": 100,
                "disk_type": "pd-standard",
                "guest_accelerator": [],
                "image_type": "COS",
                "labels": {
                  "cluster_name": "bu1-app1-cluster1",
                  "node_pool": "bu1-app1-cluster1-np-01"
                },
                "local_ssd_count": 0,
                "machine_type": "e2-standard-4",
                "metadata": {
                  "cluster_name": "bu1-app1-cluster1",
                  "disable-legacy-endpoints": "true",
                  "node_pool": "bu1-app1-cluster1-np-01"
                },
                "min_cpu_platform": "",
                "oauth_scopes": [
                  "https://www.googleapis.com/auth/cloud-platform"
                ],
                "preemptible": false,
                "service_account": "bu1-app1-cluster1-gke-71eb612d@bu1-p-app1-1961.iam.gserviceaccount.com",
                "shielded_instance_config": [
                  {
                    "enable_integrity_monitoring": true,
                    "enable_secure_boot": false
                  }
                ],
                "tags": [
                  "gke-bu1-app1-cluster1",
                  "gke-bu1-app1-cluster1-bu1-app1-cluster1-np-01"
                ],
                "taint": [],
                "workload_metadata_config": [
                  {
                    "node_metadata": "GKE_METADATA_SERVER"
                  }
                ]
              }
            ],
            "node_count": 1,
            "node_locations": [
              "europe-west1-b",
              "europe-west1-c",
              "europe-west1-d"
            ],
            "project": "bu1-p-app1-1961",
            "timeouts": {
              "create": "45m",
              "delete": "45m",
              "update": "45m"
            },
            "upgrade_settings": [
              {
                "max_surge": 1,
                "max_unavailable": 0
              }
            ],
            "version": "1.18.14-gke.1200"
          },
          "private": "eyJlMmJmYjczMC1lY2FhLTExZTYtOGY4OC0zNDM2M2JjN2M0YzAiOnsiY3JlYXRlIjoyNzAwMDAwMDAwMDAwLCJkZWxldGUiOjI3MDAwMDAwMDAwMDAsInVwZGF0ZSI6MjcwMDAwMDAwMDAwMH0sInNjaGVtYV92ZXJzaW9uIjoiMSJ9",
          "dependencies": [
            "module.anthos_cluster.google_service_account.service_account",
            "module.anthos_cluster.module.gke.google_container_cluster.primary",
            "module.anthos_cluster.module.gke.google_service_account.cluster_service_account",
            "module.anthos_cluster.module.gke.random_shuffle.available_zones",
            "module.anthos_cluster.random_id.postfix",
            "module.bu1-prod-app1.module.project-factory.google_compute_shared_vpc_service_project.shared_vpc_attachment",
            "module.bu1-prod-app1.module.project-factory.google_project.main",
            "module.bu1-prod-app1.module.project-factory.module.project_services.google_project_service.project_services",
            "module.bu1-prod-app1.module.project-factory.null_resource.preconditions",
            "module.bu1-prod-app1.module.project-factory.random_id.random_project_id_suffix",
            "module.vpc.module.subnets.google_compute_subnetwork.subnetwork",
            "module.vpc.module.vpc.google_compute_network.network"
          ]
        }
      ]
    },
    {
      "module": "module.anthos_hub_project.module.project-factory",
      "mode": "managed",
      "type": "google_project",
      "name": "main",
      "provider": "provider.google",
      "instances": [
        {
          "schema_version": 1,
          "attributes": {
            "auto_create_network": false,
            "billing_account": "015446-C8112E-1D6075",
            "folder_id": "998388568617",
            "id": "projects/anthos-hub-d770",
            "labels": {
              "application_name": "org-anthos-hub",
              "billing_code": "1234",
              "business_code": "abcd",
              "env_code": "p",
              "environment": "production",
              "primary_contact": "example1",
              "secondary_contact": "example2"
            },
            "name": "anthos-hub",
            "number": "665369007094",
            "org_id": "",
            "project_id": "anthos-hub-d770",
            "skip_delete": null,
            "timeouts": null
          },
          "private": "eyJlMmJmYjczMC1lY2FhLTExZTYtOGY4OC0zNDM2M2JjN2M0YzAiOnsiY3JlYXRlIjo2MDAwMDAwMDAwMDAsImRlbGV0ZSI6NjAwMDAwMDAwMDAwLCJyZWFkIjo2MDAwMDAwMDAwMDAsInVwZGF0ZSI6NjAwMDAwMDAwMDAwfSwic2NoZW1hX3ZlcnNpb24iOiIxIn0=",
          "dependencies": [
            "module.anthos_hub_project.module.project-factory.null_resource.preconditions",
            "module.anthos_hub_project.module.project-factory.random_id.random_project_id_suffix"
          ]
        }
      ]
    },
    {
      "module": "module.bu1-prod-app1.module.project-factory",
      "mode": "managed",
      "type": "google_project",
      "name": "main",
      "provider": "provider.google",
      "instances": [
        {
          "schema_version": 1,
          "attributes": {
            "auto_create_network": false,
            "billing_account": "015446-C8112E-1D6075",
            "folder_id": "52355272450",
            "id": "projects/bu1-p-app1-1961",
            "labels": {
              "application_name": "org-anthos-hub",
              "billing_code": "1234",
              "business_code": "abcd",
              "env_code": "p",
              "environment": "production",
              "primary_contact": "example1",
              "secondary_contact": "example2"
            },
            "name": "bu1-p-app1",
            "number": "617231518074",
            "org_id": "",
            "project_id": "bu1-p-app1-1961",
            "skip_delete": null,
            "timeouts": null
          },
          "private": "eyJlMmJmYjczMC1lY2FhLTExZTYtOGY4OC0zNDM2M2JjN2M0YzAiOnsiY3JlYXRlIjo2MDAwMDAwMDAwMDAsImRlbGV0ZSI6NjAwMDAwMDAwMDAwLCJyZWFkIjo2MDAwMDAwMDAwMDAsInVwZGF0ZSI6NjAwMDAwMDAwMDAwfSwic2NoZW1hX3ZlcnNpb24iOiIxIn0=",
          "dependencies": [
            "module.bu1-prod-app1.module.project-factory.null_resource.preconditions",
            "module.bu1-prod-app1.module.project-factory.random_id.random_project_id_suffix"
          ]
        }
      ]
    },
    {
      "module": "module.anthos_cluster",
      "mode": "managed",
      "type": "google_project_iam_member",
      "name": "cluster_admin",
      "provider": "provider.google",
      "instances": [
        {
          "schema_version": 0,
          "attributes": {
            "condition": [],
            "etag": "BwW5t8NokkE=",
            "id": "bu1-p-app1-1961/roles/container.clusterAdmin/serviceaccount:bu1-app1-cluster1-gke-71eb612d@bu1-p-app1-1961.iam.gserviceaccount.com",
            "member": "serviceAccount:bu1-app1-cluster1-gke-71eb612d@bu1-p-app1-1961.iam.gserviceaccount.com",
            "project": "bu1-p-app1-1961",
            "role": "roles/container.clusterAdmin"
          },
          "private": "bnVsbA==",
          "dependencies": [
            "module.anthos_cluster.google_service_account.service_account",
            "module.anthos_cluster.random_id.postfix",
            "module.bu1-prod-app1.module.project-factory.google_compute_shared_vpc_service_project.shared_vpc_attachment",
            "module.bu1-prod-app1.module.project-factory.google_project.main",
            "module.bu1-prod-app1.module.project-factory.module.project_services.google_project_service.project_services",
            "module.bu1-prod-app1.module.project-factory.null_resource.preconditions",
            "module.bu1-prod-app1.module.project-factory.random_id.random_project_id_suffix"
          ]
        }
      ]
    },
    {
      "module": "module.anthos_cluster.module.gke",
      "mode": "managed",
      "type": "google_project_iam_member",
      "name": "cluster_service_account-artifact-registry",
      "each": "list",
      "provider": "provider.google",
      "instances": []
    },
    {
      "module": "module.anthos_cluster.module.gke",
      "mode": "managed",
      "type": "google_project_iam_member",
      "name": "cluster_service_account-gcr",
      "each": "list",
      "provider": "provider.google",
      "instances": []
    },
    {
      "module": "module.anthos_cluster.module.gke",
      "mode": "managed",
      "type": "google_project_iam_member",
      "name": "cluster_service_account-log_writer",
      "each": "list",
      "provider": "provider.google",
      "instances": []
    },
    {
      "module": "module.anthos_cluster.module.gke",
      "mode": "managed",
      "type": "google_project_iam_member",
      "name": "cluster_service_account-metric_writer",
      "each": "list",
      "provider": "provider.google",
      "instances": []
    },
    {
      "module": "module.anthos_cluster.module.gke",
      "mode": "managed",
      "type": "google_project_iam_member",
      "name": "cluster_service_account-monitoring_viewer",
      "each": "list",
      "provider": "provider.google",
      "instances": []
    },
    {
      "module": "module.anthos_cluster.module.gke",
      "mode": "managed",
      "type": "google_project_iam_member",
      "name": "cluster_service_account-resourceMetadata-writer",
      "each": "list",
      "provider": "provider.google",
      "instances": []
    },
    {
      "module": "module.anthos_cluster",
      "mode": "managed",
      "type": "google_project_iam_member",
      "name": "compute_security_admin",
      "provider": "provider.google",
      "instances": [
        {
          "schema_version": 0,
          "attributes": {
            "condition": [],
            "etag": "BwW5t8NokkE=",
            "id": "bu1-p-app1-1961/roles/compute.securityAdmin/serviceaccount:bu1-app1-cluster1-gke-71eb612d@bu1-p-app1-1961.iam.gserviceaccount.com",
            "member": "serviceAccount:bu1-app1-cluster1-gke-71eb612d@bu1-p-app1-1961.iam.gserviceaccount.com",
            "project": "bu1-p-app1-1961",
            "role": "roles/compute.securityAdmin"
          },
          "private": "bnVsbA==",
          "dependencies": [
            "module.anthos_cluster.google_service_account.service_account",
            "module.anthos_cluster.random_id.postfix",
            "module.bu1-prod-app1.module.project-factory.google_compute_shared_vpc_service_project.shared_vpc_attachment",
            "module.bu1-prod-app1.module.project-factory.google_project.main",
            "module.bu1-prod-app1.module.project-factory.module.project_services.google_project_service.project_services",
            "module.bu1-prod-app1.module.project-factory.null_resource.preconditions",
            "module.bu1-prod-app1.module.project-factory.random_id.random_project_id_suffix"
          ]
        }
      ]
    },
    {
      "module": "module.anthos_hub_project.module.project-factory",
      "mode": "managed",
      "type": "google_project_iam_member",
      "name": "controlling_group_vpc_membership",
      "each": "list",
      "provider": "provider.google",
      "instances": []
    },
    {
      "module": "module.bu1-prod-app1.module.project-factory",
      "mode": "managed",
      "type": "google_project_iam_member",
      "name": "controlling_group_vpc_membership",
      "each": "list",
      "provider": "provider.google",
      "instances": []
    },
    {
      "module": "module.anthos_hub_project.module.project-factory",
      "mode": "managed",
      "type": "google_project_iam_member",
      "name": "default_service_account_membership",
      "each": "list",
      "provider": "provider.google",
      "instances": []
    },
    {
      "module": "module.bu1-prod-app1.module.project-factory",
      "mode": "managed",
      "type": "google_project_iam_member",
      "name": "default_service_account_membership",
      "each": "list",
      "provider": "provider.google",
      "instances": []
    },
    {
      "module": "module.anthos_hub_project.module.project-factory",
      "mode": "managed",
      "type": "google_project_iam_member",
      "name": "gke_host_agent",
      "each": "list",
      "provider": "provider.google",
      "instances": []
    },
    {
      "module": "module.bu1-prod-app1.module.project-factory",
      "mode": "managed",
      "type": "google_project_iam_member",
      "name": "gke_host_agent",
      "each": "list",
      "provider": "provider.google",
      "instances": []
    },
    {
      "module": "module.anthos_hub_project.module.project-factory",
      "mode": "managed",
      "type": "google_project_iam_member",
      "name": "gsuite_group_role",
      "each": "list",
      "provider": "provider.google",
      "instances": []
    },
    {
      "module": "module.bu1-prod-app1.module.project-factory",
      "mode": "managed",
      "type": "google_project_iam_member",
      "name": "gsuite_group_role",
      "each": "list",
      "provider": "provider.google",
      "instances": []
    },
    {
      "module": "module.anthos_cluster",
      "mode": "managed",
      "type": "google_project_iam_member",
      "name": "hub_sa_serviceAgent",
      "provider": "provider.google",
      "instances": [
        {
          "schema_version": 0,
          "attributes": {
            "condition": [],
            "etag": "BwW5t8NokkE=",
            "id": "bu1-p-app1-1961/roles/gkehub.serviceAgent/serviceaccount:service-665369007094@gcp-sa-gkehub.iam.gserviceaccount.com",
            "member": "serviceAccount:service-665369007094@gcp-sa-gkehub.iam.gserviceaccount.com",
            "project": "bu1-p-app1-1961",
            "role": "roles/gkehub.serviceAgent"
          },
          "private": "bnVsbA==",
          "dependencies": [
            "module.anthos_hub.google_project_service_identity.hub_sa",
            "module.anthos_hub_project.module.project-factory.google_compute_shared_vpc_service_project.shared_vpc_attachment",
            "module.anthos_hub_project.module.project-factory.google_project.main",
            "module.anthos_hub_project.module.project-factory.module.project_services.google_project_service.project_services",
            "module.anthos_hub_project.module.project-factory.null_resource.preconditions",
            "module.anthos_hub_project.module.project-factory.random_id.random_project_id_suffix",
            "module.bu1-prod-app1.module.project-factory.google_compute_shared_vpc_service_project.shared_vpc_attachment",
            "module.bu1-prod-app1.module.project-factory.google_project.main",
            "module.bu1-prod-app1.module.project-factory.module.project_services.google_project_service.project_services",
            "module.bu1-prod-app1.module.project-factory.null_resource.preconditions",
            "module.bu1-prod-app1.module.project-factory.random_id.random_project_id_suffix"
          ]
        }
      ]
    },
    {
      "module": "module.anthos_hub",
      "mode": "managed",
      "type": "google_project_iam_member",
      "name": "hub_sa_serviceAgent",
      "provider": "provider.google",
      "instances": [
        {
          "schema_version": 0,
          "attributes": {
            "condition": [],
            "etag": "BwW5t6XB3Y0=",
            "id": "anthos-hub-d770/roles/gkehub.serviceAgent/serviceaccount:service-665369007094@gcp-sa-gkehub.iam.gserviceaccount.com",
            "member": "serviceAccount:service-665369007094@gcp-sa-gkehub.iam.gserviceaccount.com",
            "project": "anthos-hub-d770",
            "role": "roles/gkehub.serviceAgent"
          },
          "private": "bnVsbA==",
          "dependencies": [
            "module.anthos_hub.google_project_service_identity.hub_sa",
            "module.anthos_hub_project.module.project-factory.google_compute_shared_vpc_service_project.shared_vpc_attachment",
            "module.anthos_hub_project.module.project-factory.google_project.main",
            "module.anthos_hub_project.module.project-factory.module.project_services.google_project_service.project_services",
            "module.anthos_hub_project.module.project-factory.null_resource.preconditions",
            "module.anthos_hub_project.module.project-factory.random_id.random_project_id_suffix"
          ]
        }
      ]
    },
    {
      "module": "module.anthos_cluster",
      "mode": "managed",
      "type": "google_project_iam_member",
      "name": "service_account_admin",
      "provider": "provider.google",
      "instances": [
        {
          "schema_version": 0,
          "attributes": {
            "condition": [],
            "etag": "BwW5t8NokkE=",
            "id": "bu1-p-app1-1961/roles/iam.serviceAccountAdmin/serviceaccount:bu1-app1-cluster1-gke-71eb612d@bu1-p-app1-1961.iam.gserviceaccount.com",
            "member": "serviceAccount:bu1-app1-cluster1-gke-71eb612d@bu1-p-app1-1961.iam.gserviceaccount.com",
            "project": "bu1-p-app1-1961",
            "role": "roles/iam.serviceAccountAdmin"
          },
          "private": "bnVsbA==",
          "dependencies": [
            "module.anthos_cluster.google_service_account.service_account",
            "module.anthos_cluster.random_id.postfix",
            "module.bu1-prod-app1.module.project-factory.google_compute_shared_vpc_service_project.shared_vpc_attachment",
            "module.bu1-prod-app1.module.project-factory.google_project.main",
            "module.bu1-prod-app1.module.project-factory.module.project_services.google_project_service.project_services",
            "module.bu1-prod-app1.module.project-factory.null_resource.preconditions",
            "module.bu1-prod-app1.module.project-factory.random_id.random_project_id_suffix"
          ]
        }
      ]
    },
    {
      "module": "module.anthos_cluster",
      "mode": "managed",
      "type": "google_project_iam_member",
      "name": "service_account_log_writer",
      "provider": "provider.google",
      "instances": [
        {
          "schema_version": 0,
          "attributes": {
            "condition": [],
            "etag": "BwW5t8NokkE=",
            "id": "bu1-p-app1-1961/roles/logging.logWriter/serviceaccount:bu1-app1-cluster1-gke-71eb612d@bu1-p-app1-1961.iam.gserviceaccount.com",
            "member": "serviceAccount:bu1-app1-cluster1-gke-71eb612d@bu1-p-app1-1961.iam.gserviceaccount.com",
            "project": "bu1-p-app1-1961",
            "role": "roles/logging.logWriter"
          },
          "private": "bnVsbA==",
          "dependencies": [
            "module.anthos_cluster.google_service_account.service_account",
            "module.anthos_cluster.random_id.postfix",
            "module.bu1-prod-app1.module.project-factory.google_compute_shared_vpc_service_project.shared_vpc_attachment",
            "module.bu1-prod-app1.module.project-factory.google_project.main",
            "module.bu1-prod-app1.module.project-factory.module.project_services.google_project_service.project_services",
            "module.bu1-prod-app1.module.project-factory.null_resource.preconditions",
            "module.bu1-prod-app1.module.project-factory.random_id.random_project_id_suffix"
          ]
        }
      ]
    },
    {
      "module": "module.anthos_cluster",
      "mode": "managed",
      "type": "google_project_iam_member",
      "name": "service_account_metric_writer",
      "provider": "provider.google",
      "instances": [
        {
          "schema_version": 0,
          "attributes": {
            "condition": [],
            "etag": "BwW5t8NokkE=",
            "id": "bu1-p-app1-1961/roles/monitoring.metricWriter/serviceaccount:bu1-app1-cluster1-gke-71eb612d@bu1-p-app1-1961.iam.gserviceaccount.com",
            "member": "serviceAccount:bu1-app1-cluster1-gke-71eb612d@bu1-p-app1-1961.iam.gserviceaccount.com",
            "project": "bu1-p-app1-1961",
            "role": "roles/monitoring.metricWriter"
          },
          "private": "bnVsbA==",
          "dependencies": [
            "module.anthos_cluster.google_service_account.service_account",
            "module.anthos_cluster.random_id.postfix",
            "module.bu1-prod-app1.module.project-factory.google_compute_shared_vpc_service_project.shared_vpc_attachment",
            "module.bu1-prod-app1.module.project-factory.google_project.main",
            "module.bu1-prod-app1.module.project-factory.module.project_services.google_project_service.project_services",
            "module.bu1-prod-app1.module.project-factory.null_resource.preconditions",
            "module.bu1-prod-app1.module.project-factory.random_id.random_project_id_suffix"
          ]
        }
      ]
    },
    {
      "module": "module.anthos_cluster",
      "mode": "managed",
      "type": "google_project_iam_member",
      "name": "service_account_monitoring_viewer",
      "provider": "provider.google",
      "instances": [
        {
          "schema_version": 0,
          "attributes": {
            "condition": [],
            "etag": "BwW5t8NokkE=",
            "id": "bu1-p-app1-1961/roles/monitoring.viewer/serviceaccount:bu1-app1-cluster1-gke-71eb612d@bu1-p-app1-1961.iam.gserviceaccount.com",
            "member": "serviceAccount:bu1-app1-cluster1-gke-71eb612d@bu1-p-app1-1961.iam.gserviceaccount.com",
            "project": "bu1-p-app1-1961",
            "role": "roles/monitoring.viewer"
          },
          "private": "bnVsbA==",
          "dependencies": [
            "module.anthos_cluster.google_service_account.service_account",
            "module.anthos_cluster.random_id.postfix",
            "module.bu1-prod-app1.module.project-factory.google_compute_shared_vpc_service_project.shared_vpc_attachment",
            "module.bu1-prod-app1.module.project-factory.google_project.main",
            "module.bu1-prod-app1.module.project-factory.module.project_services.google_project_service.project_services",
            "module.bu1-prod-app1.module.project-factory.null_resource.preconditions",
            "module.bu1-prod-app1.module.project-factory.random_id.random_project_id_suffix"
          ]
        }
      ]
    },
    {
      "module": "module.anthos_cluster",
      "mode": "managed",
      "type": "google_project_iam_member",
      "name": "service_account_user",
      "provider": "provider.google",
      "instances": [
        {
          "schema_version": 0,
          "attributes": {
            "condition": [],
            "etag": "BwW5t8NokkE=",
            "id": "bu1-p-app1-1961/roles/iam.serviceAccountUser/serviceaccount:bu1-app1-cluster1-gke-71eb612d@bu1-p-app1-1961.iam.gserviceaccount.com",
            "member": "serviceAccount:bu1-app1-cluster1-gke-71eb612d@bu1-p-app1-1961.iam.gserviceaccount.com",
            "project": "bu1-p-app1-1961",
            "role": "roles/iam.serviceAccountUser"
          },
          "private": "bnVsbA==",
          "dependencies": [
            "module.anthos_cluster.google_service_account.service_account",
            "module.anthos_cluster.random_id.postfix",
            "module.bu1-prod-app1.module.project-factory.google_compute_shared_vpc_service_project.shared_vpc_attachment",
            "module.bu1-prod-app1.module.project-factory.google_project.main",
            "module.bu1-prod-app1.module.project-factory.module.project_services.google_project_service.project_services",
            "module.bu1-prod-app1.module.project-factory.null_resource.preconditions",
            "module.bu1-prod-app1.module.project-factory.random_id.random_project_id_suffix"
          ]
        }
      ]
    },
    {
      "module": "module.anthos_hub_project.module.project-factory",
      "mode": "managed",
      "type": "google_project_service",
      "name": "enable_access_context_manager",
      "each": "list",
      "provider": "provider.google",
      "instances": []
    },
    {
      "module": "module.bu1-prod-app1.module.project-factory",
      "mode": "managed",
      "type": "google_project_service",
      "name": "enable_access_context_manager",
      "each": "list",
      "provider": "provider.google",
      "instances": []
    },
    {
      "module": "module.bu1-prod-app1.module.project-factory.module.project_services",
      "mode": "managed",
      "type": "google_project_service",
      "name": "project_services",
      "each": "map",
      "provider": "provider.google",
      "instances": [
        {
          "index_key": "billingbudgets.googleapis.com",
          "schema_version": 0,
          "attributes": {
            "disable_dependent_services": true,
            "disable_on_destroy": true,
            "id": "bu1-p-app1-1961/billingbudgets.googleapis.com",
            "project": "bu1-p-app1-1961",
            "service": "billingbudgets.googleapis.com",
            "timeouts": null
          },
          "private": "eyJlMmJmYjczMC1lY2FhLTExZTYtOGY4OC0zNDM2M2JjN2M0YzAiOnsiY3JlYXRlIjoxMjAwMDAwMDAwMDAwLCJkZWxldGUiOjEyMDAwMDAwMDAwMDAsInJlYWQiOjYwMDAwMDAwMDAwMCwidXBkYXRlIjoxMjAwMDAwMDAwMDAwfX0=",
          "dependencies": [
            "module.bu1-prod-app1.module.project-factory.google_project.main",
            "module.bu1-prod-app1.module.project-factory.null_resource.preconditions",
            "module.bu1-prod-app1.module.project-factory.random_id.random_project_id_suffix"
          ]
        },
        {
          "index_key": "cloudresourcemanager.googleapis.com",
          "schema_version": 0,
          "attributes": {
            "disable_dependent_services": true,
            "disable_on_destroy": true,
            "id": "bu1-p-app1-1961/cloudresourcemanager.googleapis.com",
            "project": "bu1-p-app1-1961",
            "service": "cloudresourcemanager.googleapis.com",
            "timeouts": null
          },
          "private": "eyJlMmJmYjczMC1lY2FhLTExZTYtOGY4OC0zNDM2M2JjN2M0YzAiOnsiY3JlYXRlIjoxMjAwMDAwMDAwMDAwLCJkZWxldGUiOjEyMDAwMDAwMDAwMDAsInJlYWQiOjYwMDAwMDAwMDAwMCwidXBkYXRlIjoxMjAwMDAwMDAwMDAwfX0=",
          "dependencies": [
            "module.bu1-prod-app1.module.project-factory.google_project.main",
            "module.bu1-prod-app1.module.project-factory.null_resource.preconditions",
            "module.bu1-prod-app1.module.project-factory.random_id.random_project_id_suffix"
          ]
        },
        {
          "index_key": "compute.googleapis.com",
          "schema_version": 0,
          "attributes": {
            "disable_dependent_services": true,
            "disable_on_destroy": true,
            "id": "bu1-p-app1-1961/compute.googleapis.com",
            "project": "bu1-p-app1-1961",
            "service": "compute.googleapis.com",
            "timeouts": null
          },
          "private": "eyJlMmJmYjczMC1lY2FhLTExZTYtOGY4OC0zNDM2M2JjN2M0YzAiOnsiY3JlYXRlIjoxMjAwMDAwMDAwMDAwLCJkZWxldGUiOjEyMDAwMDAwMDAwMDAsInJlYWQiOjYwMDAwMDAwMDAwMCwidXBkYXRlIjoxMjAwMDAwMDAwMDAwfX0=",
          "dependencies": [
            "module.bu1-prod-app1.module.project-factory.google_project.main",
            "module.bu1-prod-app1.module.project-factory.null_resource.preconditions",
            "module.bu1-prod-app1.module.project-factory.random_id.random_project_id_suffix"
          ]
        },
        {
          "index_key": "container.googleapis.com",
          "schema_version": 0,
          "attributes": {
            "disable_dependent_services": true,
            "disable_on_destroy": true,
            "id": "bu1-p-app1-1961/container.googleapis.com",
            "project": "bu1-p-app1-1961",
            "service": "container.googleapis.com",
            "timeouts": null
          },
          "private": "eyJlMmJmYjczMC1lY2FhLTExZTYtOGY4OC0zNDM2M2JjN2M0YzAiOnsiY3JlYXRlIjoxMjAwMDAwMDAwMDAwLCJkZWxldGUiOjEyMDAwMDAwMDAwMDAsInJlYWQiOjYwMDAwMDAwMDAwMCwidXBkYXRlIjoxMjAwMDAwMDAwMDAwfX0=",
          "dependencies": [
            "module.bu1-prod-app1.module.project-factory.google_project.main",
            "module.bu1-prod-app1.module.project-factory.null_resource.preconditions",
            "module.bu1-prod-app1.module.project-factory.random_id.random_project_id_suffix"
          ]
        },
        {
          "index_key": "gkehub.googleapis.com",
          "schema_version": 0,
          "attributes": {
            "disable_dependent_services": true,
            "disable_on_destroy": true,
            "id": "bu1-p-app1-1961/gkehub.googleapis.com",
            "project": "bu1-p-app1-1961",
            "service": "gkehub.googleapis.com",
            "timeouts": null
          },
          "private": "eyJlMmJmYjczMC1lY2FhLTExZTYtOGY4OC0zNDM2M2JjN2M0YzAiOnsiY3JlYXRlIjoxMjAwMDAwMDAwMDAwLCJkZWxldGUiOjEyMDAwMDAwMDAwMDAsInJlYWQiOjYwMDAwMDAwMDAwMCwidXBkYXRlIjoxMjAwMDAwMDAwMDAwfX0=",
          "dependencies": [
            "module.bu1-prod-app1.module.project-factory.google_project.main",
            "module.bu1-prod-app1.module.project-factory.null_resource.preconditions",
            "module.bu1-prod-app1.module.project-factory.random_id.random_project_id_suffix"
          ]
        },
        {
          "index_key": "iamcredentials.googleapis.com",
          "schema_version": 0,
          "attributes": {
            "disable_dependent_services": true,
            "disable_on_destroy": true,
            "id": "bu1-p-app1-1961/iamcredentials.googleapis.com",
            "project": "bu1-p-app1-1961",
            "service": "iamcredentials.googleapis.com",
            "timeouts": null
          },
          "private": "eyJlMmJmYjczMC1lY2FhLTExZTYtOGY4OC0zNDM2M2JjN2M0YzAiOnsiY3JlYXRlIjoxMjAwMDAwMDAwMDAwLCJkZWxldGUiOjEyMDAwMDAwMDAwMDAsInJlYWQiOjYwMDAwMDAwMDAwMCwidXBkYXRlIjoxMjAwMDAwMDAwMDAwfX0=",
          "dependencies": [
            "module.bu1-prod-app1.module.project-factory.google_project.main",
            "module.bu1-prod-app1.module.project-factory.null_resource.preconditions",
            "module.bu1-prod-app1.module.project-factory.random_id.random_project_id_suffix"
          ]
        },
        {
          "index_key": "logging.googleapis.com",
          "schema_version": 0,
          "attributes": {
            "disable_dependent_services": true,
            "disable_on_destroy": true,
            "id": "bu1-p-app1-1961/logging.googleapis.com",
            "project": "bu1-p-app1-1961",
            "service": "logging.googleapis.com",
            "timeouts": null
          },
          "private": "eyJlMmJmYjczMC1lY2FhLTExZTYtOGY4OC0zNDM2M2JjN2M0YzAiOnsiY3JlYXRlIjoxMjAwMDAwMDAwMDAwLCJkZWxldGUiOjEyMDAwMDAwMDAwMDAsInJlYWQiOjYwMDAwMDAwMDAwMCwidXBkYXRlIjoxMjAwMDAwMDAwMDAwfX0=",
          "dependencies": [
            "module.bu1-prod-app1.module.project-factory.google_project.main",
            "module.bu1-prod-app1.module.project-factory.null_resource.preconditions",
            "module.bu1-prod-app1.module.project-factory.random_id.random_project_id_suffix"
          ]
        },
        {
          "index_key": "meshca.googleapis.com",
          "schema_version": 0,
          "attributes": {
            "disable_dependent_services": true,
            "disable_on_destroy": true,
            "id": "bu1-p-app1-1961/meshca.googleapis.com",
            "project": "bu1-p-app1-1961",
            "service": "meshca.googleapis.com",
            "timeouts": null
          },
          "private": "eyJlMmJmYjczMC1lY2FhLTExZTYtOGY4OC0zNDM2M2JjN2M0YzAiOnsiY3JlYXRlIjoxMjAwMDAwMDAwMDAwLCJkZWxldGUiOjEyMDAwMDAwMDAwMDAsInJlYWQiOjYwMDAwMDAwMDAwMCwidXBkYXRlIjoxMjAwMDAwMDAwMDAwfX0=",
          "dependencies": [
            "module.bu1-prod-app1.module.project-factory.google_project.main",
            "module.bu1-prod-app1.module.project-factory.null_resource.preconditions",
            "module.bu1-prod-app1.module.project-factory.random_id.random_project_id_suffix"
          ]
        },
        {
          "index_key": "meshconfig.googleapis.com",
          "schema_version": 0,
          "attributes": {
            "disable_dependent_services": true,
            "disable_on_destroy": true,
            "id": "bu1-p-app1-1961/meshconfig.googleapis.com",
            "project": "bu1-p-app1-1961",
            "service": "meshconfig.googleapis.com",
            "timeouts": null
          },
          "private": "eyJlMmJmYjczMC1lY2FhLTExZTYtOGY4OC0zNDM2M2JjN2M0YzAiOnsiY3JlYXRlIjoxMjAwMDAwMDAwMDAwLCJkZWxldGUiOjEyMDAwMDAwMDAwMDAsInJlYWQiOjYwMDAwMDAwMDAwMCwidXBkYXRlIjoxMjAwMDAwMDAwMDAwfX0=",
          "dependencies": [
            "module.bu1-prod-app1.module.project-factory.google_project.main",
            "module.bu1-prod-app1.module.project-factory.null_resource.preconditions",
            "module.bu1-prod-app1.module.project-factory.random_id.random_project_id_suffix"
          ]
        },
        {
          "index_key": "servicenetworking.googleapis.com",
          "schema_version": 0,
          "attributes": {
            "disable_dependent_services": true,
            "disable_on_destroy": true,
            "id": "bu1-p-app1-1961/servicenetworking.googleapis.com",
            "project": "bu1-p-app1-1961",
            "service": "servicenetworking.googleapis.com",
            "timeouts": null
          },
          "private": "eyJlMmJmYjczMC1lY2FhLTExZTYtOGY4OC0zNDM2M2JjN2M0YzAiOnsiY3JlYXRlIjoxMjAwMDAwMDAwMDAwLCJkZWxldGUiOjEyMDAwMDAwMDAwMDAsInJlYWQiOjYwMDAwMDAwMDAwMCwidXBkYXRlIjoxMjAwMDAwMDAwMDAwfX0=",
          "dependencies": [
            "module.bu1-prod-app1.module.project-factory.google_project.main",
            "module.bu1-prod-app1.module.project-factory.null_resource.preconditions",
            "module.bu1-prod-app1.module.project-factory.random_id.random_project_id_suffix"
          ]
        }
      ]
    },
    {
      "module": "module.anthos_hub_project.module.project-factory.module.project_services",
      "mode": "managed",
      "type": "google_project_service",
      "name": "project_services",
      "each": "map",
      "provider": "provider.google",
      "instances": [
        {
          "index_key": "anthos.googleapis.com",
          "schema_version": 0,
          "attributes": {
            "disable_dependent_services": true,
            "disable_on_destroy": true,
            "id": "anthos-hub-d770/anthos.googleapis.com",
            "project": "anthos-hub-d770",
            "service": "anthos.googleapis.com",
            "timeouts": null
          },
          "private": "eyJlMmJmYjczMC1lY2FhLTExZTYtOGY4OC0zNDM2M2JjN2M0YzAiOnsiY3JlYXRlIjoxMjAwMDAwMDAwMDAwLCJkZWxldGUiOjEyMDAwMDAwMDAwMDAsInJlYWQiOjYwMDAwMDAwMDAwMCwidXBkYXRlIjoxMjAwMDAwMDAwMDAwfX0=",
          "dependencies": [
            "module.anthos_hub_project.module.project-factory.google_project.main",
            "module.anthos_hub_project.module.project-factory.null_resource.preconditions",
            "module.anthos_hub_project.module.project-factory.random_id.random_project_id_suffix"
          ]
        },
        {
          "index_key": "billingbudgets.googleapis.com",
          "schema_version": 0,
          "attributes": {
            "disable_dependent_services": true,
            "disable_on_destroy": true,
            "id": "anthos-hub-d770/billingbudgets.googleapis.com",
            "project": "anthos-hub-d770",
            "service": "billingbudgets.googleapis.com",
            "timeouts": null
          },
          "private": "eyJlMmJmYjczMC1lY2FhLTExZTYtOGY4OC0zNDM2M2JjN2M0YzAiOnsiY3JlYXRlIjoxMjAwMDAwMDAwMDAwLCJkZWxldGUiOjEyMDAwMDAwMDAwMDAsInJlYWQiOjYwMDAwMDAwMDAwMCwidXBkYXRlIjoxMjAwMDAwMDAwMDAwfX0=",
          "dependencies": [
            "module.anthos_hub_project.module.project-factory.google_project.main",
            "module.anthos_hub_project.module.project-factory.null_resource.preconditions",
            "module.anthos_hub_project.module.project-factory.random_id.random_project_id_suffix"
          ]
        },
        {
          "index_key": "cloudresourcemanager.googleapis.com",
          "schema_version": 0,
          "attributes": {
            "disable_dependent_services": true,
            "disable_on_destroy": true,
            "id": "anthos-hub-d770/cloudresourcemanager.googleapis.com",
            "project": "anthos-hub-d770",
            "service": "cloudresourcemanager.googleapis.com",
            "timeouts": null
          },
          "private": "eyJlMmJmYjczMC1lY2FhLTExZTYtOGY4OC0zNDM2M2JjN2M0YzAiOnsiY3JlYXRlIjoxMjAwMDAwMDAwMDAwLCJkZWxldGUiOjEyMDAwMDAwMDAwMDAsInJlYWQiOjYwMDAwMDAwMDAwMCwidXBkYXRlIjoxMjAwMDAwMDAwMDAwfX0=",
          "dependencies": [
            "module.anthos_hub_project.module.project-factory.google_project.main",
            "module.anthos_hub_project.module.project-factory.null_resource.preconditions",
            "module.anthos_hub_project.module.project-factory.random_id.random_project_id_suffix"
          ]
        },
        {
          "index_key": "compute.googleapis.com",
          "schema_version": 0,
          "attributes": {
            "disable_dependent_services": true,
            "disable_on_destroy": true,
            "id": "anthos-hub-d770/compute.googleapis.com",
            "project": "anthos-hub-d770",
            "service": "compute.googleapis.com",
            "timeouts": null
          },
          "private": "eyJlMmJmYjczMC1lY2FhLTExZTYtOGY4OC0zNDM2M2JjN2M0YzAiOnsiY3JlYXRlIjoxMjAwMDAwMDAwMDAwLCJkZWxldGUiOjEyMDAwMDAwMDAwMDAsInJlYWQiOjYwMDAwMDAwMDAwMCwidXBkYXRlIjoxMjAwMDAwMDAwMDAwfX0=",
          "dependencies": [
            "module.anthos_hub_project.module.project-factory.google_project.main",
            "module.anthos_hub_project.module.project-factory.null_resource.preconditions",
            "module.anthos_hub_project.module.project-factory.random_id.random_project_id_suffix"
          ]
        },
        {
          "index_key": "container.googleapis.com",
          "schema_version": 0,
          "attributes": {
            "disable_dependent_services": true,
            "disable_on_destroy": true,
            "id": "anthos-hub-d770/container.googleapis.com",
            "project": "anthos-hub-d770",
            "service": "container.googleapis.com",
            "timeouts": null
          },
          "private": "eyJlMmJmYjczMC1lY2FhLTExZTYtOGY4OC0zNDM2M2JjN2M0YzAiOnsiY3JlYXRlIjoxMjAwMDAwMDAwMDAwLCJkZWxldGUiOjEyMDAwMDAwMDAwMDAsInJlYWQiOjYwMDAwMDAwMDAwMCwidXBkYXRlIjoxMjAwMDAwMDAwMDAwfX0=",
          "dependencies": [
            "module.anthos_hub_project.module.project-factory.google_project.main",
            "module.anthos_hub_project.module.project-factory.null_resource.preconditions",
            "module.anthos_hub_project.module.project-factory.random_id.random_project_id_suffix"
          ]
        },
        {
          "index_key": "iamcredentials.googleapis.com",
          "schema_version": 0,
          "attributes": {
            "disable_dependent_services": true,
            "disable_on_destroy": true,
            "id": "anthos-hub-d770/iamcredentials.googleapis.com",
            "project": "anthos-hub-d770",
            "service": "iamcredentials.googleapis.com",
            "timeouts": null
          },
          "private": "eyJlMmJmYjczMC1lY2FhLTExZTYtOGY4OC0zNDM2M2JjN2M0YzAiOnsiY3JlYXRlIjoxMjAwMDAwMDAwMDAwLCJkZWxldGUiOjEyMDAwMDAwMDAwMDAsInJlYWQiOjYwMDAwMDAwMDAwMCwidXBkYXRlIjoxMjAwMDAwMDAwMDAwfX0=",
          "dependencies": [
            "module.anthos_hub_project.module.project-factory.google_project.main",
            "module.anthos_hub_project.module.project-factory.null_resource.preconditions",
            "module.anthos_hub_project.module.project-factory.random_id.random_project_id_suffix"
          ]
        },
        {
          "index_key": "logging.googleapis.com",
          "schema_version": 0,
          "attributes": {
            "disable_dependent_services": true,
            "disable_on_destroy": true,
            "id": "anthos-hub-d770/logging.googleapis.com",
            "project": "anthos-hub-d770",
            "service": "logging.googleapis.com",
            "timeouts": null
          },
          "private": "eyJlMmJmYjczMC1lY2FhLTExZTYtOGY4OC0zNDM2M2JjN2M0YzAiOnsiY3JlYXRlIjoxMjAwMDAwMDAwMDAwLCJkZWxldGUiOjEyMDAwMDAwMDAwMDAsInJlYWQiOjYwMDAwMDAwMDAwMCwidXBkYXRlIjoxMjAwMDAwMDAwMDAwfX0=",
          "dependencies": [
            "module.anthos_hub_project.module.project-factory.google_project.main",
            "module.anthos_hub_project.module.project-factory.null_resource.preconditions",
            "module.anthos_hub_project.module.project-factory.random_id.random_project_id_suffix"
          ]
        },
        {
          "index_key": "servicenetworking.googleapis.com",
          "schema_version": 0,
          "attributes": {
            "disable_dependent_services": true,
            "disable_on_destroy": true,
            "id": "anthos-hub-d770/servicenetworking.googleapis.com",
            "project": "anthos-hub-d770",
            "service": "servicenetworking.googleapis.com",
            "timeouts": null
          },
          "private": "eyJlMmJmYjczMC1lY2FhLTExZTYtOGY4OC0zNDM2M2JjN2M0YzAiOnsiY3JlYXRlIjoxMjAwMDAwMDAwMDAwLCJkZWxldGUiOjEyMDAwMDAwMDAwMDAsInJlYWQiOjYwMDAwMDAwMDAwMCwidXBkYXRlIjoxMjAwMDAwMDAwMDAwfX0=",
          "dependencies": [
            "module.anthos_hub_project.module.project-factory.google_project.main",
            "module.anthos_hub_project.module.project-factory.null_resource.preconditions",
            "module.anthos_hub_project.module.project-factory.random_id.random_project_id_suffix"
          ]
        },
        {
          "index_key": "sourcerepo.googleapis.com",
          "schema_version": 0,
          "attributes": {
            "disable_dependent_services": true,
            "disable_on_destroy": true,
            "id": "anthos-hub-d770/sourcerepo.googleapis.com",
            "project": "anthos-hub-d770",
            "service": "sourcerepo.googleapis.com",
            "timeouts": null
          },
          "private": "eyJlMmJmYjczMC1lY2FhLTExZTYtOGY4OC0zNDM2M2JjN2M0YzAiOnsiY3JlYXRlIjoxMjAwMDAwMDAwMDAwLCJkZWxldGUiOjEyMDAwMDAwMDAwMDAsInJlYWQiOjYwMDAwMDAwMDAwMCwidXBkYXRlIjoxMjAwMDAwMDAwMDAwfX0=",
          "dependencies": [
            "module.anthos_hub_project.module.project-factory.google_project.main",
            "module.anthos_hub_project.module.project-factory.null_resource.preconditions",
            "module.anthos_hub_project.module.project-factory.random_id.random_project_id_suffix"
          ]
        }
      ]
    },
    {
      "module": "module.anthos_hub",
      "mode": "managed",
      "type": "google_project_service_identity",
      "name": "hub_sa",
      "provider": "provider.google-beta",
      "instances": [
        {
          "schema_version": 0,
          "attributes": {
            "email": "service-665369007094@gcp-sa-gkehub.iam.gserviceaccount.com",
            "id": "projects/anthos-hub-d770/services/gkehub.googleapis.com",
            "project": "anthos-hub-d770",
            "service": "gkehub.googleapis.com",
            "timeouts": null
          },
          "private": "eyJlMmJmYjczMC1lY2FhLTExZTYtOGY4OC0zNDM2M2JjN2M0YzAiOnsiY3JlYXRlIjoxMjAwMDAwMDAwMDAwLCJkZWxldGUiOjEyMDAwMDAwMDAwMDAsInJlYWQiOjYwMDAwMDAwMDAwMH19",
          "dependencies": [
            "module.anthos_hub_project.module.project-factory.google_compute_shared_vpc_service_project.shared_vpc_attachment",
            "module.anthos_hub_project.module.project-factory.google_project.main",
            "module.anthos_hub_project.module.project-factory.module.project_services.google_project_service.project_services",
            "module.anthos_hub_project.module.project-factory.null_resource.preconditions",
            "module.anthos_hub_project.module.project-factory.random_id.random_project_id_suffix"
          ]
        }
      ]
    },
    {
      "module": "module.anthos_hub_project.module.project-factory",
      "mode": "managed",
      "type": "google_project_usage_export_bucket",
      "name": "usage_report_export",
      "each": "list",
      "provider": "provider.google",
      "instances": []
    },
    {
      "module": "module.bu1-prod-app1.module.project-factory",
      "mode": "managed",
      "type": "google_project_usage_export_bucket",
      "name": "usage_report_export",
      "each": "list",
      "provider": "provider.google",
      "instances": []
    },
    {
      "module": "module.anthos_hub_project.module.project-factory",
      "mode": "managed",
      "type": "google_resource_manager_lien",
      "name": "lien",
      "each": "list",
      "provider": "provider.google",
      "instances": []
    },
    {
      "module": "module.bu1-prod-app1.module.project-factory",
      "mode": "managed",
      "type": "google_resource_manager_lien",
      "name": "lien",
      "each": "list",
      "provider": "provider.google",
      "instances": []
    },
    {
      "module": "module.anthos_cluster.module.gke",
      "mode": "managed",
      "type": "google_service_account",
      "name": "cluster_service_account",
      "each": "list",
      "provider": "provider.google",
      "instances": []
    },
    {
      "module": "module.anthos_hub_project.module.project-factory",
      "mode": "managed",
      "type": "google_service_account",
      "name": "default_service_account",
      "provider": "provider.google",
      "instances": [
        {
          "schema_version": 0,
          "attributes": {
            "account_id": "project-service-account",
            "description": "",
            "display_name": "anthos-hub Project Service Account",
            "email": "project-service-account@anthos-hub-d770.iam.gserviceaccount.com",
            "id": "projects/anthos-hub-d770/serviceAccounts/project-service-account@anthos-hub-d770.iam.gserviceaccount.com",
            "name": "projects/anthos-hub-d770/serviceAccounts/project-service-account@anthos-hub-d770.iam.gserviceaccount.com",
            "project": "anthos-hub-d770",
            "timeouts": null,
            "unique_id": "107998853673787034205"
          },
          "private": "eyJlMmJmYjczMC1lY2FhLTExZTYtOGY4OC0zNDM2M2JjN2M0YzAiOnsiY3JlYXRlIjozMDAwMDAwMDAwMDB9fQ==",
          "dependencies": [
            "module.anthos_hub_project.module.project-factory.google_project.main",
            "module.anthos_hub_project.module.project-factory.null_resource.preconditions",
            "module.anthos_hub_project.module.project-factory.random_id.random_project_id_suffix"
          ]
        }
      ]
    },
    {
      "module": "module.bu1-prod-app1.module.project-factory",
      "mode": "managed",
      "type": "google_service_account",
      "name": "default_service_account",
      "provider": "provider.google",
      "instances": [
        {
          "schema_version": 0,
          "attributes": {
            "account_id": "project-service-account",
            "description": "",
            "display_name": "bu1-p-app1 Project Service Account",
            "email": "project-service-account@bu1-p-app1-1961.iam.gserviceaccount.com",
            "id": "projects/bu1-p-app1-1961/serviceAccounts/project-service-account@bu1-p-app1-1961.iam.gserviceaccount.com",
            "name": "projects/bu1-p-app1-1961/serviceAccounts/project-service-account@bu1-p-app1-1961.iam.gserviceaccount.com",
            "project": "bu1-p-app1-1961",
            "timeouts": null,
            "unique_id": "111879082495138410395"
          },
          "private": "eyJlMmJmYjczMC1lY2FhLTExZTYtOGY4OC0zNDM2M2JjN2M0YzAiOnsiY3JlYXRlIjozMDAwMDAwMDAwMDB9fQ==",
          "dependencies": [
            "module.bu1-prod-app1.module.project-factory.google_project.main",
            "module.bu1-prod-app1.module.project-factory.null_resource.preconditions",
            "module.bu1-prod-app1.module.project-factory.random_id.random_project_id_suffix"
          ]
        }
      ]
    },
    {
      "module": "module.anthos_cluster",
      "mode": "managed",
      "type": "google_service_account",
      "name": "service_account",
      "provider": "provider.google",
      "instances": [
        {
          "schema_version": 0,
          "attributes": {
            "account_id": "bu1-app1-cluster1-gke-71eb612d",
            "description": "",
            "display_name": "bu1-app1-cluster1-gke-71eb612d",
            "email": "bu1-app1-cluster1-gke-71eb612d@bu1-p-app1-1961.iam.gserviceaccount.com",
            "id": "projects/bu1-p-app1-1961/serviceAccounts/bu1-app1-cluster1-gke-71eb612d@bu1-p-app1-1961.iam.gserviceaccount.com",
            "name": "projects/bu1-p-app1-1961/serviceAccounts/bu1-app1-cluster1-gke-71eb612d@bu1-p-app1-1961.iam.gserviceaccount.com",
            "project": "bu1-p-app1-1961",
            "timeouts": null,
            "unique_id": "106745773360797183477"
          },
          "private": "eyJlMmJmYjczMC1lY2FhLTExZTYtOGY4OC0zNDM2M2JjN2M0YzAiOnsiY3JlYXRlIjozMDAwMDAwMDAwMDB9fQ==",
          "dependencies": [
            "module.anthos_cluster.random_id.postfix",
            "module.bu1-prod-app1.module.project-factory.google_compute_shared_vpc_service_project.shared_vpc_attachment",
            "module.bu1-prod-app1.module.project-factory.google_project.main",
            "module.bu1-prod-app1.module.project-factory.module.project_services.google_project_service.project_services",
            "module.bu1-prod-app1.module.project-factory.null_resource.preconditions",
            "module.bu1-prod-app1.module.project-factory.random_id.random_project_id_suffix"
          ]
        }
      ]
    },
    {
      "module": "module.anthos_hub_project.module.project-factory",
      "mode": "managed",
      "type": "google_service_account_iam_member",
      "name": "service_account_grant_to_group",
      "each": "list",
      "provider": "provider.google",
      "instances": []
    },
    {
      "module": "module.bu1-prod-app1.module.project-factory",
      "mode": "managed",
      "type": "google_service_account_iam_member",
      "name": "service_account_grant_to_group",
      "each": "list",
      "provider": "provider.google",
      "instances": []
    },
    {
      "module": "module.anthos_hub",
      "mode": "managed",
      "type": "google_sourcerepo_repository",
      "name": "acm-config-prod",
      "provider": "provider.google",
      "instances": [
        {
          "schema_version": 0,
          "attributes": {
            "id": "projects/anthos-hub-d770/repos/anthos-config-prod",
            "name": "anthos-config-prod",
            "project": "anthos-hub-d770",
            "pubsub_configs": [],
            "size": 0,
            "timeouts": null,
            "url": "https://source.developers.google.com/p/anthos-hub-d770/r/anthos-config-prod"
          },
          "private": "eyJlMmJmYjczMC1lY2FhLTExZTYtOGY4OC0zNDM2M2JjN2M0YzAiOnsiY3JlYXRlIjoyNDAwMDAwMDAwMDAsImRlbGV0ZSI6MjQwMDAwMDAwMDAwLCJ1cGRhdGUiOjI0MDAwMDAwMDAwMH19",
          "dependencies": [
            "module.anthos_hub_project.module.project-factory.google_compute_shared_vpc_service_project.shared_vpc_attachment",
            "module.anthos_hub_project.module.project-factory.google_project.main",
            "module.anthos_hub_project.module.project-factory.module.project_services.google_project_service.project_services",
            "module.anthos_hub_project.module.project-factory.null_resource.preconditions",
            "module.anthos_hub_project.module.project-factory.random_id.random_project_id_suffix"
          ]
        }
      ]
    },
    {
      "module": "module.anthos_hub_project.module.project-factory",
      "mode": "managed",
      "type": "google_storage_bucket",
      "name": "project_bucket",
      "each": "list",
      "provider": "provider.google",
      "instances": []
    },
    {
      "module": "module.bu1-prod-app1.module.project-factory",
      "mode": "managed",
      "type": "google_storage_bucket",
      "name": "project_bucket",
      "each": "list",
      "provider": "provider.google",
      "instances": []
    },
    {
      "module": "module.anthos_hub_project.module.project-factory",
      "mode": "managed",
      "type": "google_storage_bucket_iam_member",
      "name": "api_s_account_storage_admin_on_project_bucket",
      "each": "list",
      "provider": "provider.google",
      "instances": []
    },
    {
      "module": "module.bu1-prod-app1.module.project-factory",
      "mode": "managed",
      "type": "google_storage_bucket_iam_member",
      "name": "api_s_account_storage_admin_on_project_bucket",
      "each": "list",
      "provider": "provider.google",
      "instances": []
    },
    {
      "module": "module.anthos_hub_project.module.project-factory",
      "mode": "managed",
      "type": "google_storage_bucket_iam_member",
      "name": "group_storage_admin_on_project_bucket",
      "each": "list",
      "provider": "provider.google",
      "instances": []
    },
    {
      "module": "module.bu1-prod-app1.module.project-factory",
      "mode": "managed",
      "type": "google_storage_bucket_iam_member",
      "name": "group_storage_admin_on_project_bucket",
      "each": "list",
      "provider": "provider.google",
      "instances": []
    },
    {
      "module": "module.anthos_hub_project.module.project-factory",
      "mode": "managed",
      "type": "google_storage_bucket_iam_member",
      "name": "s_account_storage_admin_on_project_bucket",
      "each": "list",
      "provider": "provider.google",
      "instances": []
    },
    {
      "module": "module.bu1-prod-app1.module.project-factory",
      "mode": "managed",
      "type": "google_storage_bucket_iam_member",
      "name": "s_account_storage_admin_on_project_bucket",
      "each": "list",
      "provider": "provider.google",
      "instances": []
    },
    {
      "module": "module.anthos_cluster.module.gke",
      "mode": "managed",
      "type": "kubernetes_config_map",
      "name": "ip-masq-agent",
      "each": "list",
      "provider": "module.anthos_cluster.module.gke.provider.kubernetes",
      "instances": []
    },
    {
      "module": "module.anthos_cluster.module.gke",
      "mode": "managed",
      "type": "kubernetes_config_map",
      "name": "kube-dns",
      "each": "list",
      "provider": "module.anthos_cluster.module.gke.provider.kubernetes",
      "instances": []
    },
    {
      "module": "module.anthos_cluster.module.gke",
      "mode": "managed",
      "type": "kubernetes_config_map",
      "name": "kube-dns-upstream-nameservers-and-stub-domains",
      "each": "list",
      "provider": "module.anthos_cluster.module.gke.provider.kubernetes",
      "instances": []
    },
    {
      "module": "module.anthos_cluster.module.gke",
      "mode": "managed",
      "type": "kubernetes_config_map",
      "name": "kube-dns-upstream-namservers",
      "each": "list",
      "provider": "module.anthos_cluster.module.gke.provider.kubernetes",
      "instances": []
    },
    {
      "module": "module.anthos_cluster.module.acm.module.acm_operator",
      "mode": "managed",
      "type": "local_file",
      "name": "operator_cr",
      "provider": "provider.local",
      "instances": [
        {
          "schema_version": 0,
          "attributes": {
            "content": "apiVersion: configmanagement.gke.io/v1\nkind: ConfigManagement\nmetadata:\n  name: config-management\nspec:\n  # clusterName is required and must be unique among all managed clusters\n  clusterName: bu1-app1-cluster1\n  policyController:\n    enabled: true\n    templateLibraryInstalled: true\n    logDeniesEnabled: false\n  git:\n    syncRepo: ssh://gary@gcpgeek.cloud@source.developers.google.com:2022/p/anthos-hub-221b/r/anthos-config-prod\n    secretType: ssh\n    policyDir: /prod\n    syncBranch: master\n  \n  \n",
            "content_base64": null,
            "directory_permission": "0777",
            "file_permission": "0777",
            "filename": ".terraform/modules/anthos_cluster.acm/modules/k8s-operator-crd-support/bu1-p-app1-1961-bu1-app1-cluster1/operator_cr.yaml",
            "id": "89dcd8c907160fbe41a72ad347ade1f3c050480a",
            "sensitive_content": null,
            "source": null
          },
          "private": "bnVsbA==",
          "dependencies": [
            "module.anthos_cluster.google_service_account.service_account",
            "module.anthos_cluster.module.gke.google_container_cluster.primary",
            "module.anthos_cluster.module.gke.google_service_account.cluster_service_account",
            "module.anthos_cluster.module.gke.random_shuffle.available_zones",
            "module.anthos_cluster.random_id.postfix",
            "module.bu1-prod-app1.module.project-factory.google_compute_shared_vpc_service_project.shared_vpc_attachment",
            "module.bu1-prod-app1.module.project-factory.google_project.main",
            "module.bu1-prod-app1.module.project-factory.module.project_services.google_project_service.project_services",
            "module.bu1-prod-app1.module.project-factory.null_resource.preconditions",
            "module.bu1-prod-app1.module.project-factory.random_id.random_project_id_suffix",
            "module.vpc.module.subnets.google_compute_subnetwork.subnetwork",
            "module.vpc.module.vpc.google_compute_network.network"
          ]
        }
      ]
    },
    {
      "module": "module.anthos_cluster.module.acm.module.acm_operator.module.k8sop_manifest",
      "mode": "managed",
      "type": "null_resource",
      "name": "additional_components",
      "each": "list",
      "provider": "provider.null",
      "instances": []
    },
    {
      "module": "module.anthos_cluster.module.acm.module.acm_operator.module.k8sop_config.module.gcloud_kubectl",
      "mode": "managed",
      "type": "null_resource",
      "name": "additional_components",
      "each": "list",
      "provider": "provider.null",
      "instances": [
        {
          "index_key": 0,
          "schema_version": 0,
          "attributes": {
            "id": "3968948143479159731",
            "triggers": {
              "additional_components_command": ".terraform/modules/anthos_cluster.acm.acm_operator.k8sop_config/scripts/check_components.sh gcloud kubectl",
              "arguments": "d584aeeb265b45d810b2ce1ef0c1a99a",
              "configmanagement": "apiVersion: configmanagement.gke.io/v1\nkind: ConfigManagement\nmetadata:\n  name: config-management\nspec:\n  # clusterName is required and must be unique among all managed clusters\n  clusterName: bu1-app1-cluster1\n  policyController:\n    enabled: true\n    templateLibraryInstalled: true\n    logDeniesEnabled: false\n  git:\n    syncRepo: ssh://gary@gcpgeek.cloud@source.developers.google.com:2022/p/anthos-hub-221b/r/anthos-config-prod\n    secretType: ssh\n    policyDir: /prod\n    syncBranch: master\n  \n  \n",
              "md5": "31491650714499185ce518baecbc7787"
            }
          },
          "dependencies": [
            "module.anthos_cluster.google_service_account.service_account",
            "module.anthos_cluster.module.acm.module.acm_operator.local_file.operator_cr",
            "module.anthos_cluster.module.acm.module.acm_operator.module.k8sop_config.module.gcloud_kubectl.null_resource.upgrade",
            "module.anthos_cluster.module.acm.module.acm_operator.module.k8sop_config.module.gcloud_kubectl.random_id.cache",
            "module.anthos_cluster.module.gke.google_container_cluster.primary",
            "module.anthos_cluster.module.gke.google_service_account.cluster_service_account",
            "module.anthos_cluster.module.gke.random_shuffle.available_zones",
            "module.anthos_cluster.random_id.postfix",
            "module.bu1-prod-app1.module.project-factory.google_compute_shared_vpc_service_project.shared_vpc_attachment",
            "module.bu1-prod-app1.module.project-factory.google_project.main",
            "module.bu1-prod-app1.module.project-factory.module.project_services.google_project_service.project_services",
            "module.bu1-prod-app1.module.project-factory.null_resource.preconditions",
            "module.bu1-prod-app1.module.project-factory.random_id.random_project_id_suffix",
            "module.vpc.module.subnets.google_compute_subnetwork.subnetwork",
            "module.vpc.module.vpc.google_compute_network.network"
          ]
        }
      ]
    },
    {
      "module": "module.anthos_hub_project.module.project-factory.module.gcloud_disable",
      "mode": "managed",
      "type": "null_resource",
      "name": "additional_components",
      "each": "list",
      "provider": "provider.null",
      "instances": []
    },
    {
      "module": "module.bu1-prod-app1.module.project-factory.module.gcloud_delete",
      "mode": "managed",
      "type": "null_resource",
      "name": "additional_components",
      "each": "list",
      "provider": "provider.null",
      "instances": []
    },
    {
      "module": "module.anthos_cluster.module.asm.module.asm_install.module.gcloud_kubectl",
      "mode": "managed",
      "type": "null_resource",
      "name": "additional_components",
      "each": "list",
      "provider": "provider.null",
      "instances": [
        {
          "index_key": 0,
          "schema_version": 0,
          "attributes": {
            "id": "1471329872754430414",
            "triggers": {
              "additional_components_command": ".terraform/modules/anthos_cluster.asm.asm_install/scripts/check_components.sh gcloud kubectl,kpt,beta,kustomize",
              "arguments": "ac2700867cac08ebe40c9253607b5ac1",
              "md5": "c378ce1a9da27c3f220991801059d5a2"
            }
          },
          "dependencies": [
            "module.anthos_cluster.google_service_account.service_account",
            "module.anthos_cluster.module.asm.module.asm_install.module.gcloud_kubectl.null_resource.upgrade",
            "module.anthos_cluster.module.asm.module.asm_install.module.gcloud_kubectl.random_id.cache",
            "module.anthos_cluster.module.gke.google_container_cluster.primary",
            "module.anthos_cluster.module.gke.google_service_account.cluster_service_account",
            "module.anthos_cluster.module.gke.random_shuffle.available_zones",
            "module.anthos_cluster.random_id.postfix",
            "module.bu1-prod-app1.module.project-factory.google_compute_shared_vpc_service_project.shared_vpc_attachment",
            "module.bu1-prod-app1.module.project-factory.google_project.main",
            "module.bu1-prod-app1.module.project-factory.module.project_services.google_project_service.project_services",
            "module.bu1-prod-app1.module.project-factory.null_resource.preconditions",
            "module.bu1-prod-app1.module.project-factory.random_id.random_project_id_suffix",
            "module.vpc.module.subnets.google_compute_subnetwork.subnetwork",
            "module.vpc.module.vpc.google_compute_network.network"
          ]
        }
      ]
    },
    {
      "module": "module.anthos_hub_project.module.project-factory.module.gcloud_delete",
      "mode": "managed",
      "type": "null_resource",
      "name": "additional_components",
      "each": "list",
      "provider": "provider.null",
      "instances": []
    },
    {
      "module": "module.anthos_cluster.module.gke.module.gcloud_wait_for_cluster",
      "mode": "managed",
      "type": "null_resource",
      "name": "additional_components",
      "each": "list",
      "provider": "provider.null",
      "instances": []
    },
    {
      "module": "module.anthos_cluster.module.acm.module.enable_acm",
      "mode": "managed",
      "type": "null_resource",
      "name": "additional_components",
      "each": "list",
      "provider": "provider.null",
      "instances": [
        {
          "index_key": 0,
          "schema_version": 0,
          "attributes": {
            "id": "4116864968016087850",
            "triggers": {
              "additional_components_command": ".terraform/modules/anthos_cluster.acm.enable_acm/scripts/check_components.sh gcloud alpha",
              "arguments": "15ff25974882e42a68dec303bd5cde5f",
              "md5": "7f22bf39aaf5ce5980111c3587bef5b5"
            }
          },
          "dependencies": [
            "module.anthos_cluster.module.acm.module.enable_acm.null_resource.upgrade",
            "module.anthos_cluster.module.acm.module.enable_acm.random_id.cache",
            "module.bu1-prod-app1.module.project-factory.google_compute_shared_vpc_service_project.shared_vpc_attachment",
            "module.bu1-prod-app1.module.project-factory.google_project.main",
            "module.bu1-prod-app1.module.project-factory.module.project_services.google_project_service.project_services",
            "module.bu1-prod-app1.module.project-factory.null_resource.preconditions",
            "module.bu1-prod-app1.module.project-factory.random_id.random_project_id_suffix"
          ]
        }
      ]
    },
    {
      "module": "module.bu1-prod-app1.module.project-factory.module.gcloud_deprivilege",
      "mode": "managed",
      "type": "null_resource",
      "name": "additional_components",
      "each": "list",
      "provider": "provider.null",
      "instances": []
    },
    {
      "module": "module.bu1-prod-app1.module.project-factory.module.gcloud_disable",
      "mode": "managed",
      "type": "null_resource",
      "name": "additional_components",
      "each": "list",
      "provider": "provider.null",
      "instances": []
    },
    {
      "module": "module.anthos_cluster.module.gke.module.gcloud_delete_default_kube_dns_configmap.module.gcloud_kubectl",
      "mode": "managed",
      "type": "null_resource",
      "name": "additional_components",
      "each": "list",
      "provider": "provider.null",
      "instances": []
    },
    {
      "module": "module.anthos_cluster.module.acm.module.acm_operator.module.k8sop_creds_secret.module.gcloud_kubectl",
      "mode": "managed",
      "type": "null_resource",
      "name": "additional_components",
      "each": "list",
      "provider": "provider.null",
      "instances": [
        {
          "index_key": 0,
          "schema_version": 0,
          "attributes": {
            "id": "7059115161020163159",
            "triggers": {
              "additional_components_command": ".terraform/modules/anthos_cluster.acm.acm_operator.k8sop_creds_secret/scripts/check_components.sh gcloud kubectl",
              "arguments": "a884bb22bc505d2ae353774db13e082e",
              "md5": "d381274dc6fecc71a8bb7767198df06d"
            }
          },
          "dependencies": [
            "module.anthos_cluster.google_service_account.service_account",
            "module.anthos_cluster.module.acm.module.acm_operator.module.k8sop_creds_secret.module.gcloud_kubectl.null_resource.upgrade",
            "module.anthos_cluster.module.acm.module.acm_operator.module.k8sop_creds_secret.module.gcloud_kubectl.random_id.cache",
            "module.anthos_cluster.module.acm.module.acm_operator.tls_private_key.k8sop_creds",
            "module.anthos_cluster.module.gke.google_container_cluster.primary",
            "module.anthos_cluster.module.gke.google_service_account.cluster_service_account",
            "module.anthos_cluster.module.gke.random_shuffle.available_zones",
            "module.anthos_cluster.random_id.postfix",
            "module.bu1-prod-app1.module.project-factory.google_compute_shared_vpc_service_project.shared_vpc_attachment",
            "module.bu1-prod-app1.module.project-factory.google_project.main",
            "module.bu1-prod-app1.module.project-factory.module.project_services.google_project_service.project_services",
            "module.bu1-prod-app1.module.project-factory.null_resource.preconditions",
            "module.bu1-prod-app1.module.project-factory.random_id.random_project_id_suffix",
            "module.vpc.module.subnets.google_compute_subnetwork.subnetwork",
            "module.vpc.module.vpc.google_compute_network.network"
          ]
        }
      ]
    },
    {
      "module": "module.anthos_hub.module.enable_acm",
      "mode": "managed",
      "type": "null_resource",
      "name": "additional_components",
      "each": "list",
      "provider": "provider.null",
      "instances": [
        {
          "index_key": 0,
          "schema_version": 0,
          "attributes": {
            "id": "4597484563645541420",
            "triggers": {
              "additional_components_command": ".terraform/modules/anthos_hub.enable_acm/scripts/check_components.sh gcloud alpha",
              "arguments": "5a9a6d2beea76f268598f1877f936d7a",
              "md5": "7f22bf39aaf5ce5980111c3587bef5b5"
            }
          },
          "dependencies": [
            "module.anthos_hub.module.enable_acm.null_resource.upgrade",
            "module.anthos_hub.module.enable_acm.random_id.cache",
            "module.anthos_hub_project.module.project-factory.google_compute_shared_vpc_service_project.shared_vpc_attachment",
            "module.anthos_hub_project.module.project-factory.google_project.main",
            "module.anthos_hub_project.module.project-factory.module.project_services.google_project_service.project_services",
            "module.anthos_hub_project.module.project-factory.null_resource.preconditions",
            "module.anthos_hub_project.module.project-factory.random_id.random_project_id_suffix"
          ]
        }
      ]
    },
    {
      "module": "module.anthos_hub_project.module.project-factory.module.gcloud_deprivilege",
      "mode": "managed",
      "type": "null_resource",
      "name": "additional_components",
      "each": "list",
      "provider": "provider.null",
      "instances": []
    },
    {
      "module": "module.anthos_cluster.module.acm.module.acm_operator.module.wait_for_gatekeeper.module.gcloud_kubectl",
      "mode": "managed",
      "type": "null_resource",
      "name": "additional_components",
      "each": "list",
      "provider": "provider.null",
      "instances": [
        {
          "index_key": 0,
          "schema_version": 0,
          "attributes": {
            "id": "2264752631381159697",
            "triggers": {
              "additional_components_command": ".terraform/modules/anthos_cluster.acm.acm_operator.wait_for_gatekeeper/scripts/check_components.sh gcloud kubectl",
              "arguments": "d7e42e0c37ab66e83b9e84abe83260ce",
              "md5": "1dd89fd29aa3a92f4d1476de24b16cec",
              "script_sha1": "c9518f73450dbf8f920bc0582620cc07f9e049d8"
            }
          },
          "dependencies": [
            "module.anthos_cluster.google_service_account.service_account",
            "module.anthos_cluster.module.acm.module.acm_operator.module.wait_for_gatekeeper.module.gcloud_kubectl.null_resource.upgrade",
            "module.anthos_cluster.module.acm.module.acm_operator.module.wait_for_gatekeeper.module.gcloud_kubectl.random_id.cache",
            "module.anthos_cluster.module.gke.google_container_cluster.primary",
            "module.anthos_cluster.module.gke.google_service_account.cluster_service_account",
            "module.anthos_cluster.module.gke.random_shuffle.available_zones",
            "module.anthos_cluster.random_id.postfix",
            "module.bu1-prod-app1.module.project-factory.google_compute_shared_vpc_service_project.shared_vpc_attachment",
            "module.bu1-prod-app1.module.project-factory.google_project.main",
            "module.bu1-prod-app1.module.project-factory.module.project_services.google_project_service.project_services",
            "module.bu1-prod-app1.module.project-factory.null_resource.preconditions",
            "module.bu1-prod-app1.module.project-factory.random_id.random_project_id_suffix",
            "module.vpc.module.subnets.google_compute_subnetwork.subnetwork",
            "module.vpc.module.vpc.google_compute_network.network"
          ]
        }
      ]
    },
    {
      "module": "module.anthos_cluster.module.acm.module.acm_operator.module.k8s_operator.module.gcloud_kubectl",
      "mode": "managed",
      "type": "null_resource",
      "name": "additional_components",
      "each": "list",
      "provider": "provider.null",
      "instances": [
        {
          "index_key": 0,
          "schema_version": 0,
          "attributes": {
            "id": "7317480519031654757",
            "triggers": {
              "additional_components_command": ".terraform/modules/anthos_cluster.acm.acm_operator.k8s_operator/scripts/check_components.sh gcloud kubectl",
              "arguments": "31627246afd9c60644cf0f8e22decaaa",
              "md5": "cb7ef46950caba5730f1ed13a859ec38"
            }
          },
          "dependencies": [
            "module.anthos_cluster.google_service_account.service_account",
            "module.anthos_cluster.module.acm.module.acm_operator.module.k8s_operator.module.gcloud_kubectl.null_resource.upgrade",
            "module.anthos_cluster.module.acm.module.acm_operator.module.k8s_operator.module.gcloud_kubectl.random_id.cache",
            "module.anthos_cluster.module.gke.google_container_cluster.primary",
            "module.anthos_cluster.module.gke.google_service_account.cluster_service_account",
            "module.anthos_cluster.module.gke.random_shuffle.available_zones",
            "module.anthos_cluster.random_id.postfix",
            "module.bu1-prod-app1.module.project-factory.google_compute_shared_vpc_service_project.shared_vpc_attachment",
            "module.bu1-prod-app1.module.project-factory.google_project.main",
            "module.bu1-prod-app1.module.project-factory.module.project_services.google_project_service.project_services",
            "module.bu1-prod-app1.module.project-factory.null_resource.preconditions",
            "module.bu1-prod-app1.module.project-factory.random_id.random_project_id_suffix",
            "module.vpc.module.subnets.google_compute_subnetwork.subnetwork",
            "module.vpc.module.vpc.google_compute_network.network"
          ]
        }
      ]
    },
    {
      "module": "module.anthos_cluster.module.acm.module.acm_operator.module.k8sop_manifest",
      "mode": "managed",
      "type": "null_resource",
      "name": "additional_components_destroy",
      "each": "list",
      "provider": "provider.null",
      "instances": []
    },
    {
      "module": "module.anthos_cluster.module.acm.module.acm_operator.module.k8sop_config.module.gcloud_kubectl",
      "mode": "managed",
      "type": "null_resource",
      "name": "additional_components_destroy",
      "each": "list",
      "provider": "provider.null",
      "instances": [
        {
          "index_key": 0,
          "schema_version": 0,
          "attributes": {
            "id": "6336157755737175218",
            "triggers": {
              "additional_components_command": ".terraform/modules/anthos_cluster.acm.acm_operator.k8sop_config/scripts/check_components.sh gcloud kubectl"
            }
          },
          "dependencies": [
            "module.anthos_cluster.google_service_account.service_account",
            "module.anthos_cluster.module.acm.module.acm_operator.local_file.operator_cr",
            "module.anthos_cluster.module.acm.module.acm_operator.module.k8s_operator.module.gcloud_kubectl.null_resource.additional_components",
            "module.anthos_cluster.module.acm.module.acm_operator.module.k8s_operator.module.gcloud_kubectl.null_resource.decompress",
            "module.anthos_cluster.module.acm.module.acm_operator.module.k8s_operator.module.gcloud_kubectl.null_resource.gcloud_auth_google_credentials",
            "module.anthos_cluster.module.acm.module.acm_operator.module.k8s_operator.module.gcloud_kubectl.null_resource.gcloud_auth_service_account_key_file",
            "module.anthos_cluster.module.acm.module.acm_operator.module.k8s_operator.module.gcloud_kubectl.null_resource.module_depends_on",
            "module.anthos_cluster.module.acm.module.acm_operator.module.k8s_operator.module.gcloud_kubectl.null_resource.run_command",
            "module.anthos_cluster.module.acm.module.acm_operator.module.k8s_operator.module.gcloud_kubectl.null_resource.run_destroy_command",
            "module.anthos_cluster.module.acm.module.acm_operator.module.k8s_operator.module.gcloud_kubectl.null_resource.upgrade",
            "module.anthos_cluster.module.acm.module.acm_operator.module.k8s_operator.module.gcloud_kubectl.random_id.cache",
            "module.anthos_cluster.module.acm.module.acm_operator.module.k8sop_config.module.gcloud_kubectl.null_resource.additional_components",
            "module.anthos_cluster.module.acm.module.acm_operator.module.k8sop_config.module.gcloud_kubectl.null_resource.decompress",
            "module.anthos_cluster.module.acm.module.acm_operator.module.k8sop_config.module.gcloud_kubectl.null_resource.gcloud_auth_google_credentials",
            "module.anthos_cluster.module.acm.module.acm_operator.module.k8sop_config.module.gcloud_kubectl.null_resource.gcloud_auth_service_account_key_file",
            "module.anthos_cluster.module.acm.module.acm_operator.module.k8sop_config.module.gcloud_kubectl.null_resource.module_depends_on",
            "module.anthos_cluster.module.acm.module.acm_operator.module.k8sop_config.module.gcloud_kubectl.null_resource.run_destroy_command",
            "module.anthos_cluster.module.acm.module.acm_operator.module.k8sop_config.module.gcloud_kubectl.null_resource.upgrade",
            "module.anthos_cluster.module.acm.module.acm_operator.module.k8sop_config.module.gcloud_kubectl.random_id.cache",
            "module.anthos_cluster.module.acm.module.acm_operator.module.k8sop_creds_secret.module.gcloud_kubectl.null_resource.additional_components",
            "module.anthos_cluster.module.acm.module.acm_operator.module.k8sop_creds_secret.module.gcloud_kubectl.null_resource.decompress",
            "module.anthos_cluster.module.acm.module.acm_operator.module.k8sop_creds_secret.module.gcloud_kubectl.null_resource.gcloud_auth_google_credentials",
            "module.anthos_cluster.module.acm.module.acm_operator.module.k8sop_creds_secret.module.gcloud_kubectl.null_resource.gcloud_auth_service_account_key_file",
            "module.anthos_cluster.module.acm.module.acm_operator.module.k8sop_creds_secret.module.gcloud_kubectl.null_resource.module_depends_on",
            "module.anthos_cluster.module.acm.module.acm_operator.module.k8sop_creds_secret.module.gcloud_kubectl.null_resource.run_command",
            "module.anthos_cluster.module.acm.module.acm_operator.module.k8sop_creds_secret.module.gcloud_kubectl.null_resource.run_destroy_command",
            "module.anthos_cluster.module.acm.module.acm_operator.module.k8sop_creds_secret.module.gcloud_kubectl.null_resource.upgrade",
            "module.anthos_cluster.module.acm.module.acm_operator.module.k8sop_creds_secret.module.gcloud_kubectl.random_id.cache",
            "module.anthos_cluster.module.acm.module.acm_operator.module.k8sop_manifest.null_resource.additional_components",
            "module.anthos_cluster.module.acm.module.acm_operator.module.k8sop_manifest.null_resource.decompress",
            "module.anthos_cluster.module.acm.module.acm_operator.module.k8sop_manifest.null_resource.gcloud_auth_google_credentials",
            "module.anthos_cluster.module.acm.module.acm_operator.module.k8sop_manifest.null_resource.gcloud_auth_service_account_key_file",
            "module.anthos_cluster.module.acm.module.acm_operator.module.k8sop_manifest.null_resource.module_depends_on",
            "module.anthos_cluster.module.acm.module.acm_operator.module.k8sop_manifest.null_resource.run_command",
            "module.anthos_cluster.module.acm.module.acm_operator.module.k8sop_manifest.null_resource.run_destroy_command",
            "module.anthos_cluster.module.acm.module.acm_operator.module.k8sop_manifest.random_id.cache",
            "module.anthos_cluster.module.acm.module.acm_operator.tls_private_key.k8sop_creds",
            "module.anthos_cluster.module.gke.google_container_cluster.primary",
            "module.anthos_cluster.module.gke.google_container_node_pool.pools",
            "module.anthos_cluster.module.gke.google_service_account.cluster_service_account",
            "module.anthos_cluster.module.gke.module.gcloud_wait_for_cluster.null_resource.additional_components",
            "module.anthos_cluster.module.gke.module.gcloud_wait_for_cluster.null_resource.decompress",
            "module.anthos_cluster.module.gke.module.gcloud_wait_for_cluster.null_resource.gcloud_auth_google_credentials",
            "module.anthos_cluster.module.gke.module.gcloud_wait_for_cluster.null_resource.gcloud_auth_service_account_key_file",
            "module.anthos_cluster.module.gke.module.gcloud_wait_for_cluster.null_resource.module_depends_on",
            "module.anthos_cluster.module.gke.module.gcloud_wait_for_cluster.null_resource.run_command",
            "module.anthos_cluster.module.gke.module.gcloud_wait_for_cluster.null_resource.run_destroy_command",
            "module.anthos_cluster.module.gke.module.gcloud_wait_for_cluster.random_id.cache",
            "module.anthos_cluster.module.gke.random_shuffle.available_zones",
            "module.anthos_cluster.random_id.postfix",
            "module.bu1-prod-app1.module.project-factory.google_compute_shared_vpc_service_project.shared_vpc_attachment",
            "module.bu1-prod-app1.module.project-factory.google_project.main",
            "module.bu1-prod-app1.module.project-factory.module.project_services.google_project_service.project_services",
            "module.bu1-prod-app1.module.project-factory.null_resource.preconditions",
            "module.bu1-prod-app1.module.project-factory.random_id.random_project_id_suffix",
            "module.vpc.module.subnets.google_compute_subnetwork.subnetwork",
            "module.vpc.module.vpc.google_compute_network.network"
          ]
        }
      ]
    },
    {
      "module": "module.anthos_hub_project.module.project-factory.module.gcloud_disable",
      "mode": "managed",
      "type": "null_resource",
      "name": "additional_components_destroy",
      "each": "list",
      "provider": "provider.null",
      "instances": []
    },
    {
      "module": "module.bu1-prod-app1.module.project-factory.module.gcloud_delete",
      "mode": "managed",
      "type": "null_resource",
      "name": "additional_components_destroy",
      "each": "list",
      "provider": "provider.null",
      "instances": []
    },
    {
      "module": "module.anthos_cluster.module.asm.module.asm_install.module.gcloud_kubectl",
      "mode": "managed",
      "type": "null_resource",
      "name": "additional_components_destroy",
      "each": "list",
      "provider": "provider.null",
      "instances": [
        {
          "index_key": 0,
          "schema_version": 0,
          "attributes": {
            "id": "4977392086937880902",
            "triggers": {
              "additional_components_command": ".terraform/modules/anthos_cluster.asm.asm_install/scripts/check_components.sh gcloud kubectl,kpt,beta,kustomize"
            }
          },
          "dependencies": [
            "module.anthos_cluster.google_service_account.service_account",
            "module.anthos_cluster.module.asm.module.asm_install.module.gcloud_kubectl.null_resource.additional_components",
            "module.anthos_cluster.module.asm.module.asm_install.module.gcloud_kubectl.null_resource.decompress",
            "module.anthos_cluster.module.asm.module.asm_install.module.gcloud_kubectl.null_resource.gcloud_auth_google_credentials",
            "module.anthos_cluster.module.asm.module.asm_install.module.gcloud_kubectl.null_resource.gcloud_auth_service_account_key_file",
            "module.anthos_cluster.module.asm.module.asm_install.module.gcloud_kubectl.null_resource.module_depends_on",
            "module.anthos_cluster.module.asm.module.asm_install.module.gcloud_kubectl.null_resource.run_destroy_command",
            "module.anthos_cluster.module.asm.module.asm_install.module.gcloud_kubectl.null_resource.upgrade",
            "module.anthos_cluster.module.asm.module.asm_install.module.gcloud_kubectl.random_id.cache",
            "module.anthos_cluster.module.gke.google_container_cluster.primary",
            "module.anthos_cluster.module.gke.google_container_node_pool.pools",
            "module.anthos_cluster.module.gke.google_service_account.cluster_service_account",
            "module.anthos_cluster.module.gke.module.gcloud_wait_for_cluster.null_resource.additional_components",
            "module.anthos_cluster.module.gke.module.gcloud_wait_for_cluster.null_resource.decompress",
            "module.anthos_cluster.module.gke.module.gcloud_wait_for_cluster.null_resource.gcloud_auth_google_credentials",
            "module.anthos_cluster.module.gke.module.gcloud_wait_for_cluster.null_resource.gcloud_auth_service_account_key_file",
            "module.anthos_cluster.module.gke.module.gcloud_wait_for_cluster.null_resource.module_depends_on",
            "module.anthos_cluster.module.gke.module.gcloud_wait_for_cluster.null_resource.run_command",
            "module.anthos_cluster.module.gke.module.gcloud_wait_for_cluster.null_resource.run_destroy_command",
            "module.anthos_cluster.module.gke.module.gcloud_wait_for_cluster.random_id.cache",
            "module.anthos_cluster.module.gke.random_shuffle.available_zones",
            "module.anthos_cluster.random_id.postfix",
            "module.bu1-prod-app1.module.project-factory.google_compute_shared_vpc_service_project.shared_vpc_attachment",
            "module.bu1-prod-app1.module.project-factory.google_project.main",
            "module.bu1-prod-app1.module.project-factory.module.project_services.google_project_service.project_services",
            "module.bu1-prod-app1.module.project-factory.null_resource.preconditions",
            "module.bu1-prod-app1.module.project-factory.random_id.random_project_id_suffix",
            "module.vpc.module.subnets.google_compute_subnetwork.subnetwork",
            "module.vpc.module.vpc.google_compute_network.network"
          ]
        }
      ]
    },
    {
      "module": "module.anthos_hub_project.module.project-factory.module.gcloud_delete",
      "mode": "managed",
      "type": "null_resource",
      "name": "additional_components_destroy",
      "each": "list",
      "provider": "provider.null",
      "instances": []
    },
    {
      "module": "module.anthos_cluster.module.gke.module.gcloud_wait_for_cluster",
      "mode": "managed",
      "type": "null_resource",
      "name": "additional_components_destroy",
      "each": "list",
      "provider": "provider.null",
      "instances": []
    },
    {
      "module": "module.anthos_cluster.module.acm.module.enable_acm",
      "mode": "managed",
      "type": "null_resource",
      "name": "additional_components_destroy",
      "each": "list",
      "provider": "provider.null",
      "instances": [
        {
          "index_key": 0,
          "schema_version": 0,
          "attributes": {
            "id": "1343168745863100917",
            "triggers": {
              "additional_components_command": ".terraform/modules/anthos_cluster.acm.enable_acm/scripts/check_components.sh gcloud alpha"
            }
          },
          "dependencies": [
            "module.anthos_cluster.module.acm.module.enable_acm.null_resource.additional_components",
            "module.anthos_cluster.module.acm.module.enable_acm.null_resource.decompress",
            "module.anthos_cluster.module.acm.module.enable_acm.null_resource.gcloud_auth_google_credentials",
            "module.anthos_cluster.module.acm.module.enable_acm.null_resource.gcloud_auth_service_account_key_file",
            "module.anthos_cluster.module.acm.module.enable_acm.null_resource.module_depends_on",
            "module.anthos_cluster.module.acm.module.enable_acm.null_resource.run_destroy_command",
            "module.anthos_cluster.module.acm.module.enable_acm.null_resource.upgrade",
            "module.anthos_cluster.module.acm.module.enable_acm.random_id.cache",
            "module.bu1-prod-app1.module.project-factory.google_compute_shared_vpc_service_project.shared_vpc_attachment",
            "module.bu1-prod-app1.module.project-factory.google_project.main",
            "module.bu1-prod-app1.module.project-factory.module.project_services.google_project_service.project_services",
            "module.bu1-prod-app1.module.project-factory.null_resource.preconditions",
            "module.bu1-prod-app1.module.project-factory.random_id.random_project_id_suffix"
          ]
        }
      ]
    },
    {
      "module": "module.bu1-prod-app1.module.project-factory.module.gcloud_deprivilege",
      "mode": "managed",
      "type": "null_resource",
      "name": "additional_components_destroy",
      "each": "list",
      "provider": "provider.null",
      "instances": []
    },
    {
      "module": "module.bu1-prod-app1.module.project-factory.module.gcloud_disable",
      "mode": "managed",
      "type": "null_resource",
      "name": "additional_components_destroy",
      "each": "list",
      "provider": "provider.null",
      "instances": []
    },
    {
      "module": "module.anthos_cluster.module.gke.module.gcloud_delete_default_kube_dns_configmap.module.gcloud_kubectl",
      "mode": "managed",
      "type": "null_resource",
      "name": "additional_components_destroy",
      "each": "list",
      "provider": "provider.null",
      "instances": []
    },
    {
      "module": "module.anthos_cluster.module.acm.module.acm_operator.module.k8sop_creds_secret.module.gcloud_kubectl",
      "mode": "managed",
      "type": "null_resource",
      "name": "additional_components_destroy",
      "each": "list",
      "provider": "provider.null",
      "instances": [
        {
          "index_key": 0,
          "schema_version": 0,
          "attributes": {
            "id": "7146934369745461706",
            "triggers": {
              "additional_components_command": ".terraform/modules/anthos_cluster.acm.acm_operator.k8sop_creds_secret/scripts/check_components.sh gcloud kubectl"
            }
          },
          "dependencies": [
            "module.anthos_cluster.google_service_account.service_account",
            "module.anthos_cluster.module.acm.module.acm_operator.module.k8s_operator.module.gcloud_kubectl.null_resource.additional_components",
            "module.anthos_cluster.module.acm.module.acm_operator.module.k8s_operator.module.gcloud_kubectl.null_resource.decompress",
            "module.anthos_cluster.module.acm.module.acm_operator.module.k8s_operator.module.gcloud_kubectl.null_resource.gcloud_auth_google_credentials",
            "module.anthos_cluster.module.acm.module.acm_operator.module.k8s_operator.module.gcloud_kubectl.null_resource.gcloud_auth_service_account_key_file",
            "module.anthos_cluster.module.acm.module.acm_operator.module.k8s_operator.module.gcloud_kubectl.null_resource.module_depends_on",
            "module.anthos_cluster.module.acm.module.acm_operator.module.k8s_operator.module.gcloud_kubectl.null_resource.run_command",
            "module.anthos_cluster.module.acm.module.acm_operator.module.k8s_operator.module.gcloud_kubectl.null_resource.run_destroy_command",
            "module.anthos_cluster.module.acm.module.acm_operator.module.k8s_operator.module.gcloud_kubectl.null_resource.upgrade",
            "module.anthos_cluster.module.acm.module.acm_operator.module.k8s_operator.module.gcloud_kubectl.random_id.cache",
            "module.anthos_cluster.module.acm.module.acm_operator.module.k8sop_creds_secret.module.gcloud_kubectl.null_resource.additional_components",
            "module.anthos_cluster.module.acm.module.acm_operator.module.k8sop_creds_secret.module.gcloud_kubectl.null_resource.decompress",
            "module.anthos_cluster.module.acm.module.acm_operator.module.k8sop_creds_secret.module.gcloud_kubectl.null_resource.gcloud_auth_google_credentials",
            "module.anthos_cluster.module.acm.module.acm_operator.module.k8sop_creds_secret.module.gcloud_kubectl.null_resource.gcloud_auth_service_account_key_file",
            "module.anthos_cluster.module.acm.module.acm_operator.module.k8sop_creds_secret.module.gcloud_kubectl.null_resource.module_depends_on",
            "module.anthos_cluster.module.acm.module.acm_operator.module.k8sop_creds_secret.module.gcloud_kubectl.null_resource.run_destroy_command",
            "module.anthos_cluster.module.acm.module.acm_operator.module.k8sop_creds_secret.module.gcloud_kubectl.null_resource.upgrade",
            "module.anthos_cluster.module.acm.module.acm_operator.module.k8sop_creds_secret.module.gcloud_kubectl.random_id.cache",
            "module.anthos_cluster.module.acm.module.acm_operator.module.k8sop_manifest.null_resource.additional_components",
            "module.anthos_cluster.module.acm.module.acm_operator.module.k8sop_manifest.null_resource.decompress",
            "module.anthos_cluster.module.acm.module.acm_operator.module.k8sop_manifest.null_resource.gcloud_auth_google_credentials",
            "module.anthos_cluster.module.acm.module.acm_operator.module.k8sop_manifest.null_resource.gcloud_auth_service_account_key_file",
            "module.anthos_cluster.module.acm.module.acm_operator.module.k8sop_manifest.null_resource.module_depends_on",
            "module.anthos_cluster.module.acm.module.acm_operator.module.k8sop_manifest.null_resource.run_command",
            "module.anthos_cluster.module.acm.module.acm_operator.module.k8sop_manifest.null_resource.run_destroy_command",
            "module.anthos_cluster.module.acm.module.acm_operator.module.k8sop_manifest.random_id.cache",
            "module.anthos_cluster.module.acm.module.acm_operator.tls_private_key.k8sop_creds",
            "module.anthos_cluster.module.gke.google_container_cluster.primary",
            "module.anthos_cluster.module.gke.google_container_node_pool.pools",
            "module.anthos_cluster.module.gke.google_service_account.cluster_service_account",
            "module.anthos_cluster.module.gke.module.gcloud_wait_for_cluster.null_resource.additional_components",
            "module.anthos_cluster.module.gke.module.gcloud_wait_for_cluster.null_resource.decompress",
            "module.anthos_cluster.module.gke.module.gcloud_wait_for_cluster.null_resource.gcloud_auth_google_credentials",
            "module.anthos_cluster.module.gke.module.gcloud_wait_for_cluster.null_resource.gcloud_auth_service_account_key_file",
            "module.anthos_cluster.module.gke.module.gcloud_wait_for_cluster.null_resource.module_depends_on",
            "module.anthos_cluster.module.gke.module.gcloud_wait_for_cluster.null_resource.run_command",
            "module.anthos_cluster.module.gke.module.gcloud_wait_for_cluster.null_resource.run_destroy_command",
            "module.anthos_cluster.module.gke.module.gcloud_wait_for_cluster.random_id.cache",
            "module.anthos_cluster.module.gke.random_shuffle.available_zones",
            "module.anthos_cluster.random_id.postfix",
            "module.bu1-prod-app1.module.project-factory.google_compute_shared_vpc_service_project.shared_vpc_attachment",
            "module.bu1-prod-app1.module.project-factory.google_project.main",
            "module.bu1-prod-app1.module.project-factory.module.project_services.google_project_service.project_services",
            "module.bu1-prod-app1.module.project-factory.null_resource.preconditions",
            "module.bu1-prod-app1.module.project-factory.random_id.random_project_id_suffix",
            "module.vpc.module.subnets.google_compute_subnetwork.subnetwork",
            "module.vpc.module.vpc.google_compute_network.network"
          ]
        }
      ]
    },
    {
      "module": "module.anthos_hub.module.enable_acm",
      "mode": "managed",
      "type": "null_resource",
      "name": "additional_components_destroy",
      "each": "list",
      "provider": "provider.null",
      "instances": [
        {
          "index_key": 0,
          "schema_version": 0,
          "attributes": {
            "id": "7195085854205577010",
            "triggers": {
              "additional_components_command": ".terraform/modules/anthos_hub.enable_acm/scripts/check_components.sh gcloud alpha"
            }
          },
          "dependencies": [
            "module.anthos_hub.module.enable_acm.null_resource.additional_components",
            "module.anthos_hub.module.enable_acm.null_resource.decompress",
            "module.anthos_hub.module.enable_acm.null_resource.gcloud_auth_google_credentials",
            "module.anthos_hub.module.enable_acm.null_resource.gcloud_auth_service_account_key_file",
            "module.anthos_hub.module.enable_acm.null_resource.module_depends_on",
            "module.anthos_hub.module.enable_acm.null_resource.run_destroy_command",
            "module.anthos_hub.module.enable_acm.null_resource.upgrade",
            "module.anthos_hub.module.enable_acm.random_id.cache",
            "module.anthos_hub_project.module.project-factory.google_compute_shared_vpc_service_project.shared_vpc_attachment",
            "module.anthos_hub_project.module.project-factory.google_project.main",
            "module.anthos_hub_project.module.project-factory.module.project_services.google_project_service.project_services",
            "module.anthos_hub_project.module.project-factory.null_resource.preconditions",
            "module.anthos_hub_project.module.project-factory.random_id.random_project_id_suffix"
          ]
        }
      ]
    },
    {
      "module": "module.anthos_hub_project.module.project-factory.module.gcloud_deprivilege",
      "mode": "managed",
      "type": "null_resource",
      "name": "additional_components_destroy",
      "each": "list",
      "provider": "provider.null",
      "instances": []
    },
    {
      "module": "module.anthos_cluster.module.acm.module.acm_operator.module.wait_for_gatekeeper.module.gcloud_kubectl",
      "mode": "managed",
      "type": "null_resource",
      "name": "additional_components_destroy",
      "each": "list",
      "provider": "provider.null",
      "instances": [
        {
          "index_key": 0,
          "schema_version": 0,
          "attributes": {
            "id": "4265385243375087222",
            "triggers": {
              "additional_components_command": ".terraform/modules/anthos_cluster.acm.acm_operator.wait_for_gatekeeper/scripts/check_components.sh gcloud kubectl"
            }
          },
          "dependencies": [
            "module.anthos_cluster.google_service_account.service_account",
            "module.anthos_cluster.module.acm.module.acm_operator.local_file.operator_cr",
            "module.anthos_cluster.module.acm.module.acm_operator.module.k8s_operator.module.gcloud_kubectl.null_resource.additional_components",
            "module.anthos_cluster.module.acm.module.acm_operator.module.k8s_operator.module.gcloud_kubectl.null_resource.decompress",
            "module.anthos_cluster.module.acm.module.acm_operator.module.k8s_operator.module.gcloud_kubectl.null_resource.gcloud_auth_google_credentials",
            "module.anthos_cluster.module.acm.module.acm_operator.module.k8s_operator.module.gcloud_kubectl.null_resource.gcloud_auth_service_account_key_file",
            "module.anthos_cluster.module.acm.module.acm_operator.module.k8s_operator.module.gcloud_kubectl.null_resource.module_depends_on",
            "module.anthos_cluster.module.acm.module.acm_operator.module.k8s_operator.module.gcloud_kubectl.null_resource.run_command",
            "module.anthos_cluster.module.acm.module.acm_operator.module.k8s_operator.module.gcloud_kubectl.null_resource.run_destroy_command",
            "module.anthos_cluster.module.acm.module.acm_operator.module.k8s_operator.module.gcloud_kubectl.null_resource.upgrade",
            "module.anthos_cluster.module.acm.module.acm_operator.module.k8s_operator.module.gcloud_kubectl.random_id.cache",
            "module.anthos_cluster.module.acm.module.acm_operator.module.k8sop_config.module.gcloud_kubectl.null_resource.additional_components",
            "module.anthos_cluster.module.acm.module.acm_operator.module.k8sop_config.module.gcloud_kubectl.null_resource.decompress",
            "module.anthos_cluster.module.acm.module.acm_operator.module.k8sop_config.module.gcloud_kubectl.null_resource.gcloud_auth_google_credentials",
            "module.anthos_cluster.module.acm.module.acm_operator.module.k8sop_config.module.gcloud_kubectl.null_resource.gcloud_auth_service_account_key_file",
            "module.anthos_cluster.module.acm.module.acm_operator.module.k8sop_config.module.gcloud_kubectl.null_resource.module_depends_on",
            "module.anthos_cluster.module.acm.module.acm_operator.module.k8sop_config.module.gcloud_kubectl.null_resource.run_command",
            "module.anthos_cluster.module.acm.module.acm_operator.module.k8sop_config.module.gcloud_kubectl.null_resource.run_destroy_command",
            "module.anthos_cluster.module.acm.module.acm_operator.module.k8sop_config.module.gcloud_kubectl.null_resource.upgrade",
            "module.anthos_cluster.module.acm.module.acm_operator.module.k8sop_config.module.gcloud_kubectl.random_id.cache",
            "module.anthos_cluster.module.acm.module.acm_operator.module.k8sop_creds_secret.module.gcloud_kubectl.null_resource.additional_components",
            "module.anthos_cluster.module.acm.module.acm_operator.module.k8sop_creds_secret.module.gcloud_kubectl.null_resource.decompress",
            "module.anthos_cluster.module.acm.module.acm_operator.module.k8sop_creds_secret.module.gcloud_kubectl.null_resource.gcloud_auth_google_credentials",
            "module.anthos_cluster.module.acm.module.acm_operator.module.k8sop_creds_secret.module.gcloud_kubectl.null_resource.gcloud_auth_service_account_key_file",
            "module.anthos_cluster.module.acm.module.acm_operator.module.k8sop_creds_secret.module.gcloud_kubectl.null_resource.module_depends_on",
            "module.anthos_cluster.module.acm.module.acm_operator.module.k8sop_creds_secret.module.gcloud_kubectl.null_resource.run_command",
            "module.anthos_cluster.module.acm.module.acm_operator.module.k8sop_creds_secret.module.gcloud_kubectl.null_resource.run_destroy_command",
            "module.anthos_cluster.module.acm.module.acm_operator.module.k8sop_creds_secret.module.gcloud_kubectl.null_resource.upgrade",
            "module.anthos_cluster.module.acm.module.acm_operator.module.k8sop_creds_secret.module.gcloud_kubectl.random_id.cache",
            "module.anthos_cluster.module.acm.module.acm_operator.module.k8sop_manifest.null_resource.additional_components",
            "module.anthos_cluster.module.acm.module.acm_operator.module.k8sop_manifest.null_resource.decompress",
            "module.anthos_cluster.module.acm.module.acm_operator.module.k8sop_manifest.null_resource.gcloud_auth_google_credentials",
            "module.anthos_cluster.module.acm.module.acm_operator.module.k8sop_manifest.null_resource.gcloud_auth_service_account_key_file",
            "module.anthos_cluster.module.acm.module.acm_operator.module.k8sop_manifest.null_resource.module_depends_on",
            "module.anthos_cluster.module.acm.module.acm_operator.module.k8sop_manifest.null_resource.run_command",
            "module.anthos_cluster.module.acm.module.acm_operator.module.k8sop_manifest.null_resource.run_destroy_command",
            "module.anthos_cluster.module.acm.module.acm_operator.module.k8sop_manifest.random_id.cache",
            "module.anthos_cluster.module.acm.module.acm_operator.module.wait_for_gatekeeper.module.gcloud_kubectl.null_resource.additional_components",
            "module.anthos_cluster.module.acm.module.acm_operator.module.wait_for_gatekeeper.module.gcloud_kubectl.null_resource.decompress",
            "module.anthos_cluster.module.acm.module.acm_operator.module.wait_for_gatekeeper.module.gcloud_kubectl.null_resource.gcloud_auth_google_credentials",
            "module.anthos_cluster.module.acm.module.acm_operator.module.wait_for_gatekeeper.module.gcloud_kubectl.null_resource.gcloud_auth_service_account_key_file",
            "module.anthos_cluster.module.acm.module.acm_operator.module.wait_for_gatekeeper.module.gcloud_kubectl.null_resource.module_depends_on",
            "module.anthos_cluster.module.acm.module.acm_operator.module.wait_for_gatekeeper.module.gcloud_kubectl.null_resource.run_destroy_command",
            "module.anthos_cluster.module.acm.module.acm_operator.module.wait_for_gatekeeper.module.gcloud_kubectl.null_resource.upgrade",
            "module.anthos_cluster.module.acm.module.acm_operator.module.wait_for_gatekeeper.module.gcloud_kubectl.random_id.cache",
            "module.anthos_cluster.module.acm.module.acm_operator.tls_private_key.k8sop_creds",
            "module.anthos_cluster.module.gke.google_container_cluster.primary",
            "module.anthos_cluster.module.gke.google_container_node_pool.pools",
            "module.anthos_cluster.module.gke.google_service_account.cluster_service_account",
            "module.anthos_cluster.module.gke.module.gcloud_wait_for_cluster.null_resource.additional_components",
            "module.anthos_cluster.module.gke.module.gcloud_wait_for_cluster.null_resource.decompress",
            "module.anthos_cluster.module.gke.module.gcloud_wait_for_cluster.null_resource.gcloud_auth_google_credentials",
            "module.anthos_cluster.module.gke.module.gcloud_wait_for_cluster.null_resource.gcloud_auth_service_account_key_file",
            "module.anthos_cluster.module.gke.module.gcloud_wait_for_cluster.null_resource.module_depends_on",
            "module.anthos_cluster.module.gke.module.gcloud_wait_for_cluster.null_resource.run_command",
            "module.anthos_cluster.module.gke.module.gcloud_wait_for_cluster.null_resource.run_destroy_command",
            "module.anthos_cluster.module.gke.module.gcloud_wait_for_cluster.random_id.cache",
            "module.anthos_cluster.module.gke.random_shuffle.available_zones",
            "module.anthos_cluster.random_id.postfix",
            "module.bu1-prod-app1.module.project-factory.google_compute_shared_vpc_service_project.shared_vpc_attachment",
            "module.bu1-prod-app1.module.project-factory.google_project.main",
            "module.bu1-prod-app1.module.project-factory.module.project_services.google_project_service.project_services",
            "module.bu1-prod-app1.module.project-factory.null_resource.preconditions",
            "module.bu1-prod-app1.module.project-factory.random_id.random_project_id_suffix",
            "module.vpc.module.subnets.google_compute_subnetwork.subnetwork",
            "module.vpc.module.vpc.google_compute_network.network"
          ]
        }
      ]
    },
    {
      "module": "module.anthos_cluster.module.acm.module.acm_operator.module.k8s_operator.module.gcloud_kubectl",
      "mode": "managed",
      "type": "null_resource",
      "name": "additional_components_destroy",
      "each": "list",
      "provider": "provider.null",
      "instances": [
        {
          "index_key": 0,
          "schema_version": 0,
          "attributes": {
            "id": "1345951555144587640",
            "triggers": {
              "additional_components_command": ".terraform/modules/anthos_cluster.acm.acm_operator.k8s_operator/scripts/check_components.sh gcloud kubectl"
            }
          },
          "dependencies": [
            "module.anthos_cluster.google_service_account.service_account",
            "module.anthos_cluster.module.acm.module.acm_operator.module.k8s_operator.module.gcloud_kubectl.null_resource.additional_components",
            "module.anthos_cluster.module.acm.module.acm_operator.module.k8s_operator.module.gcloud_kubectl.null_resource.decompress",
            "module.anthos_cluster.module.acm.module.acm_operator.module.k8s_operator.module.gcloud_kubectl.null_resource.gcloud_auth_google_credentials",
            "module.anthos_cluster.module.acm.module.acm_operator.module.k8s_operator.module.gcloud_kubectl.null_resource.gcloud_auth_service_account_key_file",
            "module.anthos_cluster.module.acm.module.acm_operator.module.k8s_operator.module.gcloud_kubectl.null_resource.module_depends_on",
            "module.anthos_cluster.module.acm.module.acm_operator.module.k8s_operator.module.gcloud_kubectl.null_resource.run_destroy_command",
            "module.anthos_cluster.module.acm.module.acm_operator.module.k8s_operator.module.gcloud_kubectl.null_resource.upgrade",
            "module.anthos_cluster.module.acm.module.acm_operator.module.k8s_operator.module.gcloud_kubectl.random_id.cache",
            "module.anthos_cluster.module.acm.module.acm_operator.module.k8sop_manifest.null_resource.additional_components",
            "module.anthos_cluster.module.acm.module.acm_operator.module.k8sop_manifest.null_resource.decompress",
            "module.anthos_cluster.module.acm.module.acm_operator.module.k8sop_manifest.null_resource.gcloud_auth_google_credentials",
            "module.anthos_cluster.module.acm.module.acm_operator.module.k8sop_manifest.null_resource.gcloud_auth_service_account_key_file",
            "module.anthos_cluster.module.acm.module.acm_operator.module.k8sop_manifest.null_resource.module_depends_on",
            "module.anthos_cluster.module.acm.module.acm_operator.module.k8sop_manifest.null_resource.run_command",
            "module.anthos_cluster.module.acm.module.acm_operator.module.k8sop_manifest.null_resource.run_destroy_command",
            "module.anthos_cluster.module.acm.module.acm_operator.module.k8sop_manifest.random_id.cache",
            "module.anthos_cluster.module.gke.google_container_cluster.primary",
            "module.anthos_cluster.module.gke.google_container_node_pool.pools",
            "module.anthos_cluster.module.gke.google_service_account.cluster_service_account",
            "module.anthos_cluster.module.gke.module.gcloud_wait_for_cluster.null_resource.additional_components",
            "module.anthos_cluster.module.gke.module.gcloud_wait_for_cluster.null_resource.decompress",
            "module.anthos_cluster.module.gke.module.gcloud_wait_for_cluster.null_resource.gcloud_auth_google_credentials",
            "module.anthos_cluster.module.gke.module.gcloud_wait_for_cluster.null_resource.gcloud_auth_service_account_key_file",
            "module.anthos_cluster.module.gke.module.gcloud_wait_for_cluster.null_resource.module_depends_on",
            "module.anthos_cluster.module.gke.module.gcloud_wait_for_cluster.null_resource.run_command",
            "module.anthos_cluster.module.gke.module.gcloud_wait_for_cluster.null_resource.run_destroy_command",
            "module.anthos_cluster.module.gke.module.gcloud_wait_for_cluster.random_id.cache",
            "module.anthos_cluster.module.gke.random_shuffle.available_zones",
            "module.anthos_cluster.random_id.postfix",
            "module.bu1-prod-app1.module.project-factory.google_compute_shared_vpc_service_project.shared_vpc_attachment",
            "module.bu1-prod-app1.module.project-factory.google_project.main",
            "module.bu1-prod-app1.module.project-factory.module.project_services.google_project_service.project_services",
            "module.bu1-prod-app1.module.project-factory.null_resource.preconditions",
            "module.bu1-prod-app1.module.project-factory.random_id.random_project_id_suffix",
            "module.vpc.module.subnets.google_compute_subnetwork.subnetwork",
            "module.vpc.module.vpc.google_compute_network.network"
          ]
        }
      ]
    },
    {
      "module": "module.anthos_cluster.module.acm.module.acm_operator.module.k8sop_manifest",
      "mode": "managed",
      "type": "null_resource",
      "name": "decompress",
      "each": "list",
      "provider": "provider.null",
      "instances": []
    },
    {
      "module": "module.anthos_cluster.module.acm.module.acm_operator.module.k8sop_config.module.gcloud_kubectl",
      "mode": "managed",
      "type": "null_resource",
      "name": "decompress",
      "each": "list",
      "provider": "provider.null",
      "instances": []
    },
    {
      "module": "module.anthos_hub_project.module.project-factory.module.gcloud_disable",
      "mode": "managed",
      "type": "null_resource",
      "name": "decompress",
      "each": "list",
      "provider": "provider.null",
      "instances": []
    },
    {
      "module": "module.bu1-prod-app1.module.project-factory.module.gcloud_delete",
      "mode": "managed",
      "type": "null_resource",
      "name": "decompress",
      "each": "list",
      "provider": "provider.null",
      "instances": []
    },
    {
      "module": "module.anthos_cluster.module.asm.module.asm_install.module.gcloud_kubectl",
      "mode": "managed",
      "type": "null_resource",
      "name": "decompress",
      "each": "list",
      "provider": "provider.null",
      "instances": []
    },
    {
      "module": "module.anthos_hub_project.module.project-factory.module.gcloud_delete",
      "mode": "managed",
      "type": "null_resource",
      "name": "decompress",
      "each": "list",
      "provider": "provider.null",
      "instances": []
    },
    {
      "module": "module.anthos_cluster.module.gke.module.gcloud_wait_for_cluster",
      "mode": "managed",
      "type": "null_resource",
      "name": "decompress",
      "each": "list",
      "provider": "provider.null",
      "instances": []
    },
    {
      "module": "module.anthos_cluster.module.acm.module.enable_acm",
      "mode": "managed",
      "type": "null_resource",
      "name": "decompress",
      "each": "list",
      "provider": "provider.null",
      "instances": []
    },
    {
      "module": "module.bu1-prod-app1.module.project-factory.module.gcloud_deprivilege",
      "mode": "managed",
      "type": "null_resource",
      "name": "decompress",
      "each": "list",
      "provider": "provider.null",
      "instances": []
    },
    {
      "module": "module.bu1-prod-app1.module.project-factory.module.gcloud_disable",
      "mode": "managed",
      "type": "null_resource",
      "name": "decompress",
      "each": "list",
      "provider": "provider.null",
      "instances": []
    },
    {
      "module": "module.anthos_cluster.module.gke.module.gcloud_delete_default_kube_dns_configmap.module.gcloud_kubectl",
      "mode": "managed",
      "type": "null_resource",
      "name": "decompress",
      "each": "list",
      "provider": "provider.null",
      "instances": []
    },
    {
      "module": "module.anthos_cluster.module.acm.module.acm_operator.module.k8sop_creds_secret.module.gcloud_kubectl",
      "mode": "managed",
      "type": "null_resource",
      "name": "decompress",
      "each": "list",
      "provider": "provider.null",
      "instances": []
    },
    {
      "module": "module.anthos_hub.module.enable_acm",
      "mode": "managed",
      "type": "null_resource",
      "name": "decompress",
      "each": "list",
      "provider": "provider.null",
      "instances": []
    },
    {
      "module": "module.anthos_hub_project.module.project-factory.module.gcloud_deprivilege",
      "mode": "managed",
      "type": "null_resource",
      "name": "decompress",
      "each": "list",
      "provider": "provider.null",
      "instances": []
    },
    {
      "module": "module.anthos_cluster.module.acm.module.acm_operator.module.wait_for_gatekeeper.module.gcloud_kubectl",
      "mode": "managed",
      "type": "null_resource",
      "name": "decompress",
      "each": "list",
      "provider": "provider.null",
      "instances": []
    },
    {
      "module": "module.anthos_cluster.module.acm.module.acm_operator.module.k8s_operator.module.gcloud_kubectl",
      "mode": "managed",
      "type": "null_resource",
      "name": "decompress",
      "each": "list",
      "provider": "provider.null",
      "instances": []
    },
    {
      "module": "module.anthos_cluster.module.acm.module.acm_operator.module.k8sop_manifest",
      "mode": "managed",
      "type": "null_resource",
      "name": "decompress_destroy",
      "each": "list",
      "provider": "provider.null",
      "instances": []
    },
    {
      "module": "module.anthos_cluster.module.acm.module.acm_operator.module.k8sop_config.module.gcloud_kubectl",
      "mode": "managed",
      "type": "null_resource",
      "name": "decompress_destroy",
      "each": "list",
      "provider": "provider.null",
      "instances": []
    },
    {
      "module": "module.anthos_hub_project.module.project-factory.module.gcloud_disable",
      "mode": "managed",
      "type": "null_resource",
      "name": "decompress_destroy",
      "each": "list",
      "provider": "provider.null",
      "instances": []
    },
    {
      "module": "module.bu1-prod-app1.module.project-factory.module.gcloud_delete",
      "mode": "managed",
      "type": "null_resource",
      "name": "decompress_destroy",
      "each": "list",
      "provider": "provider.null",
      "instances": []
    },
    {
      "module": "module.anthos_cluster.module.asm.module.asm_install.module.gcloud_kubectl",
      "mode": "managed",
      "type": "null_resource",
      "name": "decompress_destroy",
      "each": "list",
      "provider": "provider.null",
      "instances": []
    },
    {
      "module": "module.anthos_hub_project.module.project-factory.module.gcloud_delete",
      "mode": "managed",
      "type": "null_resource",
      "name": "decompress_destroy",
      "each": "list",
      "provider": "provider.null",
      "instances": []
    },
    {
      "module": "module.anthos_cluster.module.gke.module.gcloud_wait_for_cluster",
      "mode": "managed",
      "type": "null_resource",
      "name": "decompress_destroy",
      "each": "list",
      "provider": "provider.null",
      "instances": []
    },
    {
      "module": "module.anthos_cluster.module.acm.module.enable_acm",
      "mode": "managed",
      "type": "null_resource",
      "name": "decompress_destroy",
      "each": "list",
      "provider": "provider.null",
      "instances": []
    },
    {
      "module": "module.bu1-prod-app1.module.project-factory.module.gcloud_deprivilege",
      "mode": "managed",
      "type": "null_resource",
      "name": "decompress_destroy",
      "each": "list",
      "provider": "provider.null",
      "instances": []
    },
    {
      "module": "module.bu1-prod-app1.module.project-factory.module.gcloud_disable",
      "mode": "managed",
      "type": "null_resource",
      "name": "decompress_destroy",
      "each": "list",
      "provider": "provider.null",
      "instances": []
    },
    {
      "module": "module.anthos_cluster.module.gke.module.gcloud_delete_default_kube_dns_configmap.module.gcloud_kubectl",
      "mode": "managed",
      "type": "null_resource",
      "name": "decompress_destroy",
      "each": "list",
      "provider": "provider.null",
      "instances": []
    },
    {
      "module": "module.anthos_cluster.module.acm.module.acm_operator.module.k8sop_creds_secret.module.gcloud_kubectl",
      "mode": "managed",
      "type": "null_resource",
      "name": "decompress_destroy",
      "each": "list",
      "provider": "provider.null",
      "instances": []
    },
    {
      "module": "module.anthos_hub.module.enable_acm",
      "mode": "managed",
      "type": "null_resource",
      "name": "decompress_destroy",
      "each": "list",
      "provider": "provider.null",
      "instances": []
    },
    {
      "module": "module.anthos_hub_project.module.project-factory.module.gcloud_deprivilege",
      "mode": "managed",
      "type": "null_resource",
      "name": "decompress_destroy",
      "each": "list",
      "provider": "provider.null",
      "instances": []
    },
    {
      "module": "module.anthos_cluster.module.acm.module.acm_operator.module.wait_for_gatekeeper.module.gcloud_kubectl",
      "mode": "managed",
      "type": "null_resource",
      "name": "decompress_destroy",
      "each": "list",
      "provider": "provider.null",
      "instances": []
    },
    {
      "module": "module.anthos_cluster.module.acm.module.acm_operator.module.k8s_operator.module.gcloud_kubectl",
      "mode": "managed",
      "type": "null_resource",
      "name": "decompress_destroy",
      "each": "list",
      "provider": "provider.null",
      "instances": []
    },
    {
      "module": "module.anthos_cluster.module.acm.module.acm_operator.module.k8sop_manifest",
      "mode": "managed",
      "type": "null_resource",
      "name": "download_gcloud",
      "each": "list",
      "provider": "provider.null",
      "instances": []
    },
    {
      "module": "module.anthos_cluster.module.acm.module.acm_operator.module.k8sop_config.module.gcloud_kubectl",
      "mode": "managed",
      "type": "null_resource",
      "name": "download_gcloud",
      "each": "list",
      "provider": "provider.null",
      "instances": []
    },
    {
      "module": "module.anthos_hub_project.module.project-factory.module.gcloud_disable",
      "mode": "managed",
      "type": "null_resource",
      "name": "download_gcloud",
      "each": "list",
      "provider": "provider.null",
      "instances": []
    },
    {
      "module": "module.bu1-prod-app1.module.project-factory.module.gcloud_delete",
      "mode": "managed",
      "type": "null_resource",
      "name": "download_gcloud",
      "each": "list",
      "provider": "provider.null",
      "instances": []
    },
    {
      "module": "module.anthos_cluster.module.asm.module.asm_install.module.gcloud_kubectl",
      "mode": "managed",
      "type": "null_resource",
      "name": "download_gcloud",
      "each": "list",
      "provider": "provider.null",
      "instances": []
    },
    {
      "module": "module.anthos_hub_project.module.project-factory.module.gcloud_delete",
      "mode": "managed",
      "type": "null_resource",
      "name": "download_gcloud",
      "each": "list",
      "provider": "provider.null",
      "instances": []
    },
    {
      "module": "module.anthos_cluster.module.gke.module.gcloud_wait_for_cluster",
      "mode": "managed",
      "type": "null_resource",
      "name": "download_gcloud",
      "each": "list",
      "provider": "provider.null",
      "instances": []
    },
    {
      "module": "module.anthos_cluster.module.acm.module.enable_acm",
      "mode": "managed",
      "type": "null_resource",
      "name": "download_gcloud",
      "each": "list",
      "provider": "provider.null",
      "instances": []
    },
    {
      "module": "module.bu1-prod-app1.module.project-factory.module.gcloud_deprivilege",
      "mode": "managed",
      "type": "null_resource",
      "name": "download_gcloud",
      "each": "list",
      "provider": "provider.null",
      "instances": []
    },
    {
      "module": "module.bu1-prod-app1.module.project-factory.module.gcloud_disable",
      "mode": "managed",
      "type": "null_resource",
      "name": "download_gcloud",
      "each": "list",
      "provider": "provider.null",
      "instances": []
    },
    {
      "module": "module.anthos_cluster.module.gke.module.gcloud_delete_default_kube_dns_configmap.module.gcloud_kubectl",
      "mode": "managed",
      "type": "null_resource",
      "name": "download_gcloud",
      "each": "list",
      "provider": "provider.null",
      "instances": []
    },
    {
      "module": "module.anthos_cluster.module.acm.module.acm_operator.module.k8sop_creds_secret.module.gcloud_kubectl",
      "mode": "managed",
      "type": "null_resource",
      "name": "download_gcloud",
      "each": "list",
      "provider": "provider.null",
      "instances": []
    },
    {
      "module": "module.anthos_hub.module.enable_acm",
      "mode": "managed",
      "type": "null_resource",
      "name": "download_gcloud",
      "each": "list",
      "provider": "provider.null",
      "instances": []
    },
    {
      "module": "module.anthos_hub_project.module.project-factory.module.gcloud_deprivilege",
      "mode": "managed",
      "type": "null_resource",
      "name": "download_gcloud",
      "each": "list",
      "provider": "provider.null",
      "instances": []
    },
    {
      "module": "module.anthos_cluster.module.acm.module.acm_operator.module.wait_for_gatekeeper.module.gcloud_kubectl",
      "mode": "managed",
      "type": "null_resource",
      "name": "download_gcloud",
      "each": "list",
      "provider": "provider.null",
      "instances": []
    },
    {
      "module": "module.anthos_cluster.module.acm.module.acm_operator.module.k8s_operator.module.gcloud_kubectl",
      "mode": "managed",
      "type": "null_resource",
      "name": "download_gcloud",
      "each": "list",
      "provider": "provider.null",
      "instances": []
    },
    {
      "module": "module.anthos_cluster.module.acm.module.acm_operator.module.k8sop_manifest",
      "mode": "managed",
      "type": "null_resource",
      "name": "download_jq",
      "each": "list",
      "provider": "provider.null",
      "instances": []
    },
    {
      "module": "module.anthos_cluster.module.acm.module.acm_operator.module.k8sop_config.module.gcloud_kubectl",
      "mode": "managed",
      "type": "null_resource",
      "name": "download_jq",
      "each": "list",
      "provider": "provider.null",
      "instances": []
    },
    {
      "module": "module.anthos_hub_project.module.project-factory.module.gcloud_disable",
      "mode": "managed",
      "type": "null_resource",
      "name": "download_jq",
      "each": "list",
      "provider": "provider.null",
      "instances": []
    },
    {
      "module": "module.bu1-prod-app1.module.project-factory.module.gcloud_delete",
      "mode": "managed",
      "type": "null_resource",
      "name": "download_jq",
      "each": "list",
      "provider": "provider.null",
      "instances": []
    },
    {
      "module": "module.anthos_cluster.module.asm.module.asm_install.module.gcloud_kubectl",
      "mode": "managed",
      "type": "null_resource",
      "name": "download_jq",
      "each": "list",
      "provider": "provider.null",
      "instances": []
    },
    {
      "module": "module.anthos_hub_project.module.project-factory.module.gcloud_delete",
      "mode": "managed",
      "type": "null_resource",
      "name": "download_jq",
      "each": "list",
      "provider": "provider.null",
      "instances": []
    },
    {
      "module": "module.anthos_cluster.module.gke.module.gcloud_wait_for_cluster",
      "mode": "managed",
      "type": "null_resource",
      "name": "download_jq",
      "each": "list",
      "provider": "provider.null",
      "instances": []
    },
    {
      "module": "module.anthos_cluster.module.acm.module.enable_acm",
      "mode": "managed",
      "type": "null_resource",
      "name": "download_jq",
      "each": "list",
      "provider": "provider.null",
      "instances": []
    },
    {
      "module": "module.bu1-prod-app1.module.project-factory.module.gcloud_deprivilege",
      "mode": "managed",
      "type": "null_resource",
      "name": "download_jq",
      "each": "list",
      "provider": "provider.null",
      "instances": []
    },
    {
      "module": "module.bu1-prod-app1.module.project-factory.module.gcloud_disable",
      "mode": "managed",
      "type": "null_resource",
      "name": "download_jq",
      "each": "list",
      "provider": "provider.null",
      "instances": []
    },
    {
      "module": "module.anthos_cluster.module.gke.module.gcloud_delete_default_kube_dns_configmap.module.gcloud_kubectl",
      "mode": "managed",
      "type": "null_resource",
      "name": "download_jq",
      "each": "list",
      "provider": "provider.null",
      "instances": []
    },
    {
      "module": "module.anthos_cluster.module.acm.module.acm_operator.module.k8sop_creds_secret.module.gcloud_kubectl",
      "mode": "managed",
      "type": "null_resource",
      "name": "download_jq",
      "each": "list",
      "provider": "provider.null",
      "instances": []
    },
    {
      "module": "module.anthos_hub.module.enable_acm",
      "mode": "managed",
      "type": "null_resource",
      "name": "download_jq",
      "each": "list",
      "provider": "provider.null",
      "instances": []
    },
    {
      "module": "module.anthos_hub_project.module.project-factory.module.gcloud_deprivilege",
      "mode": "managed",
      "type": "null_resource",
      "name": "download_jq",
      "each": "list",
      "provider": "provider.null",
      "instances": []
    },
    {
      "module": "module.anthos_cluster.module.acm.module.acm_operator.module.wait_for_gatekeeper.module.gcloud_kubectl",
      "mode": "managed",
      "type": "null_resource",
      "name": "download_jq",
      "each": "list",
      "provider": "provider.null",
      "instances": []
    },
    {
      "module": "module.anthos_cluster.module.acm.module.acm_operator.module.k8s_operator.module.gcloud_kubectl",
      "mode": "managed",
      "type": "null_resource",
      "name": "download_jq",
      "each": "list",
      "provider": "provider.null",
      "instances": []
    },
    {
      "module": "module.anthos_cluster.module.acm.module.acm_operator.module.k8sop_manifest",
      "mode": "managed",
      "type": "null_resource",
      "name": "gcloud_auth_google_credentials",
      "each": "list",
      "provider": "provider.null",
      "instances": []
    },
    {
      "module": "module.anthos_cluster.module.acm.module.acm_operator.module.k8sop_config.module.gcloud_kubectl",
      "mode": "managed",
      "type": "null_resource",
      "name": "gcloud_auth_google_credentials",
      "each": "list",
      "provider": "provider.null",
      "instances": []
    },
    {
      "module": "module.anthos_hub_project.module.project-factory.module.gcloud_disable",
      "mode": "managed",
      "type": "null_resource",
      "name": "gcloud_auth_google_credentials",
      "each": "list",
      "provider": "provider.null",
      "instances": []
    },
    {
      "module": "module.bu1-prod-app1.module.project-factory.module.gcloud_delete",
      "mode": "managed",
      "type": "null_resource",
      "name": "gcloud_auth_google_credentials",
      "each": "list",
      "provider": "provider.null",
      "instances": []
    },
    {
      "module": "module.anthos_cluster.module.asm.module.asm_install.module.gcloud_kubectl",
      "mode": "managed",
      "type": "null_resource",
      "name": "gcloud_auth_google_credentials",
      "each": "list",
      "provider": "provider.null",
      "instances": []
    },
    {
      "module": "module.anthos_hub_project.module.project-factory.module.gcloud_delete",
      "mode": "managed",
      "type": "null_resource",
      "name": "gcloud_auth_google_credentials",
      "each": "list",
      "provider": "provider.null",
      "instances": []
    },
    {
      "module": "module.anthos_cluster.module.gke.module.gcloud_wait_for_cluster",
      "mode": "managed",
      "type": "null_resource",
      "name": "gcloud_auth_google_credentials",
      "each": "list",
      "provider": "provider.null",
      "instances": []
    },
    {
      "module": "module.anthos_cluster.module.acm.module.enable_acm",
      "mode": "managed",
      "type": "null_resource",
      "name": "gcloud_auth_google_credentials",
      "each": "list",
      "provider": "provider.null",
      "instances": []
    },
    {
      "module": "module.bu1-prod-app1.module.project-factory.module.gcloud_deprivilege",
      "mode": "managed",
      "type": "null_resource",
      "name": "gcloud_auth_google_credentials",
      "each": "list",
      "provider": "provider.null",
      "instances": []
    },
    {
      "module": "module.bu1-prod-app1.module.project-factory.module.gcloud_disable",
      "mode": "managed",
      "type": "null_resource",
      "name": "gcloud_auth_google_credentials",
      "each": "list",
      "provider": "provider.null",
      "instances": []
    },
    {
      "module": "module.anthos_cluster.module.gke.module.gcloud_delete_default_kube_dns_configmap.module.gcloud_kubectl",
      "mode": "managed",
      "type": "null_resource",
      "name": "gcloud_auth_google_credentials",
      "each": "list",
      "provider": "provider.null",
      "instances": []
    },
    {
      "module": "module.anthos_cluster.module.acm.module.acm_operator.module.k8sop_creds_secret.module.gcloud_kubectl",
      "mode": "managed",
      "type": "null_resource",
      "name": "gcloud_auth_google_credentials",
      "each": "list",
      "provider": "provider.null",
      "instances": []
    },
    {
      "module": "module.anthos_hub.module.enable_acm",
      "mode": "managed",
      "type": "null_resource",
      "name": "gcloud_auth_google_credentials",
      "each": "list",
      "provider": "provider.null",
      "instances": []
    },
    {
      "module": "module.anthos_hub_project.module.project-factory.module.gcloud_deprivilege",
      "mode": "managed",
      "type": "null_resource",
      "name": "gcloud_auth_google_credentials",
      "each": "list",
      "provider": "provider.null",
      "instances": []
    },
    {
      "module": "module.anthos_cluster.module.acm.module.acm_operator.module.wait_for_gatekeeper.module.gcloud_kubectl",
      "mode": "managed",
      "type": "null_resource",
      "name": "gcloud_auth_google_credentials",
      "each": "list",
      "provider": "provider.null",
      "instances": []
    },
    {
      "module": "module.anthos_cluster.module.acm.module.acm_operator.module.k8s_operator.module.gcloud_kubectl",
      "mode": "managed",
      "type": "null_resource",
      "name": "gcloud_auth_google_credentials",
      "each": "list",
      "provider": "provider.null",
      "instances": []
    },
    {
      "module": "module.anthos_cluster.module.acm.module.acm_operator.module.k8sop_manifest",
      "mode": "managed",
      "type": "null_resource",
      "name": "gcloud_auth_google_credentials_destroy",
      "each": "list",
      "provider": "provider.null",
      "instances": []
    },
    {
      "module": "module.anthos_cluster.module.acm.module.acm_operator.module.k8sop_config.module.gcloud_kubectl",
      "mode": "managed",
      "type": "null_resource",
      "name": "gcloud_auth_google_credentials_destroy",
      "each": "list",
      "provider": "provider.null",
      "instances": []
    },
    {
      "module": "module.anthos_hub_project.module.project-factory.module.gcloud_disable",
      "mode": "managed",
      "type": "null_resource",
      "name": "gcloud_auth_google_credentials_destroy",
      "each": "list",
      "provider": "provider.null",
      "instances": []
    },
    {
      "module": "module.bu1-prod-app1.module.project-factory.module.gcloud_delete",
      "mode": "managed",
      "type": "null_resource",
      "name": "gcloud_auth_google_credentials_destroy",
      "each": "list",
      "provider": "provider.null",
      "instances": []
    },
    {
      "module": "module.anthos_cluster.module.asm.module.asm_install.module.gcloud_kubectl",
      "mode": "managed",
      "type": "null_resource",
      "name": "gcloud_auth_google_credentials_destroy",
      "each": "list",
      "provider": "provider.null",
      "instances": []
    },
    {
      "module": "module.anthos_hub_project.module.project-factory.module.gcloud_delete",
      "mode": "managed",
      "type": "null_resource",
      "name": "gcloud_auth_google_credentials_destroy",
      "each": "list",
      "provider": "provider.null",
      "instances": []
    },
    {
      "module": "module.anthos_cluster.module.gke.module.gcloud_wait_for_cluster",
      "mode": "managed",
      "type": "null_resource",
      "name": "gcloud_auth_google_credentials_destroy",
      "each": "list",
      "provider": "provider.null",
      "instances": []
    },
    {
      "module": "module.anthos_cluster.module.acm.module.enable_acm",
      "mode": "managed",
      "type": "null_resource",
      "name": "gcloud_auth_google_credentials_destroy",
      "each": "list",
      "provider": "provider.null",
      "instances": []
    },
    {
      "module": "module.bu1-prod-app1.module.project-factory.module.gcloud_deprivilege",
      "mode": "managed",
      "type": "null_resource",
      "name": "gcloud_auth_google_credentials_destroy",
      "each": "list",
      "provider": "provider.null",
      "instances": []
    },
    {
      "module": "module.bu1-prod-app1.module.project-factory.module.gcloud_disable",
      "mode": "managed",
      "type": "null_resource",
      "name": "gcloud_auth_google_credentials_destroy",
      "each": "list",
      "provider": "provider.null",
      "instances": []
    },
    {
      "module": "module.anthos_cluster.module.gke.module.gcloud_delete_default_kube_dns_configmap.module.gcloud_kubectl",
      "mode": "managed",
      "type": "null_resource",
      "name": "gcloud_auth_google_credentials_destroy",
      "each": "list",
      "provider": "provider.null",
      "instances": []
    },
    {
      "module": "module.anthos_cluster.module.acm.module.acm_operator.module.k8sop_creds_secret.module.gcloud_kubectl",
      "mode": "managed",
      "type": "null_resource",
      "name": "gcloud_auth_google_credentials_destroy",
      "each": "list",
      "provider": "provider.null",
      "instances": []
    },
    {
      "module": "module.anthos_hub.module.enable_acm",
      "mode": "managed",
      "type": "null_resource",
      "name": "gcloud_auth_google_credentials_destroy",
      "each": "list",
      "provider": "provider.null",
      "instances": []
    },
    {
      "module": "module.anthos_hub_project.module.project-factory.module.gcloud_deprivilege",
      "mode": "managed",
      "type": "null_resource",
      "name": "gcloud_auth_google_credentials_destroy",
      "each": "list",
      "provider": "provider.null",
      "instances": []
    },
    {
      "module": "module.anthos_cluster.module.acm.module.acm_operator.module.wait_for_gatekeeper.module.gcloud_kubectl",
      "mode": "managed",
      "type": "null_resource",
      "name": "gcloud_auth_google_credentials_destroy",
      "each": "list",
      "provider": "provider.null",
      "instances": []
    },
    {
      "module": "module.anthos_cluster.module.acm.module.acm_operator.module.k8s_operator.module.gcloud_kubectl",
      "mode": "managed",
      "type": "null_resource",
      "name": "gcloud_auth_google_credentials_destroy",
      "each": "list",
      "provider": "provider.null",
      "instances": []
    },
    {
      "module": "module.anthos_cluster.module.acm.module.acm_operator.module.k8sop_manifest",
      "mode": "managed",
      "type": "null_resource",
      "name": "gcloud_auth_service_account_key_file",
      "each": "list",
      "provider": "provider.null",
      "instances": []
    },
    {
      "module": "module.anthos_cluster.module.acm.module.acm_operator.module.k8sop_config.module.gcloud_kubectl",
      "mode": "managed",
      "type": "null_resource",
      "name": "gcloud_auth_service_account_key_file",
      "each": "list",
      "provider": "provider.null",
      "instances": []
    },
    {
      "module": "module.anthos_hub_project.module.project-factory.module.gcloud_disable",
      "mode": "managed",
      "type": "null_resource",
      "name": "gcloud_auth_service_account_key_file",
      "each": "list",
      "provider": "provider.null",
      "instances": []
    },
    {
      "module": "module.bu1-prod-app1.module.project-factory.module.gcloud_delete",
      "mode": "managed",
      "type": "null_resource",
      "name": "gcloud_auth_service_account_key_file",
      "each": "list",
      "provider": "provider.null",
      "instances": []
    },
    {
      "module": "module.anthos_cluster.module.asm.module.asm_install.module.gcloud_kubectl",
      "mode": "managed",
      "type": "null_resource",
      "name": "gcloud_auth_service_account_key_file",
      "each": "list",
      "provider": "provider.null",
      "instances": []
    },
    {
      "module": "module.anthos_hub_project.module.project-factory.module.gcloud_delete",
      "mode": "managed",
      "type": "null_resource",
      "name": "gcloud_auth_service_account_key_file",
      "each": "list",
      "provider": "provider.null",
      "instances": []
    },
    {
      "module": "module.anthos_cluster.module.gke.module.gcloud_wait_for_cluster",
      "mode": "managed",
      "type": "null_resource",
      "name": "gcloud_auth_service_account_key_file",
      "each": "list",
      "provider": "provider.null",
      "instances": []
    },
    {
      "module": "module.anthos_cluster.module.acm.module.enable_acm",
      "mode": "managed",
      "type": "null_resource",
      "name": "gcloud_auth_service_account_key_file",
      "each": "list",
      "provider": "provider.null",
      "instances": []
    },
    {
      "module": "module.bu1-prod-app1.module.project-factory.module.gcloud_deprivilege",
      "mode": "managed",
      "type": "null_resource",
      "name": "gcloud_auth_service_account_key_file",
      "each": "list",
      "provider": "provider.null",
      "instances": []
    },
    {
      "module": "module.bu1-prod-app1.module.project-factory.module.gcloud_disable",
      "mode": "managed",
      "type": "null_resource",
      "name": "gcloud_auth_service_account_key_file",
      "each": "list",
      "provider": "provider.null",
      "instances": []
    },
    {
      "module": "module.anthos_cluster.module.gke.module.gcloud_delete_default_kube_dns_configmap.module.gcloud_kubectl",
      "mode": "managed",
      "type": "null_resource",
      "name": "gcloud_auth_service_account_key_file",
      "each": "list",
      "provider": "provider.null",
      "instances": []
    },
    {
      "module": "module.anthos_cluster.module.acm.module.acm_operator.module.k8sop_creds_secret.module.gcloud_kubectl",
      "mode": "managed",
      "type": "null_resource",
      "name": "gcloud_auth_service_account_key_file",
      "each": "list",
      "provider": "provider.null",
      "instances": []
    },
    {
      "module": "module.anthos_hub.module.enable_acm",
      "mode": "managed",
      "type": "null_resource",
      "name": "gcloud_auth_service_account_key_file",
      "each": "list",
      "provider": "provider.null",
      "instances": []
    },
    {
      "module": "module.anthos_hub_project.module.project-factory.module.gcloud_deprivilege",
      "mode": "managed",
      "type": "null_resource",
      "name": "gcloud_auth_service_account_key_file",
      "each": "list",
      "provider": "provider.null",
      "instances": []
    },
    {
      "module": "module.anthos_cluster.module.acm.module.acm_operator.module.wait_for_gatekeeper.module.gcloud_kubectl",
      "mode": "managed",
      "type": "null_resource",
      "name": "gcloud_auth_service_account_key_file",
      "each": "list",
      "provider": "provider.null",
      "instances": []
    },
    {
      "module": "module.anthos_cluster.module.acm.module.acm_operator.module.k8s_operator.module.gcloud_kubectl",
      "mode": "managed",
      "type": "null_resource",
      "name": "gcloud_auth_service_account_key_file",
      "each": "list",
      "provider": "provider.null",
      "instances": []
    },
    {
      "module": "module.anthos_cluster.module.acm.module.acm_operator.module.k8sop_manifest",
      "mode": "managed",
      "type": "null_resource",
      "name": "gcloud_auth_service_account_key_file_destroy",
      "each": "list",
      "provider": "provider.null",
      "instances": []
    },
    {
      "module": "module.anthos_cluster.module.acm.module.acm_operator.module.k8sop_config.module.gcloud_kubectl",
      "mode": "managed",
      "type": "null_resource",
      "name": "gcloud_auth_service_account_key_file_destroy",
      "each": "list",
      "provider": "provider.null",
      "instances": []
    },
    {
      "module": "module.anthos_hub_project.module.project-factory.module.gcloud_disable",
      "mode": "managed",
      "type": "null_resource",
      "name": "gcloud_auth_service_account_key_file_destroy",
      "each": "list",
      "provider": "provider.null",
      "instances": []
    },
    {
      "module": "module.bu1-prod-app1.module.project-factory.module.gcloud_delete",
      "mode": "managed",
      "type": "null_resource",
      "name": "gcloud_auth_service_account_key_file_destroy",
      "each": "list",
      "provider": "provider.null",
      "instances": []
    },
    {
      "module": "module.anthos_cluster.module.asm.module.asm_install.module.gcloud_kubectl",
      "mode": "managed",
      "type": "null_resource",
      "name": "gcloud_auth_service_account_key_file_destroy",
      "each": "list",
      "provider": "provider.null",
      "instances": []
    },
    {
      "module": "module.anthos_hub_project.module.project-factory.module.gcloud_delete",
      "mode": "managed",
      "type": "null_resource",
      "name": "gcloud_auth_service_account_key_file_destroy",
      "each": "list",
      "provider": "provider.null",
      "instances": []
    },
    {
      "module": "module.anthos_cluster.module.gke.module.gcloud_wait_for_cluster",
      "mode": "managed",
      "type": "null_resource",
      "name": "gcloud_auth_service_account_key_file_destroy",
      "each": "list",
      "provider": "provider.null",
      "instances": []
    },
    {
      "module": "module.anthos_cluster.module.acm.module.enable_acm",
      "mode": "managed",
      "type": "null_resource",
      "name": "gcloud_auth_service_account_key_file_destroy",
      "each": "list",
      "provider": "provider.null",
      "instances": []
    },
    {
      "module": "module.bu1-prod-app1.module.project-factory.module.gcloud_deprivilege",
      "mode": "managed",
      "type": "null_resource",
      "name": "gcloud_auth_service_account_key_file_destroy",
      "each": "list",
      "provider": "provider.null",
      "instances": []
    },
    {
      "module": "module.bu1-prod-app1.module.project-factory.module.gcloud_disable",
      "mode": "managed",
      "type": "null_resource",
      "name": "gcloud_auth_service_account_key_file_destroy",
      "each": "list",
      "provider": "provider.null",
      "instances": []
    },
    {
      "module": "module.anthos_cluster.module.gke.module.gcloud_delete_default_kube_dns_configmap.module.gcloud_kubectl",
      "mode": "managed",
      "type": "null_resource",
      "name": "gcloud_auth_service_account_key_file_destroy",
      "each": "list",
      "provider": "provider.null",
      "instances": []
    },
    {
      "module": "module.anthos_cluster.module.acm.module.acm_operator.module.k8sop_creds_secret.module.gcloud_kubectl",
      "mode": "managed",
      "type": "null_resource",
      "name": "gcloud_auth_service_account_key_file_destroy",
      "each": "list",
      "provider": "provider.null",
      "instances": []
    },
    {
      "module": "module.anthos_hub.module.enable_acm",
      "mode": "managed",
      "type": "null_resource",
      "name": "gcloud_auth_service_account_key_file_destroy",
      "each": "list",
      "provider": "provider.null",
      "instances": []
    },
    {
      "module": "module.anthos_hub_project.module.project-factory.module.gcloud_deprivilege",
      "mode": "managed",
      "type": "null_resource",
      "name": "gcloud_auth_service_account_key_file_destroy",
      "each": "list",
      "provider": "provider.null",
      "instances": []
    },
    {
      "module": "module.anthos_cluster.module.acm.module.acm_operator.module.wait_for_gatekeeper.module.gcloud_kubectl",
      "mode": "managed",
      "type": "null_resource",
      "name": "gcloud_auth_service_account_key_file_destroy",
      "each": "list",
      "provider": "provider.null",
      "instances": []
    },
    {
      "module": "module.anthos_cluster.module.acm.module.acm_operator.module.k8s_operator.module.gcloud_kubectl",
      "mode": "managed",
      "type": "null_resource",
      "name": "gcloud_auth_service_account_key_file_destroy",
      "each": "list",
      "provider": "provider.null",
      "instances": []
    },
    {
      "module": "module.anthos_cluster.module.acm.module.acm_operator.module.k8sop_manifest",
      "mode": "managed",
      "type": "null_resource",
      "name": "module_depends_on",
      "each": "list",
      "provider": "provider.null",
      "instances": []
    },
    {
      "module": "module.anthos_cluster.module.acm.module.acm_operator.module.k8sop_config.module.gcloud_kubectl",
      "mode": "managed",
      "type": "null_resource",
      "name": "module_depends_on",
      "each": "list",
      "provider": "provider.null",
      "instances": [
        {
          "index_key": 0,
          "schema_version": 0,
          "attributes": {
            "id": "8652621362253690766",
            "triggers": {
              "value": "2"
            }
          },
          "dependencies": [
            "module.anthos_cluster.google_service_account.service_account",
            "module.anthos_cluster.module.acm.module.acm_operator.module.k8s_operator.module.gcloud_kubectl.null_resource.additional_components",
            "module.anthos_cluster.module.acm.module.acm_operator.module.k8s_operator.module.gcloud_kubectl.null_resource.decompress",
            "module.anthos_cluster.module.acm.module.acm_operator.module.k8s_operator.module.gcloud_kubectl.null_resource.gcloud_auth_google_credentials",
            "module.anthos_cluster.module.acm.module.acm_operator.module.k8s_operator.module.gcloud_kubectl.null_resource.gcloud_auth_service_account_key_file",
            "module.anthos_cluster.module.acm.module.acm_operator.module.k8s_operator.module.gcloud_kubectl.null_resource.module_depends_on",
            "module.anthos_cluster.module.acm.module.acm_operator.module.k8s_operator.module.gcloud_kubectl.null_resource.run_command",
            "module.anthos_cluster.module.acm.module.acm_operator.module.k8s_operator.module.gcloud_kubectl.null_resource.run_destroy_command",
            "module.anthos_cluster.module.acm.module.acm_operator.module.k8s_operator.module.gcloud_kubectl.null_resource.upgrade",
            "module.anthos_cluster.module.acm.module.acm_operator.module.k8s_operator.module.gcloud_kubectl.random_id.cache",
            "module.anthos_cluster.module.acm.module.acm_operator.module.k8sop_creds_secret.module.gcloud_kubectl.null_resource.additional_components",
            "module.anthos_cluster.module.acm.module.acm_operator.module.k8sop_creds_secret.module.gcloud_kubectl.null_resource.decompress",
            "module.anthos_cluster.module.acm.module.acm_operator.module.k8sop_creds_secret.module.gcloud_kubectl.null_resource.gcloud_auth_google_credentials",
            "module.anthos_cluster.module.acm.module.acm_operator.module.k8sop_creds_secret.module.gcloud_kubectl.null_resource.gcloud_auth_service_account_key_file",
            "module.anthos_cluster.module.acm.module.acm_operator.module.k8sop_creds_secret.module.gcloud_kubectl.null_resource.module_depends_on",
            "module.anthos_cluster.module.acm.module.acm_operator.module.k8sop_creds_secret.module.gcloud_kubectl.null_resource.run_command",
            "module.anthos_cluster.module.acm.module.acm_operator.module.k8sop_creds_secret.module.gcloud_kubectl.null_resource.run_destroy_command",
            "module.anthos_cluster.module.acm.module.acm_operator.module.k8sop_creds_secret.module.gcloud_kubectl.null_resource.upgrade",
            "module.anthos_cluster.module.acm.module.acm_operator.module.k8sop_creds_secret.module.gcloud_kubectl.random_id.cache",
            "module.anthos_cluster.module.acm.module.acm_operator.module.k8sop_manifest.null_resource.additional_components",
            "module.anthos_cluster.module.acm.module.acm_operator.module.k8sop_manifest.null_resource.decompress",
            "module.anthos_cluster.module.acm.module.acm_operator.module.k8sop_manifest.null_resource.gcloud_auth_google_credentials",
            "module.anthos_cluster.module.acm.module.acm_operator.module.k8sop_manifest.null_resource.gcloud_auth_service_account_key_file",
            "module.anthos_cluster.module.acm.module.acm_operator.module.k8sop_manifest.null_resource.module_depends_on",
            "module.anthos_cluster.module.acm.module.acm_operator.module.k8sop_manifest.null_resource.run_command",
            "module.anthos_cluster.module.acm.module.acm_operator.module.k8sop_manifest.null_resource.run_destroy_command",
            "module.anthos_cluster.module.acm.module.acm_operator.module.k8sop_manifest.random_id.cache",
            "module.anthos_cluster.module.acm.module.acm_operator.tls_private_key.k8sop_creds",
            "module.anthos_cluster.module.gke.google_container_cluster.primary",
            "module.anthos_cluster.module.gke.google_container_node_pool.pools",
            "module.anthos_cluster.module.gke.google_service_account.cluster_service_account",
            "module.anthos_cluster.module.gke.module.gcloud_wait_for_cluster.null_resource.additional_components",
            "module.anthos_cluster.module.gke.module.gcloud_wait_for_cluster.null_resource.decompress",
            "module.anthos_cluster.module.gke.module.gcloud_wait_for_cluster.null_resource.gcloud_auth_google_credentials",
            "module.anthos_cluster.module.gke.module.gcloud_wait_for_cluster.null_resource.gcloud_auth_service_account_key_file",
            "module.anthos_cluster.module.gke.module.gcloud_wait_for_cluster.null_resource.module_depends_on",
            "module.anthos_cluster.module.gke.module.gcloud_wait_for_cluster.null_resource.run_command",
            "module.anthos_cluster.module.gke.module.gcloud_wait_for_cluster.null_resource.run_destroy_command",
            "module.anthos_cluster.module.gke.module.gcloud_wait_for_cluster.random_id.cache",
            "module.anthos_cluster.module.gke.random_shuffle.available_zones",
            "module.anthos_cluster.random_id.postfix",
            "module.bu1-prod-app1.module.project-factory.google_compute_shared_vpc_service_project.shared_vpc_attachment",
            "module.bu1-prod-app1.module.project-factory.google_project.main",
            "module.bu1-prod-app1.module.project-factory.module.project_services.google_project_service.project_services",
            "module.bu1-prod-app1.module.project-factory.null_resource.preconditions",
            "module.bu1-prod-app1.module.project-factory.random_id.random_project_id_suffix",
            "module.vpc.module.subnets.google_compute_subnetwork.subnetwork",
            "module.vpc.module.vpc.google_compute_network.network"
          ]
        }
      ]
    },
    {
      "module": "module.anthos_hub_project.module.project-factory.module.gcloud_disable",
      "mode": "managed",
      "type": "null_resource",
      "name": "module_depends_on",
      "each": "list",
      "provider": "provider.null",
      "instances": []
    },
    {
      "module": "module.bu1-prod-app1.module.project-factory.module.gcloud_delete",
      "mode": "managed",
      "type": "null_resource",
      "name": "module_depends_on",
      "each": "list",
      "provider": "provider.null",
      "instances": []
    },
    {
      "module": "module.anthos_cluster.module.asm.module.asm_install.module.gcloud_kubectl",
      "mode": "managed",
      "type": "null_resource",
      "name": "module_depends_on",
      "each": "list",
      "provider": "provider.null",
      "instances": [
        {
          "index_key": 0,
          "schema_version": 0,
          "attributes": {
            "id": "6533648992894370353",
            "triggers": {
              "value": "1"
            }
          },
          "dependencies": [
            "module.anthos_cluster.google_service_account.service_account",
            "module.anthos_cluster.module.gke.google_container_cluster.primary",
            "module.anthos_cluster.module.gke.google_container_node_pool.pools",
            "module.anthos_cluster.module.gke.google_service_account.cluster_service_account",
            "module.anthos_cluster.module.gke.module.gcloud_wait_for_cluster.null_resource.additional_components",
            "module.anthos_cluster.module.gke.module.gcloud_wait_for_cluster.null_resource.decompress",
            "module.anthos_cluster.module.gke.module.gcloud_wait_for_cluster.null_resource.gcloud_auth_google_credentials",
            "module.anthos_cluster.module.gke.module.gcloud_wait_for_cluster.null_resource.gcloud_auth_service_account_key_file",
            "module.anthos_cluster.module.gke.module.gcloud_wait_for_cluster.null_resource.module_depends_on",
            "module.anthos_cluster.module.gke.module.gcloud_wait_for_cluster.null_resource.run_command",
            "module.anthos_cluster.module.gke.module.gcloud_wait_for_cluster.null_resource.run_destroy_command",
            "module.anthos_cluster.module.gke.module.gcloud_wait_for_cluster.random_id.cache",
            "module.anthos_cluster.module.gke.random_shuffle.available_zones",
            "module.anthos_cluster.random_id.postfix",
            "module.bu1-prod-app1.module.project-factory.google_compute_shared_vpc_service_project.shared_vpc_attachment",
            "module.bu1-prod-app1.module.project-factory.google_project.main",
            "module.bu1-prod-app1.module.project-factory.module.project_services.google_project_service.project_services",
            "module.bu1-prod-app1.module.project-factory.null_resource.preconditions",
            "module.bu1-prod-app1.module.project-factory.random_id.random_project_id_suffix",
            "module.vpc.module.subnets.google_compute_subnetwork.subnetwork",
            "module.vpc.module.vpc.google_compute_network.network"
          ]
        }
      ]
    },
    {
      "module": "module.anthos_hub_project.module.project-factory.module.gcloud_delete",
      "mode": "managed",
      "type": "null_resource",
      "name": "module_depends_on",
      "each": "list",
      "provider": "provider.null",
      "instances": []
    },
    {
      "module": "module.anthos_cluster.module.gke.module.gcloud_wait_for_cluster",
      "mode": "managed",
      "type": "null_resource",
      "name": "module_depends_on",
      "each": "list",
      "provider": "provider.null",
      "instances": [
        {
          "index_key": 0,
          "schema_version": 0,
          "attributes": {
            "id": "8062947456163638634",
            "triggers": {
              "value": "2"
            }
          },
          "dependencies": [
            "module.anthos_cluster.google_service_account.service_account",
            "module.anthos_cluster.module.gke.google_container_cluster.primary",
            "module.anthos_cluster.module.gke.google_container_node_pool.pools",
            "module.anthos_cluster.module.gke.google_service_account.cluster_service_account",
            "module.anthos_cluster.module.gke.random_shuffle.available_zones",
            "module.anthos_cluster.random_id.postfix",
            "module.bu1-prod-app1.module.project-factory.google_compute_shared_vpc_service_project.shared_vpc_attachment",
            "module.bu1-prod-app1.module.project-factory.google_project.main",
            "module.bu1-prod-app1.module.project-factory.module.project_services.google_project_service.project_services",
            "module.bu1-prod-app1.module.project-factory.null_resource.preconditions",
            "module.bu1-prod-app1.module.project-factory.random_id.random_project_id_suffix",
            "module.vpc.module.subnets.google_compute_subnetwork.subnetwork",
            "module.vpc.module.vpc.google_compute_network.network"
          ]
        }
      ]
    },
    {
      "module": "module.anthos_cluster.module.acm.module.enable_acm",
      "mode": "managed",
      "type": "null_resource",
      "name": "module_depends_on",
      "each": "list",
      "provider": "provider.null",
      "instances": []
    },
    {
      "module": "module.bu1-prod-app1.module.project-factory.module.gcloud_deprivilege",
      "mode": "managed",
      "type": "null_resource",
      "name": "module_depends_on",
      "each": "list",
      "provider": "provider.null",
      "instances": []
    },
    {
      "module": "module.bu1-prod-app1.module.project-factory.module.gcloud_disable",
      "mode": "managed",
      "type": "null_resource",
      "name": "module_depends_on",
      "each": "list",
      "provider": "provider.null",
      "instances": []
    },
    {
      "module": "module.anthos_cluster.module.gke.module.gcloud_delete_default_kube_dns_configmap.module.gcloud_kubectl",
      "mode": "managed",
      "type": "null_resource",
      "name": "module_depends_on",
      "each": "list",
      "provider": "provider.null",
      "instances": [
        {
          "index_key": 0,
          "schema_version": 0,
          "attributes": {
            "id": "615007131957681343",
            "triggers": {
              "value": "3"
            }
          },
          "dependencies": [
            "module.anthos_cluster.google_service_account.service_account",
            "module.anthos_cluster.module.gke.google_container_cluster.primary",
            "module.anthos_cluster.module.gke.google_container_node_pool.pools",
            "module.anthos_cluster.module.gke.google_service_account.cluster_service_account",
            "module.anthos_cluster.module.gke.random_shuffle.available_zones",
            "module.anthos_cluster.random_id.postfix",
            "module.bu1-prod-app1.module.project-factory.google_compute_shared_vpc_service_project.shared_vpc_attachment",
            "module.bu1-prod-app1.module.project-factory.google_project.main",
            "module.bu1-prod-app1.module.project-factory.module.project_services.google_project_service.project_services",
            "module.bu1-prod-app1.module.project-factory.null_resource.preconditions",
            "module.bu1-prod-app1.module.project-factory.random_id.random_project_id_suffix",
            "module.vpc.module.subnets.google_compute_subnetwork.subnetwork",
            "module.vpc.module.vpc.google_compute_network.network"
          ]
        }
      ]
    },
    {
      "module": "module.anthos_cluster.module.acm.module.acm_operator.module.k8sop_creds_secret.module.gcloud_kubectl",
      "mode": "managed",
      "type": "null_resource",
      "name": "module_depends_on",
      "each": "list",
      "provider": "provider.null",
      "instances": [
        {
          "index_key": 0,
          "schema_version": 0,
          "attributes": {
            "id": "7895581606411620319",
            "triggers": {
              "value": "1"
            }
          },
          "dependencies": [
            "module.anthos_cluster.google_service_account.service_account",
            "module.anthos_cluster.module.acm.module.acm_operator.module.k8s_operator.module.gcloud_kubectl.null_resource.additional_components",
            "module.anthos_cluster.module.acm.module.acm_operator.module.k8s_operator.module.gcloud_kubectl.null_resource.decompress",
            "module.anthos_cluster.module.acm.module.acm_operator.module.k8s_operator.module.gcloud_kubectl.null_resource.gcloud_auth_google_credentials",
            "module.anthos_cluster.module.acm.module.acm_operator.module.k8s_operator.module.gcloud_kubectl.null_resource.gcloud_auth_service_account_key_file",
            "module.anthos_cluster.module.acm.module.acm_operator.module.k8s_operator.module.gcloud_kubectl.null_resource.module_depends_on",
            "module.anthos_cluster.module.acm.module.acm_operator.module.k8s_operator.module.gcloud_kubectl.null_resource.run_command",
            "module.anthos_cluster.module.acm.module.acm_operator.module.k8s_operator.module.gcloud_kubectl.null_resource.run_destroy_command",
            "module.anthos_cluster.module.acm.module.acm_operator.module.k8s_operator.module.gcloud_kubectl.null_resource.upgrade",
            "module.anthos_cluster.module.acm.module.acm_operator.module.k8s_operator.module.gcloud_kubectl.random_id.cache",
            "module.anthos_cluster.module.acm.module.acm_operator.module.k8sop_manifest.null_resource.additional_components",
            "module.anthos_cluster.module.acm.module.acm_operator.module.k8sop_manifest.null_resource.decompress",
            "module.anthos_cluster.module.acm.module.acm_operator.module.k8sop_manifest.null_resource.gcloud_auth_google_credentials",
            "module.anthos_cluster.module.acm.module.acm_operator.module.k8sop_manifest.null_resource.gcloud_auth_service_account_key_file",
            "module.anthos_cluster.module.acm.module.acm_operator.module.k8sop_manifest.null_resource.module_depends_on",
            "module.anthos_cluster.module.acm.module.acm_operator.module.k8sop_manifest.null_resource.run_command",
            "module.anthos_cluster.module.acm.module.acm_operator.module.k8sop_manifest.null_resource.run_destroy_command",
            "module.anthos_cluster.module.acm.module.acm_operator.module.k8sop_manifest.random_id.cache",
            "module.anthos_cluster.module.gke.google_container_cluster.primary",
            "module.anthos_cluster.module.gke.google_container_node_pool.pools",
            "module.anthos_cluster.module.gke.google_service_account.cluster_service_account",
            "module.anthos_cluster.module.gke.module.gcloud_wait_for_cluster.null_resource.additional_components",
            "module.anthos_cluster.module.gke.module.gcloud_wait_for_cluster.null_resource.decompress",
            "module.anthos_cluster.module.gke.module.gcloud_wait_for_cluster.null_resource.gcloud_auth_google_credentials",
            "module.anthos_cluster.module.gke.module.gcloud_wait_for_cluster.null_resource.gcloud_auth_service_account_key_file",
            "module.anthos_cluster.module.gke.module.gcloud_wait_for_cluster.null_resource.module_depends_on",
            "module.anthos_cluster.module.gke.module.gcloud_wait_for_cluster.null_resource.run_command",
            "module.anthos_cluster.module.gke.module.gcloud_wait_for_cluster.null_resource.run_destroy_command",
            "module.anthos_cluster.module.gke.module.gcloud_wait_for_cluster.random_id.cache",
            "module.anthos_cluster.module.gke.random_shuffle.available_zones",
            "module.anthos_cluster.random_id.postfix",
            "module.bu1-prod-app1.module.project-factory.google_compute_shared_vpc_service_project.shared_vpc_attachment",
            "module.bu1-prod-app1.module.project-factory.google_project.main",
            "module.bu1-prod-app1.module.project-factory.module.project_services.google_project_service.project_services",
            "module.bu1-prod-app1.module.project-factory.null_resource.preconditions",
            "module.bu1-prod-app1.module.project-factory.random_id.random_project_id_suffix",
            "module.vpc.module.subnets.google_compute_subnetwork.subnetwork",
            "module.vpc.module.vpc.google_compute_network.network"
          ]
        }
      ]
    },
    {
      "module": "module.anthos_hub.module.enable_acm",
      "mode": "managed",
      "type": "null_resource",
      "name": "module_depends_on",
      "each": "list",
      "provider": "provider.null",
      "instances": []
    },
    {
      "module": "module.anthos_hub_project.module.project-factory.module.gcloud_deprivilege",
      "mode": "managed",
      "type": "null_resource",
      "name": "module_depends_on",
      "each": "list",
      "provider": "provider.null",
      "instances": []
    },
    {
      "module": "module.anthos_cluster.module.acm.module.acm_operator.module.wait_for_gatekeeper.module.gcloud_kubectl",
      "mode": "managed",
      "type": "null_resource",
      "name": "module_depends_on",
      "each": "list",
      "provider": "provider.null",
      "instances": [
        {
          "index_key": 0,
          "schema_version": 0,
          "attributes": {
            "id": "4699362860424154948",
            "triggers": {
              "value": "1"
            }
          },
          "dependencies": [
            "module.anthos_cluster.google_service_account.service_account",
            "module.anthos_cluster.module.acm.module.acm_operator.local_file.operator_cr",
            "module.anthos_cluster.module.acm.module.acm_operator.module.k8s_operator.module.gcloud_kubectl.null_resource.additional_components",
            "module.anthos_cluster.module.acm.module.acm_operator.module.k8s_operator.module.gcloud_kubectl.null_resource.decompress",
            "module.anthos_cluster.module.acm.module.acm_operator.module.k8s_operator.module.gcloud_kubectl.null_resource.gcloud_auth_google_credentials",
            "module.anthos_cluster.module.acm.module.acm_operator.module.k8s_operator.module.gcloud_kubectl.null_resource.gcloud_auth_service_account_key_file",
            "module.anthos_cluster.module.acm.module.acm_operator.module.k8s_operator.module.gcloud_kubectl.null_resource.module_depends_on",
            "module.anthos_cluster.module.acm.module.acm_operator.module.k8s_operator.module.gcloud_kubectl.null_resource.run_command",
            "module.anthos_cluster.module.acm.module.acm_operator.module.k8s_operator.module.gcloud_kubectl.null_resource.run_destroy_command",
            "module.anthos_cluster.module.acm.module.acm_operator.module.k8s_operator.module.gcloud_kubectl.null_resource.upgrade",
            "module.anthos_cluster.module.acm.module.acm_operator.module.k8s_operator.module.gcloud_kubectl.random_id.cache",
            "module.anthos_cluster.module.acm.module.acm_operator.module.k8sop_config.module.gcloud_kubectl.null_resource.additional_components",
            "module.anthos_cluster.module.acm.module.acm_operator.module.k8sop_config.module.gcloud_kubectl.null_resource.decompress",
            "module.anthos_cluster.module.acm.module.acm_operator.module.k8sop_config.module.gcloud_kubectl.null_resource.gcloud_auth_google_credentials",
            "module.anthos_cluster.module.acm.module.acm_operator.module.k8sop_config.module.gcloud_kubectl.null_resource.gcloud_auth_service_account_key_file",
            "module.anthos_cluster.module.acm.module.acm_operator.module.k8sop_config.module.gcloud_kubectl.null_resource.module_depends_on",
            "module.anthos_cluster.module.acm.module.acm_operator.module.k8sop_config.module.gcloud_kubectl.null_resource.run_command",
            "module.anthos_cluster.module.acm.module.acm_operator.module.k8sop_config.module.gcloud_kubectl.null_resource.run_destroy_command",
            "module.anthos_cluster.module.acm.module.acm_operator.module.k8sop_config.module.gcloud_kubectl.null_resource.upgrade",
            "module.anthos_cluster.module.acm.module.acm_operator.module.k8sop_config.module.gcloud_kubectl.random_id.cache",
            "module.anthos_cluster.module.acm.module.acm_operator.module.k8sop_creds_secret.module.gcloud_kubectl.null_resource.additional_components",
            "module.anthos_cluster.module.acm.module.acm_operator.module.k8sop_creds_secret.module.gcloud_kubectl.null_resource.decompress",
            "module.anthos_cluster.module.acm.module.acm_operator.module.k8sop_creds_secret.module.gcloud_kubectl.null_resource.gcloud_auth_google_credentials",
            "module.anthos_cluster.module.acm.module.acm_operator.module.k8sop_creds_secret.module.gcloud_kubectl.null_resource.gcloud_auth_service_account_key_file",
            "module.anthos_cluster.module.acm.module.acm_operator.module.k8sop_creds_secret.module.gcloud_kubectl.null_resource.module_depends_on",
            "module.anthos_cluster.module.acm.module.acm_operator.module.k8sop_creds_secret.module.gcloud_kubectl.null_resource.run_command",
            "module.anthos_cluster.module.acm.module.acm_operator.module.k8sop_creds_secret.module.gcloud_kubectl.null_resource.run_destroy_command",
            "module.anthos_cluster.module.acm.module.acm_operator.module.k8sop_creds_secret.module.gcloud_kubectl.null_resource.upgrade",
            "module.anthos_cluster.module.acm.module.acm_operator.module.k8sop_creds_secret.module.gcloud_kubectl.random_id.cache",
            "module.anthos_cluster.module.acm.module.acm_operator.module.k8sop_manifest.null_resource.additional_components",
            "module.anthos_cluster.module.acm.module.acm_operator.module.k8sop_manifest.null_resource.decompress",
            "module.anthos_cluster.module.acm.module.acm_operator.module.k8sop_manifest.null_resource.gcloud_auth_google_credentials",
            "module.anthos_cluster.module.acm.module.acm_operator.module.k8sop_manifest.null_resource.gcloud_auth_service_account_key_file",
            "module.anthos_cluster.module.acm.module.acm_operator.module.k8sop_manifest.null_resource.module_depends_on",
            "module.anthos_cluster.module.acm.module.acm_operator.module.k8sop_manifest.null_resource.run_command",
            "module.anthos_cluster.module.acm.module.acm_operator.module.k8sop_manifest.null_resource.run_destroy_command",
            "module.anthos_cluster.module.acm.module.acm_operator.module.k8sop_manifest.random_id.cache",
            "module.anthos_cluster.module.acm.module.acm_operator.tls_private_key.k8sop_creds",
            "module.anthos_cluster.module.gke.google_container_cluster.primary",
            "module.anthos_cluster.module.gke.google_container_node_pool.pools",
            "module.anthos_cluster.module.gke.google_service_account.cluster_service_account",
            "module.anthos_cluster.module.gke.module.gcloud_wait_for_cluster.null_resource.additional_components",
            "module.anthos_cluster.module.gke.module.gcloud_wait_for_cluster.null_resource.decompress",
            "module.anthos_cluster.module.gke.module.gcloud_wait_for_cluster.null_resource.gcloud_auth_google_credentials",
            "module.anthos_cluster.module.gke.module.gcloud_wait_for_cluster.null_resource.gcloud_auth_service_account_key_file",
            "module.anthos_cluster.module.gke.module.gcloud_wait_for_cluster.null_resource.module_depends_on",
            "module.anthos_cluster.module.gke.module.gcloud_wait_for_cluster.null_resource.run_command",
            "module.anthos_cluster.module.gke.module.gcloud_wait_for_cluster.null_resource.run_destroy_command",
            "module.anthos_cluster.module.gke.module.gcloud_wait_for_cluster.random_id.cache",
            "module.anthos_cluster.module.gke.random_shuffle.available_zones",
            "module.anthos_cluster.random_id.postfix",
            "module.bu1-prod-app1.module.project-factory.google_compute_shared_vpc_service_project.shared_vpc_attachment",
            "module.bu1-prod-app1.module.project-factory.google_project.main",
            "module.bu1-prod-app1.module.project-factory.module.project_services.google_project_service.project_services",
            "module.bu1-prod-app1.module.project-factory.null_resource.preconditions",
            "module.bu1-prod-app1.module.project-factory.random_id.random_project_id_suffix",
            "module.vpc.module.subnets.google_compute_subnetwork.subnetwork",
            "module.vpc.module.vpc.google_compute_network.network"
          ]
        }
      ]
    },
    {
      "module": "module.anthos_cluster.module.acm.module.acm_operator.module.k8s_operator.module.gcloud_kubectl",
      "mode": "managed",
      "type": "null_resource",
      "name": "module_depends_on",
      "each": "list",
      "provider": "provider.null",
      "instances": [
        {
          "index_key": 0,
          "schema_version": 0,
          "attributes": {
            "id": "251237516269251230",
            "triggers": {
              "value": "2"
            }
          },
          "dependencies": [
            "module.anthos_cluster.google_service_account.service_account",
            "module.anthos_cluster.module.acm.module.acm_operator.module.k8sop_manifest.null_resource.additional_components",
            "module.anthos_cluster.module.acm.module.acm_operator.module.k8sop_manifest.null_resource.decompress",
            "module.anthos_cluster.module.acm.module.acm_operator.module.k8sop_manifest.null_resource.gcloud_auth_google_credentials",
            "module.anthos_cluster.module.acm.module.acm_operator.module.k8sop_manifest.null_resource.gcloud_auth_service_account_key_file",
            "module.anthos_cluster.module.acm.module.acm_operator.module.k8sop_manifest.null_resource.module_depends_on",
            "module.anthos_cluster.module.acm.module.acm_operator.module.k8sop_manifest.null_resource.run_command",
            "module.anthos_cluster.module.acm.module.acm_operator.module.k8sop_manifest.null_resource.run_destroy_command",
            "module.anthos_cluster.module.acm.module.acm_operator.module.k8sop_manifest.random_id.cache",
            "module.anthos_cluster.module.gke.google_container_cluster.primary",
            "module.anthos_cluster.module.gke.google_container_node_pool.pools",
            "module.anthos_cluster.module.gke.google_service_account.cluster_service_account",
            "module.anthos_cluster.module.gke.module.gcloud_wait_for_cluster.null_resource.additional_components",
            "module.anthos_cluster.module.gke.module.gcloud_wait_for_cluster.null_resource.decompress",
            "module.anthos_cluster.module.gke.module.gcloud_wait_for_cluster.null_resource.gcloud_auth_google_credentials",
            "module.anthos_cluster.module.gke.module.gcloud_wait_for_cluster.null_resource.gcloud_auth_service_account_key_file",
            "module.anthos_cluster.module.gke.module.gcloud_wait_for_cluster.null_resource.module_depends_on",
            "module.anthos_cluster.module.gke.module.gcloud_wait_for_cluster.null_resource.run_command",
            "module.anthos_cluster.module.gke.module.gcloud_wait_for_cluster.null_resource.run_destroy_command",
            "module.anthos_cluster.module.gke.module.gcloud_wait_for_cluster.random_id.cache",
            "module.anthos_cluster.module.gke.random_shuffle.available_zones",
            "module.anthos_cluster.random_id.postfix",
            "module.bu1-prod-app1.module.project-factory.google_compute_shared_vpc_service_project.shared_vpc_attachment",
            "module.bu1-prod-app1.module.project-factory.google_project.main",
            "module.bu1-prod-app1.module.project-factory.module.project_services.google_project_service.project_services",
            "module.bu1-prod-app1.module.project-factory.null_resource.preconditions",
            "module.bu1-prod-app1.module.project-factory.random_id.random_project_id_suffix",
            "module.vpc.module.subnets.google_compute_subnetwork.subnetwork",
            "module.vpc.module.vpc.google_compute_network.network"
          ]
        }
      ]
    },
    {
      "module": "module.anthos_hub_project.module.project-factory",
      "mode": "managed",
      "type": "null_resource",
      "name": "preconditions",
      "provider": "provider.null",
      "instances": [
        {
          "schema_version": 0,
          "attributes": {
            "id": "3781872621817278822",
            "triggers": {
              "billing_account": "015446-C8112E-1D6075",
              "credentials_path": "",
              "folder_id": "998388568617",
              "org_id": "105577908261",
              "shared_vpc": ""
            }
          }
        }
      ]
    },
    {
      "module": "module.bu1-prod-app1.module.project-factory",
      "mode": "managed",
      "type": "null_resource",
      "name": "preconditions",
      "provider": "provider.null",
      "instances": [
        {
          "schema_version": 0,
          "attributes": {
            "id": "5241539106987937266",
            "triggers": {
              "billing_account": "015446-C8112E-1D6075",
              "credentials_path": "",
              "folder_id": "folders/52355272450",
              "org_id": "105577908261",
              "shared_vpc": ""
            }
          }
        }
      ]
    },
    {
      "module": "module.anthos_cluster.module.acm.module.acm_operator.module.k8sop_manifest",
      "mode": "managed",
      "type": "null_resource",
      "name": "prepare_cache",
      "each": "list",
      "provider": "provider.null",
      "instances": []
    },
    {
      "module": "module.anthos_cluster.module.acm.module.acm_operator.module.k8sop_config.module.gcloud_kubectl",
      "mode": "managed",
      "type": "null_resource",
      "name": "prepare_cache",
      "each": "list",
      "provider": "provider.null",
      "instances": []
    },
    {
      "module": "module.anthos_hub_project.module.project-factory.module.gcloud_disable",
      "mode": "managed",
      "type": "null_resource",
      "name": "prepare_cache",
      "each": "list",
      "provider": "provider.null",
      "instances": []
    },
    {
      "module": "module.bu1-prod-app1.module.project-factory.module.gcloud_delete",
      "mode": "managed",
      "type": "null_resource",
      "name": "prepare_cache",
      "each": "list",
      "provider": "provider.null",
      "instances": []
    },
    {
      "module": "module.anthos_cluster.module.asm.module.asm_install.module.gcloud_kubectl",
      "mode": "managed",
      "type": "null_resource",
      "name": "prepare_cache",
      "each": "list",
      "provider": "provider.null",
      "instances": []
    },
    {
      "module": "module.anthos_hub_project.module.project-factory.module.gcloud_delete",
      "mode": "managed",
      "type": "null_resource",
      "name": "prepare_cache",
      "each": "list",
      "provider": "provider.null",
      "instances": []
    },
    {
      "module": "module.anthos_cluster.module.gke.module.gcloud_wait_for_cluster",
      "mode": "managed",
      "type": "null_resource",
      "name": "prepare_cache",
      "each": "list",
      "provider": "provider.null",
      "instances": []
    },
    {
      "module": "module.anthos_cluster.module.acm.module.enable_acm",
      "mode": "managed",
      "type": "null_resource",
      "name": "prepare_cache",
      "each": "list",
      "provider": "provider.null",
      "instances": []
    },
    {
      "module": "module.bu1-prod-app1.module.project-factory.module.gcloud_deprivilege",
      "mode": "managed",
      "type": "null_resource",
      "name": "prepare_cache",
      "each": "list",
      "provider": "provider.null",
      "instances": []
    },
    {
      "module": "module.bu1-prod-app1.module.project-factory.module.gcloud_disable",
      "mode": "managed",
      "type": "null_resource",
      "name": "prepare_cache",
      "each": "list",
      "provider": "provider.null",
      "instances": []
    },
    {
      "module": "module.anthos_cluster.module.gke.module.gcloud_delete_default_kube_dns_configmap.module.gcloud_kubectl",
      "mode": "managed",
      "type": "null_resource",
      "name": "prepare_cache",
      "each": "list",
      "provider": "provider.null",
      "instances": []
    },
    {
      "module": "module.anthos_cluster.module.acm.module.acm_operator.module.k8sop_creds_secret.module.gcloud_kubectl",
      "mode": "managed",
      "type": "null_resource",
      "name": "prepare_cache",
      "each": "list",
      "provider": "provider.null",
      "instances": []
    },
    {
      "module": "module.anthos_hub.module.enable_acm",
      "mode": "managed",
      "type": "null_resource",
      "name": "prepare_cache",
      "each": "list",
      "provider": "provider.null",
      "instances": []
    },
    {
      "module": "module.anthos_hub_project.module.project-factory.module.gcloud_deprivilege",
      "mode": "managed",
      "type": "null_resource",
      "name": "prepare_cache",
      "each": "list",
      "provider": "provider.null",
      "instances": []
    },
    {
      "module": "module.anthos_cluster.module.acm.module.acm_operator.module.wait_for_gatekeeper.module.gcloud_kubectl",
      "mode": "managed",
      "type": "null_resource",
      "name": "prepare_cache",
      "each": "list",
      "provider": "provider.null",
      "instances": []
    },
    {
      "module": "module.anthos_cluster.module.acm.module.acm_operator.module.k8s_operator.module.gcloud_kubectl",
      "mode": "managed",
      "type": "null_resource",
      "name": "prepare_cache",
      "each": "list",
      "provider": "provider.null",
      "instances": []
    },
    {
      "module": "module.anthos_cluster.module.acm.module.acm_operator.module.k8sop_manifest",
      "mode": "managed",
      "type": "null_resource",
      "name": "run_command",
      "each": "list",
      "provider": "provider.null",
      "instances": [
        {
          "index_key": 0,
          "schema_version": 0,
          "attributes": {
            "id": "1673044140463744857",
            "triggers": {
              "arguments": "6418404fc5fff0b406f539c61222c2cd",
              "create_cmd_body": "cp gs://config-management-release/released/latest/config-management-operator.yaml ./.terraform/tmp/bu1-p-app1-1961-bu1-app1-cluster1/config-management-operator.yaml",
              "create_cmd_entrypoint": "gsutil",
              "gcloud_bin_abs_path": "/google-cloud-sdk/bin",
              "md5": "e1b4a75ce3382cf47c61b6f3983a4822"
            }
          },
          "dependencies": [
            "module.anthos_cluster.google_service_account.service_account",
            "module.anthos_cluster.module.acm.module.acm_operator.module.k8sop_manifest.null_resource.additional_components",
            "module.anthos_cluster.module.acm.module.acm_operator.module.k8sop_manifest.null_resource.decompress",
            "module.anthos_cluster.module.acm.module.acm_operator.module.k8sop_manifest.null_resource.gcloud_auth_google_credentials",
            "module.anthos_cluster.module.acm.module.acm_operator.module.k8sop_manifest.null_resource.gcloud_auth_service_account_key_file",
            "module.anthos_cluster.module.acm.module.acm_operator.module.k8sop_manifest.null_resource.module_depends_on",
            "module.anthos_cluster.module.acm.module.acm_operator.module.k8sop_manifest.random_id.cache",
            "module.anthos_cluster.module.gke.google_container_cluster.primary",
            "module.anthos_cluster.module.gke.google_service_account.cluster_service_account",
            "module.anthos_cluster.module.gke.random_shuffle.available_zones",
            "module.anthos_cluster.random_id.postfix",
            "module.bu1-prod-app1.module.project-factory.google_compute_shared_vpc_service_project.shared_vpc_attachment",
            "module.bu1-prod-app1.module.project-factory.google_project.main",
            "module.bu1-prod-app1.module.project-factory.module.project_services.google_project_service.project_services",
            "module.bu1-prod-app1.module.project-factory.null_resource.preconditions",
            "module.bu1-prod-app1.module.project-factory.random_id.random_project_id_suffix",
            "module.vpc.module.subnets.google_compute_subnetwork.subnetwork",
            "module.vpc.module.vpc.google_compute_network.network"
          ]
        }
      ]
    },
    {
      "module": "module.anthos_cluster.module.acm.module.acm_operator.module.k8sop_config.module.gcloud_kubectl",
      "mode": "managed",
      "type": "null_resource",
      "name": "run_command",
      "each": "list",
      "provider": "provider.null",
      "instances": [
        {
          "index_key": 0,
          "schema_version": 0,
          "attributes": {
            "id": "7657053061379287353",
            "triggers": {
              "arguments": "d584aeeb265b45d810b2ce1ef0c1a99a",
              "configmanagement": "apiVersion: configmanagement.gke.io/v1\nkind: ConfigManagement\nmetadata:\n  name: config-management\nspec:\n  # clusterName is required and must be unique among all managed clusters\n  clusterName: bu1-app1-cluster1\n  policyController:\n    enabled: true\n    templateLibraryInstalled: true\n    logDeniesEnabled: false\n  git:\n    syncRepo: ssh://gary@gcpgeek.cloud@source.developers.google.com:2022/p/anthos-hub-221b/r/anthos-config-prod\n    secretType: ssh\n    policyDir: /prod\n    syncBranch: master\n  \n  \n",
              "create_cmd_body": "bu1-app1-cluster1 europe-west1 bu1-p-app1-1961 false false kubectl apply -f .terraform/modules/anthos_cluster.acm/modules/k8s-operator-crd-support/bu1-p-app1-1961-bu1-app1-cluster1/operator_cr.yaml",
              "create_cmd_entrypoint": ".terraform/modules/anthos_cluster.acm.acm_operator.k8sop_config/modules/kubectl-wrapper/scripts/kubectl_wrapper.sh",
              "gcloud_bin_abs_path": "/google-cloud-sdk/bin",
              "md5": "31491650714499185ce518baecbc7787"
            }
          },
          "dependencies": [
            "module.anthos_cluster.google_service_account.service_account",
            "module.anthos_cluster.module.acm.module.acm_operator.local_file.operator_cr",
            "module.anthos_cluster.module.acm.module.acm_operator.module.k8s_operator.module.gcloud_kubectl.null_resource.additional_components",
            "module.anthos_cluster.module.acm.module.acm_operator.module.k8s_operator.module.gcloud_kubectl.null_resource.decompress",
            "module.anthos_cluster.module.acm.module.acm_operator.module.k8s_operator.module.gcloud_kubectl.null_resource.gcloud_auth_google_credentials",
            "module.anthos_cluster.module.acm.module.acm_operator.module.k8s_operator.module.gcloud_kubectl.null_resource.gcloud_auth_service_account_key_file",
            "module.anthos_cluster.module.acm.module.acm_operator.module.k8s_operator.module.gcloud_kubectl.null_resource.module_depends_on",
            "module.anthos_cluster.module.acm.module.acm_operator.module.k8s_operator.module.gcloud_kubectl.null_resource.run_command",
            "module.anthos_cluster.module.acm.module.acm_operator.module.k8s_operator.module.gcloud_kubectl.null_resource.run_destroy_command",
            "module.anthos_cluster.module.acm.module.acm_operator.module.k8s_operator.module.gcloud_kubectl.null_resource.upgrade",
            "module.anthos_cluster.module.acm.module.acm_operator.module.k8s_operator.module.gcloud_kubectl.random_id.cache",
            "module.anthos_cluster.module.acm.module.acm_operator.module.k8sop_config.module.gcloud_kubectl.null_resource.additional_components",
            "module.anthos_cluster.module.acm.module.acm_operator.module.k8sop_config.module.gcloud_kubectl.null_resource.decompress",
            "module.anthos_cluster.module.acm.module.acm_operator.module.k8sop_config.module.gcloud_kubectl.null_resource.gcloud_auth_google_credentials",
            "module.anthos_cluster.module.acm.module.acm_operator.module.k8sop_config.module.gcloud_kubectl.null_resource.gcloud_auth_service_account_key_file",
            "module.anthos_cluster.module.acm.module.acm_operator.module.k8sop_config.module.gcloud_kubectl.null_resource.module_depends_on",
            "module.anthos_cluster.module.acm.module.acm_operator.module.k8sop_config.module.gcloud_kubectl.null_resource.upgrade",
            "module.anthos_cluster.module.acm.module.acm_operator.module.k8sop_config.module.gcloud_kubectl.random_id.cache",
            "module.anthos_cluster.module.acm.module.acm_operator.module.k8sop_creds_secret.module.gcloud_kubectl.null_resource.additional_components",
            "module.anthos_cluster.module.acm.module.acm_operator.module.k8sop_creds_secret.module.gcloud_kubectl.null_resource.decompress",
            "module.anthos_cluster.module.acm.module.acm_operator.module.k8sop_creds_secret.module.gcloud_kubectl.null_resource.gcloud_auth_google_credentials",
            "module.anthos_cluster.module.acm.module.acm_operator.module.k8sop_creds_secret.module.gcloud_kubectl.null_resource.gcloud_auth_service_account_key_file",
            "module.anthos_cluster.module.acm.module.acm_operator.module.k8sop_creds_secret.module.gcloud_kubectl.null_resource.module_depends_on",
            "module.anthos_cluster.module.acm.module.acm_operator.module.k8sop_creds_secret.module.gcloud_kubectl.null_resource.run_command",
            "module.anthos_cluster.module.acm.module.acm_operator.module.k8sop_creds_secret.module.gcloud_kubectl.null_resource.run_destroy_command",
            "module.anthos_cluster.module.acm.module.acm_operator.module.k8sop_creds_secret.module.gcloud_kubectl.null_resource.upgrade",
            "module.anthos_cluster.module.acm.module.acm_operator.module.k8sop_creds_secret.module.gcloud_kubectl.random_id.cache",
            "module.anthos_cluster.module.acm.module.acm_operator.module.k8sop_manifest.null_resource.additional_components",
            "module.anthos_cluster.module.acm.module.acm_operator.module.k8sop_manifest.null_resource.decompress",
            "module.anthos_cluster.module.acm.module.acm_operator.module.k8sop_manifest.null_resource.gcloud_auth_google_credentials",
            "module.anthos_cluster.module.acm.module.acm_operator.module.k8sop_manifest.null_resource.gcloud_auth_service_account_key_file",
            "module.anthos_cluster.module.acm.module.acm_operator.module.k8sop_manifest.null_resource.module_depends_on",
            "module.anthos_cluster.module.acm.module.acm_operator.module.k8sop_manifest.null_resource.run_command",
            "module.anthos_cluster.module.acm.module.acm_operator.module.k8sop_manifest.null_resource.run_destroy_command",
            "module.anthos_cluster.module.acm.module.acm_operator.module.k8sop_manifest.random_id.cache",
            "module.anthos_cluster.module.acm.module.acm_operator.tls_private_key.k8sop_creds",
            "module.anthos_cluster.module.gke.google_container_cluster.primary",
            "module.anthos_cluster.module.gke.google_container_node_pool.pools",
            "module.anthos_cluster.module.gke.google_service_account.cluster_service_account",
            "module.anthos_cluster.module.gke.module.gcloud_wait_for_cluster.null_resource.additional_components",
            "module.anthos_cluster.module.gke.module.gcloud_wait_for_cluster.null_resource.decompress",
            "module.anthos_cluster.module.gke.module.gcloud_wait_for_cluster.null_resource.gcloud_auth_google_credentials",
            "module.anthos_cluster.module.gke.module.gcloud_wait_for_cluster.null_resource.gcloud_auth_service_account_key_file",
            "module.anthos_cluster.module.gke.module.gcloud_wait_for_cluster.null_resource.module_depends_on",
            "module.anthos_cluster.module.gke.module.gcloud_wait_for_cluster.null_resource.run_command",
            "module.anthos_cluster.module.gke.module.gcloud_wait_for_cluster.null_resource.run_destroy_command",
            "module.anthos_cluster.module.gke.module.gcloud_wait_for_cluster.random_id.cache",
            "module.anthos_cluster.module.gke.random_shuffle.available_zones",
            "module.anthos_cluster.random_id.postfix",
            "module.bu1-prod-app1.module.project-factory.google_compute_shared_vpc_service_project.shared_vpc_attachment",
            "module.bu1-prod-app1.module.project-factory.google_project.main",
            "module.bu1-prod-app1.module.project-factory.module.project_services.google_project_service.project_services",
            "module.bu1-prod-app1.module.project-factory.null_resource.preconditions",
            "module.bu1-prod-app1.module.project-factory.random_id.random_project_id_suffix",
            "module.vpc.module.subnets.google_compute_subnetwork.subnetwork",
            "module.vpc.module.vpc.google_compute_network.network"
          ]
        }
      ]
    },
    {
      "module": "module.anthos_hub_project.module.project-factory.module.gcloud_disable",
      "mode": "managed",
      "type": "null_resource",
      "name": "run_command",
      "each": "list",
      "provider": "provider.null",
      "instances": []
    },
    {
      "module": "module.bu1-prod-app1.module.project-factory.module.gcloud_delete",
      "mode": "managed",
      "type": "null_resource",
      "name": "run_command",
      "each": "list",
      "provider": "provider.null",
      "instances": []
    },
    {
      "module": "module.anthos_cluster.module.asm.module.asm_install.module.gcloud_kubectl",
      "mode": "managed",
      "type": "null_resource",
      "name": "run_command",
      "each": "list",
      "provider": "provider.null",
      "instances": [
        {
          "index_key": 0,
          "schema_version": 0,
          "attributes": {
            "id": "7821166111695831450",
            "triggers": {
              "arguments": "ac2700867cac08ebe40c9253607b5ac1",
              "create_cmd_body": "bu1-app1-cluster1 europe-west1 bu1-p-app1-1961 false false .terraform/modules/anthos_cluster.asm/modules/asm/scripts/install_asm.sh bu1-p-app1-1961 bu1-app1-cluster1 europe-west1 asm-dir release-1.6-asm 617231518074",
              "create_cmd_entrypoint": ".terraform/modules/anthos_cluster.asm.asm_install/modules/kubectl-wrapper/scripts/kubectl_wrapper.sh",
              "gcloud_bin_abs_path": "/google-cloud-sdk/bin",
              "md5": "c378ce1a9da27c3f220991801059d5a2"
            }
          },
          "private": "bnVsbA==",
          "dependencies": [
            "module.anthos_cluster.google_service_account.service_account",
            "module.anthos_cluster.module.asm.module.asm_install.module.gcloud_kubectl.null_resource.additional_components",
            "module.anthos_cluster.module.asm.module.asm_install.module.gcloud_kubectl.null_resource.decompress",
            "module.anthos_cluster.module.asm.module.asm_install.module.gcloud_kubectl.null_resource.gcloud_auth_google_credentials",
            "module.anthos_cluster.module.asm.module.asm_install.module.gcloud_kubectl.null_resource.gcloud_auth_service_account_key_file",
            "module.anthos_cluster.module.asm.module.asm_install.module.gcloud_kubectl.null_resource.module_depends_on",
            "module.anthos_cluster.module.asm.module.asm_install.module.gcloud_kubectl.random_id.cache",
            "module.anthos_cluster.module.gke.google_container_cluster.primary",
            "module.anthos_cluster.module.gke.google_container_node_pool.pools",
            "module.anthos_cluster.module.gke.google_service_account.cluster_service_account",
            "module.anthos_cluster.module.gke.module.gcloud_wait_for_cluster.null_resource.additional_components",
            "module.anthos_cluster.module.gke.module.gcloud_wait_for_cluster.null_resource.gcloud_auth_google_credentials",
            "module.anthos_cluster.module.gke.module.gcloud_wait_for_cluster.null_resource.gcloud_auth_service_account_key_file",
            "module.anthos_cluster.module.gke.module.gcloud_wait_for_cluster.null_resource.run_command",
            "module.anthos_cluster.module.gke.module.gcloud_wait_for_cluster.null_resource.run_destroy_command",
            "module.anthos_cluster.module.gke.random_shuffle.available_zones",
            "module.bu1-prod-app1.module.project-factory.google_compute_shared_vpc_service_project.shared_vpc_attachment",
            "module.bu1-prod-app1.module.project-factory.google_project.main",
            "module.bu1-prod-app1.module.project-factory.module.project_services.google_project_service.project_services",
            "module.vpc.module.subnets.google_compute_subnetwork.subnetwork",
            "module.vpc.module.vpc.google_compute_network.network"
          ]
        }
      ]
    },
    {
      "module": "module.anthos_hub_project.module.project-factory.module.gcloud_delete",
      "mode": "managed",
      "type": "null_resource",
      "name": "run_command",
      "each": "list",
      "provider": "provider.null",
      "instances": []
    },
    {
      "module": "module.anthos_cluster.module.gke.module.gcloud_wait_for_cluster",
      "mode": "managed",
      "type": "null_resource",
      "name": "run_command",
      "each": "list",
      "provider": "provider.null",
      "instances": [
        {
          "index_key": 0,
          "schema_version": 0,
          "attributes": {
            "id": "1991033368552210585",
            "triggers": {
              "arguments": "6a20cc296793f6e3149f4ec821d9cea2",
              "create_cmd_body": "bu1-p-app1-1961 bu1-app1-cluster1 europe-west1 ",
              "create_cmd_entrypoint": ".terraform/modules/anthos_cluster.gke/modules/private-cluster/scripts/wait-for-cluster.sh",
              "gcloud_bin_abs_path": "/google-cloud-sdk/bin",
              "md5": "c418f279c92549376945da87c23ae224"
            }
          },
          "dependencies": [
            "module.anthos_cluster.google_service_account.service_account",
            "module.anthos_cluster.module.gke.google_container_cluster.primary",
            "module.anthos_cluster.module.gke.google_container_node_pool.pools",
            "module.anthos_cluster.module.gke.google_service_account.cluster_service_account",
            "module.anthos_cluster.module.gke.module.gcloud_wait_for_cluster.null_resource.additional_components",
            "module.anthos_cluster.module.gke.module.gcloud_wait_for_cluster.null_resource.decompress",
            "module.anthos_cluster.module.gke.module.gcloud_wait_for_cluster.null_resource.gcloud_auth_google_credentials",
            "module.anthos_cluster.module.gke.module.gcloud_wait_for_cluster.null_resource.gcloud_auth_service_account_key_file",
            "module.anthos_cluster.module.gke.module.gcloud_wait_for_cluster.null_resource.module_depends_on",
            "module.anthos_cluster.module.gke.module.gcloud_wait_for_cluster.random_id.cache",
            "module.anthos_cluster.module.gke.random_shuffle.available_zones",
            "module.anthos_cluster.random_id.postfix",
            "module.bu1-prod-app1.module.project-factory.google_compute_shared_vpc_service_project.shared_vpc_attachment",
            "module.bu1-prod-app1.module.project-factory.google_project.main",
            "module.bu1-prod-app1.module.project-factory.module.project_services.google_project_service.project_services",
            "module.bu1-prod-app1.module.project-factory.null_resource.preconditions",
            "module.bu1-prod-app1.module.project-factory.random_id.random_project_id_suffix",
            "module.vpc.module.subnets.google_compute_subnetwork.subnetwork",
            "module.vpc.module.vpc.google_compute_network.network"
          ]
        }
      ]
    },
    {
      "module": "module.anthos_cluster.module.acm.module.enable_acm",
      "mode": "managed",
      "type": "null_resource",
      "name": "run_command",
      "each": "list",
      "provider": "provider.null",
      "instances": [
        {
          "index_key": 0,
          "schema_version": 0,
          "attributes": {
            "id": "8665965661036373059",
            "triggers": {
              "arguments": "15ff25974882e42a68dec303bd5cde5f",
              "create_cmd_body": "alpha container hub config-management enable --project bu1-p-app1-1961",
              "create_cmd_entrypoint": "gcloud",
              "gcloud_bin_abs_path": "/google-cloud-sdk/bin",
              "md5": "7f22bf39aaf5ce5980111c3587bef5b5"
            }
          },
          "dependencies": [
            "module.anthos_cluster.module.acm.module.enable_acm.null_resource.additional_components",
            "module.anthos_cluster.module.acm.module.enable_acm.null_resource.decompress",
            "module.anthos_cluster.module.acm.module.enable_acm.null_resource.gcloud_auth_google_credentials",
            "module.anthos_cluster.module.acm.module.enable_acm.null_resource.gcloud_auth_service_account_key_file",
            "module.anthos_cluster.module.acm.module.enable_acm.null_resource.module_depends_on",
            "module.anthos_cluster.module.acm.module.enable_acm.null_resource.upgrade",
            "module.anthos_cluster.module.acm.module.enable_acm.random_id.cache",
            "module.bu1-prod-app1.module.project-factory.google_compute_shared_vpc_service_project.shared_vpc_attachment",
            "module.bu1-prod-app1.module.project-factory.google_project.main",
            "module.bu1-prod-app1.module.project-factory.module.project_services.google_project_service.project_services",
            "module.bu1-prod-app1.module.project-factory.null_resource.preconditions",
            "module.bu1-prod-app1.module.project-factory.random_id.random_project_id_suffix"
          ]
        }
      ]
    },
    {
      "module": "module.bu1-prod-app1.module.project-factory.module.gcloud_deprivilege",
      "mode": "managed",
      "type": "null_resource",
      "name": "run_command",
      "each": "list",
      "provider": "provider.null",
      "instances": [
        {
          "index_key": 0,
          "schema_version": 0,
          "attributes": {
            "id": "3114678405740376606",
            "triggers": {
              "activated_apis": "compute.googleapis.com,container.googleapis.com,servicenetworking.googleapis.com,logging.googleapis.com,cloudresourcemanager.googleapis.com,billingbudgets.googleapis.com,meshca.googleapis.com,meshconfig.googleapis.com,gkehub.googleapis.com,iamcredentials.googleapis.com",
              "arguments": "547bd1514fbbf394436a255711e116b8",
              "create_cmd_body": "--project_id='bu1-p-app1-1961' \\\n--sa_id='617231518074-compute@developer.gserviceaccount.com' \\\n--credentials_path='' \\\n--impersonate-service-account='org-terraform@cft-seed-cc18.iam.gserviceaccount.com' \\\n--action='deprivilege'\n",
              "create_cmd_entrypoint": ".terraform/modules/bu1-prod-app1/modules/core_project_factory/scripts/modify-service-account.sh",
              "default_service_account": "617231518074-compute@developer.gserviceaccount.com",
              "destroy_cmd_body": "info",
              "destroy_cmd_entrypoint": "gcloud",
              "gcloud_bin_abs_path": "/home/gary_bowers1_com/repos/anthos-demo/.terraform/modules/bu1-prod-app1.project-factory.gcloud_deprivilege/cache/256feedc/google-cloud-sdk/bin",
              "md5": "0bf6eb1872d2367ba45c57d17e9740c9",
              "project_services": "bu1-p-app1-1961"
            }
          },
          "dependencies": [
            "module.bu1-prod-app1.module.project-factory.google_project.main",
            "module.bu1-prod-app1.module.project-factory.module.gcloud_deprivilege.null_resource.additional_components",
            "module.bu1-prod-app1.module.project-factory.module.gcloud_deprivilege.null_resource.decompress",
            "module.bu1-prod-app1.module.project-factory.module.gcloud_deprivilege.null_resource.gcloud_auth_google_credentials",
            "module.bu1-prod-app1.module.project-factory.module.gcloud_deprivilege.null_resource.gcloud_auth_service_account_key_file",
            "module.bu1-prod-app1.module.project-factory.module.gcloud_deprivilege.null_resource.module_depends_on",
            "module.bu1-prod-app1.module.project-factory.module.gcloud_deprivilege.random_id.cache",
            "module.bu1-prod-app1.module.project-factory.module.project_services.google_project_service.project_services",
            "module.bu1-prod-app1.module.project-factory.null_resource.preconditions",
            "module.bu1-prod-app1.module.project-factory.random_id.random_project_id_suffix"
          ]
        }
      ]
    },
    {
      "module": "module.bu1-prod-app1.module.project-factory.module.gcloud_disable",
      "mode": "managed",
      "type": "null_resource",
      "name": "run_command",
      "each": "list",
      "provider": "provider.null",
      "instances": []
    },
    {
      "module": "module.anthos_cluster.module.gke.module.gcloud_delete_default_kube_dns_configmap.module.gcloud_kubectl",
      "mode": "managed",
      "type": "null_resource",
      "name": "run_command",
      "each": "list",
      "provider": "provider.null",
      "instances": []
    },
    {
      "module": "module.anthos_cluster.module.acm.module.acm_operator.module.k8sop_creds_secret.module.gcloud_kubectl",
      "mode": "managed",
      "type": "null_resource",
      "name": "run_command",
      "each": "list",
      "provider": "provider.null",
      "instances": [
        {
          "index_key": 0,
          "schema_version": 0,
          "attributes": {
            "id": "3552251827308694832",
            "triggers": {
              "arguments": "a884bb22bc505d2ae353774db13e082e",
              "create_cmd_body": "bu1-app1-cluster1 europe-west1 bu1-p-app1-1961 false false kubectl create secret generic git-creds -n=config-management-system --from-literal=ssh='-----BEGIN RSA PRIVATE KEY-----\nMIIJJwIBAAKCAgEA1ASC2N4E4hQCh4He9uwAEK1AMyeDGsjLaXsox68ac8wIHdt7\n/5mfThRQiA96YGtItn0sDZ+j9hJ/2OjlSUp4RiaHirUZgXjHbziS5Pjzb3BbcWAd\n+TT0WaecjjYEJQDHWkJkJP6UJKAPMnTReDiuJX2oD8CP3swUmlZoXGUjY8AIxmIq\nb/oft2MwRI6mlVsQ5a25PvhNTIWpz5uQ5BO7miEhvFl8vG75/xL+GjxlHsmB+V/D\nNutcktZNqhZdxfaGqXGpNIDFwKjUMvhBv6CboopB/WCO0tcbA0ny4qeEtwwCjmsz\nzkS3Xb7BXCz5lzGERw7SXNINZVGHYSq16dhkErfd4BdfichjEcvM3k43BZZlolIc\nV/I3yDYXqlV11/Mr/rAoGlwjU4Ec/csJj5glZI/M561TSWBEPrdvcMpaHw4jPr+X\ntvsrNCcP1JYigLPzK5E3Z9j6POgVUrhP+/AbYO8FjfYgXKmAifbmSoUhmeN0Tbm4\nRnj/cywQ5VmR9EqkxAUyHqcyoZprRba/VdkCS350IipBmxZNXnKzdakqMQu/CTK7\nJG0HZ6SXDp0JERgsSJCeTPfa0+v60YkIk22ca005eAfyGG64clg1om5yw4vB5sPi\nV1WrmBfj6wbTfvRMD0xQY7qbRVqKJy+wnBOajiTUJNbIP2xCEz0iqekztikCAwEA\nAQKCAgBCWFcJvhARHunbtYwsAJXUoiJg35BrJUJh86RDOEwyyDoR/cjDpzLun/TD\nXvSQj4HleS375WTNb+SJ3/dABAm3Cf+ILDubBEyERVPSSwUCbkpvJAC9JxD/rS+U\nYNrTKXc4i2YDHZcGDwAybdPOpw33tWaN51geBAa+dSObJhr47/LPAZD+EWszW9qS\n2YDPY/vZo49AYTrvIzSMPsYMWRBvnsaLxgT+gkvAwhS56QRLqgr+GjVgTi5d1Kng\n+7bEZ+yjwWmNgG5hZ3Nfr8gDSyLorhMQUtLer2lIki9rNbiV/zAdmPZRKbenojWn\nvnssENav1beGTETc27JdeZwLXSeTEhQXYWFuoVl9r15fEYAqRIXjQP+YfZ2grbAD\n6OL6ReLq+l/BQlqiK1AbSp0qsSiwPzIgTNcSYL09uv3g8u/N3OWF3ITQ8Ep7mnb4\ngKUob9RzJMFIOPyQ+5ZZUQRWneHxNyQHO/N++6xXx/Cc21Pj1nEnDv37Aa2ICRuc\nIr8JV3TNpfk5XVaVqhW0SKIFwWxV3x4AB3VorMeRM+BHUKSwTSnoc+Wtpxwyhmsy\nKEH4BYu8uEIX1scx6+Y2L0GRrf3aRZJK3WQ1YDCxeSvMzEWWxFHq5qMLvdbSUJYF\nTxCrboBr2IOUNssphJRZLy9ZR2GYYn6do+NtGknDFyOWYbLZMQKCAQEA7ttVqUyr\nFnp3oFLvESoGH7MNtDIygdaNVMOY567igzy38/GyjpBhDOQAbiB7pV4ZbtEAigEv\nvZAf5aXA/7jQy4+Gr2MU/ESumZPFuUHF/OYmR/kMW13uA+naSoFzgMfD1jkHZ/Ox\nTuMo3p5zoi0EiiuStTFLR2014lkZdOAhUm/SpiZ1uw2S0dwsC8/g33MxBDl4kZw7\nmtd3/d/OXaWsiHZpEKyY+dRQhtgE6CkQV2c9ZHz4WA6jLTCtOQ2NUw5I7avxjaDp\n/P2LmZPOj1SnP8A2X1n03EW/imqhYU98lH25IBzGZAdmKTe+/3wxYGrs/Q7hVhJW\nb9O4Aj3+n9lf1wKCAQEA4zwLPEgY1KjZ+Mt+GEK6MyNURM0EeAr4IUhDph0ziqIe\n+THqjEO/svVZgMF3O8lSuEwmQ7v3Fc0OMHaZ3H8K5LaJc5YU0yrhKmNOB/+GEx0p\nUmAy6vODqs58eze+YiM9tresp05WLkim5VhoI4IAH6aIlbc9gdrRmimTSpDRcMPi\nNREpHXpahYIwNSrlVAJay95/yQMLEgBvoDLu735Qdflp4neU7VwDj2tYWxifPg0q\nrernXNnptCcJ7h4QcfELtiCeZigAzTqn6EJiLRTJCXBlvOM7ESiHHxIOHUb2Jrxh\nvsIpHhAMVYyOMTJdImXogbXIfVoSwezdvYf6EBDZ/wKCAQARvt/lXRnU6LJciezT\nBKFB16ar/ZK9DLihVIrWo6qWf3tXN1zBtL5RG9tgUy98gLo4/nQgzKfEWKHWCPOG\nzC9PAFHMU/sqJtwl8tGcyuMvv9WWQU2GuDrHtacPJAD1z2GgV8pSEcvZhYzyxSjo\nIpoUvdn/djMWkmmPcHkwsronCsHGsFLM29xNlSL8mawmTcOVgcOQZeATx/BVPzxw\nvq9L0ChMIdaXsQtuiTwMF4jsRXJNNe+pcyTyZYxpEbWvNv96EO04TX002410koOl\nKG/oj5o6iU9k0hXB7dwhg6tIyPJpDVo78kTHySl6h7qPZEJJJsLdBy2+zyb7m6mA\nLMEvAoIBAFBZvQdV3yHjiyAEpNPjVIAcsAGcFUZ1aoQqT3F/xefxp84qLmvm0PRw\n+XMj9gt4Bv4QPz+YSai115yfc4yah7mUKkpq+XYqJXCdqMv/OOOtXh040whtj1No\nrG/NqE5/c6UWkcCfXK4FFq7mcfyMTYrjkkyOfPtb6t3+cYzeZJDhUy28obNAvp2T\nCYTjZDAunPiV9s2Xe+SjrtUQ7ZhWLBFrXlusOUctUDz4kke0Dysb8MmK1MDqdU80\ntrgyfVItEB0Yr6oj3xSy9wiT4K9cODJUQkVmfE527EC6W69SllvgJRgVBAETX6ko\niGcxDenJ60tigkCBBzz3ivkoCe6AZvUCggEAcI+oz9qUdZVBLIPWsFQ+k10QM6B+\nOKoFoU4Y3n9oRgfN7EAClDU4RKDhJuKJlFT9/x97ZG3lYL2Mw61z0vl98B/7nIb2\nuqvyQ6Ko0LPZM4wpSsjsqFJj/wpnkW+Hg52XUu28V0XUWO3VLiZJFKNlfCmmJzbs\n/zpyVc2QSiR8GyesRAj/eUBopAVOYUUfjW3ZYWACe2BG1oHaJpa2e3o4XlJmMn7z\n3/Mu9GnTHIft/SEP/ye0LTqm8x7ReDFgdNKX7QqlFVwHnCLR9mZ2fNYnEPf71DJV\ny5wy2IV+DLB5GEHu7YtHG8/7BftN1AFJNrzCPHWAA455nyygAic0hCwckg==\n-----END RSA PRIVATE KEY-----\n'",
              "create_cmd_entrypoint": ".terraform/modules/anthos_cluster.acm.acm_operator.k8sop_creds_secret/modules/kubectl-wrapper/scripts/kubectl_wrapper.sh",
              "gcloud_bin_abs_path": "/google-cloud-sdk/bin",
              "md5": "d381274dc6fecc71a8bb7767198df06d"
            }
          },
          "dependencies": [
            "module.anthos_cluster.google_service_account.service_account",
            "module.anthos_cluster.module.acm.module.acm_operator.module.k8s_operator.module.gcloud_kubectl.null_resource.additional_components",
            "module.anthos_cluster.module.acm.module.acm_operator.module.k8s_operator.module.gcloud_kubectl.null_resource.decompress",
            "module.anthos_cluster.module.acm.module.acm_operator.module.k8s_operator.module.gcloud_kubectl.null_resource.gcloud_auth_google_credentials",
            "module.anthos_cluster.module.acm.module.acm_operator.module.k8s_operator.module.gcloud_kubectl.null_resource.gcloud_auth_service_account_key_file",
            "module.anthos_cluster.module.acm.module.acm_operator.module.k8s_operator.module.gcloud_kubectl.null_resource.module_depends_on",
            "module.anthos_cluster.module.acm.module.acm_operator.module.k8s_operator.module.gcloud_kubectl.null_resource.run_command",
            "module.anthos_cluster.module.acm.module.acm_operator.module.k8s_operator.module.gcloud_kubectl.null_resource.run_destroy_command",
            "module.anthos_cluster.module.acm.module.acm_operator.module.k8s_operator.module.gcloud_kubectl.null_resource.upgrade",
            "module.anthos_cluster.module.acm.module.acm_operator.module.k8s_operator.module.gcloud_kubectl.random_id.cache",
            "module.anthos_cluster.module.acm.module.acm_operator.module.k8sop_creds_secret.module.gcloud_kubectl.null_resource.additional_components",
            "module.anthos_cluster.module.acm.module.acm_operator.module.k8sop_creds_secret.module.gcloud_kubectl.null_resource.decompress",
            "module.anthos_cluster.module.acm.module.acm_operator.module.k8sop_creds_secret.module.gcloud_kubectl.null_resource.gcloud_auth_google_credentials",
            "module.anthos_cluster.module.acm.module.acm_operator.module.k8sop_creds_secret.module.gcloud_kubectl.null_resource.gcloud_auth_service_account_key_file",
            "module.anthos_cluster.module.acm.module.acm_operator.module.k8sop_creds_secret.module.gcloud_kubectl.null_resource.module_depends_on",
            "module.anthos_cluster.module.acm.module.acm_operator.module.k8sop_creds_secret.module.gcloud_kubectl.null_resource.upgrade",
            "module.anthos_cluster.module.acm.module.acm_operator.module.k8sop_creds_secret.module.gcloud_kubectl.random_id.cache",
            "module.anthos_cluster.module.acm.module.acm_operator.module.k8sop_manifest.null_resource.additional_components",
            "module.anthos_cluster.module.acm.module.acm_operator.module.k8sop_manifest.null_resource.decompress",
            "module.anthos_cluster.module.acm.module.acm_operator.module.k8sop_manifest.null_resource.gcloud_auth_google_credentials",
            "module.anthos_cluster.module.acm.module.acm_operator.module.k8sop_manifest.null_resource.gcloud_auth_service_account_key_file",
            "module.anthos_cluster.module.acm.module.acm_operator.module.k8sop_manifest.null_resource.module_depends_on",
            "module.anthos_cluster.module.acm.module.acm_operator.module.k8sop_manifest.null_resource.run_command",
            "module.anthos_cluster.module.acm.module.acm_operator.module.k8sop_manifest.null_resource.run_destroy_command",
            "module.anthos_cluster.module.acm.module.acm_operator.module.k8sop_manifest.random_id.cache",
            "module.anthos_cluster.module.acm.module.acm_operator.tls_private_key.k8sop_creds",
            "module.anthos_cluster.module.gke.google_container_cluster.primary",
            "module.anthos_cluster.module.gke.google_container_node_pool.pools",
            "module.anthos_cluster.module.gke.google_service_account.cluster_service_account",
            "module.anthos_cluster.module.gke.module.gcloud_wait_for_cluster.null_resource.additional_components",
            "module.anthos_cluster.module.gke.module.gcloud_wait_for_cluster.null_resource.decompress",
            "module.anthos_cluster.module.gke.module.gcloud_wait_for_cluster.null_resource.gcloud_auth_google_credentials",
            "module.anthos_cluster.module.gke.module.gcloud_wait_for_cluster.null_resource.gcloud_auth_service_account_key_file",
            "module.anthos_cluster.module.gke.module.gcloud_wait_for_cluster.null_resource.module_depends_on",
            "module.anthos_cluster.module.gke.module.gcloud_wait_for_cluster.null_resource.run_command",
            "module.anthos_cluster.module.gke.module.gcloud_wait_for_cluster.null_resource.run_destroy_command",
            "module.anthos_cluster.module.gke.module.gcloud_wait_for_cluster.random_id.cache",
            "module.anthos_cluster.module.gke.random_shuffle.available_zones",
            "module.anthos_cluster.random_id.postfix",
            "module.bu1-prod-app1.module.project-factory.google_compute_shared_vpc_service_project.shared_vpc_attachment",
            "module.bu1-prod-app1.module.project-factory.google_project.main",
            "module.bu1-prod-app1.module.project-factory.module.project_services.google_project_service.project_services",
            "module.bu1-prod-app1.module.project-factory.null_resource.preconditions",
            "module.bu1-prod-app1.module.project-factory.random_id.random_project_id_suffix",
            "module.vpc.module.subnets.google_compute_subnetwork.subnetwork",
            "module.vpc.module.vpc.google_compute_network.network"
          ]
        }
      ]
    },
    {
      "module": "module.anthos_hub.module.enable_acm",
      "mode": "managed",
      "type": "null_resource",
      "name": "run_command",
      "each": "list",
      "provider": "provider.null",
      "instances": [
        {
          "index_key": 0,
          "schema_version": 0,
          "attributes": {
            "id": "77443588905207623",
            "triggers": {
              "arguments": "5a9a6d2beea76f268598f1877f936d7a",
              "create_cmd_body": "alpha container hub config-management enable --project anthos-hub-d770",
              "create_cmd_entrypoint": "gcloud",
              "gcloud_bin_abs_path": "/google-cloud-sdk/bin",
              "md5": "7f22bf39aaf5ce5980111c3587bef5b5"
            }
          },
          "dependencies": [
            "module.anthos_hub.module.enable_acm.null_resource.additional_components",
            "module.anthos_hub.module.enable_acm.null_resource.decompress",
            "module.anthos_hub.module.enable_acm.null_resource.gcloud_auth_google_credentials",
            "module.anthos_hub.module.enable_acm.null_resource.gcloud_auth_service_account_key_file",
            "module.anthos_hub.module.enable_acm.null_resource.module_depends_on",
            "module.anthos_hub.module.enable_acm.null_resource.upgrade",
            "module.anthos_hub.module.enable_acm.random_id.cache",
            "module.anthos_hub_project.module.project-factory.google_compute_shared_vpc_service_project.shared_vpc_attachment",
            "module.anthos_hub_project.module.project-factory.google_project.main",
            "module.anthos_hub_project.module.project-factory.module.project_services.google_project_service.project_services",
            "module.anthos_hub_project.module.project-factory.null_resource.preconditions",
            "module.anthos_hub_project.module.project-factory.random_id.random_project_id_suffix"
          ]
        }
      ]
    },
    {
      "module": "module.anthos_hub_project.module.project-factory.module.gcloud_deprivilege",
      "mode": "managed",
      "type": "null_resource",
      "name": "run_command",
      "each": "list",
      "provider": "provider.null",
      "instances": [
        {
          "index_key": 0,
          "schema_version": 0,
          "attributes": {
            "id": "6758196785372895043",
            "triggers": {
              "activated_apis": "compute.googleapis.com,container.googleapis.com,anthos.googleapis.com,servicenetworking.googleapis.com,logging.googleapis.com,cloudresourcemanager.googleapis.com,billingbudgets.googleapis.com,sourcerepo.googleapis.com,iamcredentials.googleapis.com",
              "arguments": "5ee9fda00554bd289fb9d3b7b3271e43",
              "create_cmd_body": "--project_id='anthos-hub-d770' \\\n--sa_id='665369007094-compute@developer.gserviceaccount.com' \\\n--credentials_path='' \\\n--impersonate-service-account='org-terraform@cft-seed-cc18.iam.gserviceaccount.com' \\\n--action='deprivilege'\n",
              "create_cmd_entrypoint": ".terraform/modules/anthos_hub_project/modules/core_project_factory/scripts/modify-service-account.sh",
              "default_service_account": "665369007094-compute@developer.gserviceaccount.com",
              "destroy_cmd_body": "info",
              "destroy_cmd_entrypoint": "gcloud",
              "gcloud_bin_abs_path": "/home/gary_bowers1_com/repos/anthos-demo/.terraform/modules/anthos_hub_project.project-factory.gcloud_deprivilege/cache/df2b9c9a/google-cloud-sdk/bin",
              "md5": "d4519e3ecaa742f90643938a7ebdcc3e",
              "project_services": "anthos-hub-d770"
            }
          },
          "dependencies": [
            "module.anthos_hub_project.module.project-factory.google_project.main",
            "module.anthos_hub_project.module.project-factory.module.gcloud_deprivilege.null_resource.additional_components",
            "module.anthos_hub_project.module.project-factory.module.gcloud_deprivilege.null_resource.decompress",
            "module.anthos_hub_project.module.project-factory.module.gcloud_deprivilege.null_resource.gcloud_auth_google_credentials",
            "module.anthos_hub_project.module.project-factory.module.gcloud_deprivilege.null_resource.gcloud_auth_service_account_key_file",
            "module.anthos_hub_project.module.project-factory.module.gcloud_deprivilege.null_resource.module_depends_on",
            "module.anthos_hub_project.module.project-factory.module.gcloud_deprivilege.random_id.cache",
            "module.anthos_hub_project.module.project-factory.module.project_services.google_project_service.project_services",
            "module.anthos_hub_project.module.project-factory.null_resource.preconditions",
            "module.anthos_hub_project.module.project-factory.random_id.random_project_id_suffix"
          ]
        }
      ]
    },
    {
      "module": "module.anthos_cluster.module.acm.module.acm_operator.module.wait_for_gatekeeper.module.gcloud_kubectl",
      "mode": "managed",
      "type": "null_resource",
      "name": "run_command",
      "each": "list",
      "provider": "provider.null",
      "instances": [
        {
          "index_key": 0,
          "schema_version": 0,
          "attributes": {
            "id": "993938531474132603",
            "triggers": {
              "arguments": "d7e42e0c37ab66e83b9e84abe83260ce",
              "create_cmd_body": "bu1-app1-cluster1 europe-west1 bu1-p-app1-1961 false false .terraform/modules/anthos_cluster.acm/modules/k8s-operator-crd-support/scripts/wait_for_gatekeeper.sh bu1-p-app1-1961 bu1-app1-cluster1 europe-west1",
              "create_cmd_entrypoint": ".terraform/modules/anthos_cluster.acm.acm_operator.wait_for_gatekeeper/modules/kubectl-wrapper/scripts/kubectl_wrapper.sh",
              "gcloud_bin_abs_path": "/google-cloud-sdk/bin",
              "md5": "1dd89fd29aa3a92f4d1476de24b16cec",
              "script_sha1": "c9518f73450dbf8f920bc0582620cc07f9e049d8"
            }
          },
          "dependencies": [
            "module.anthos_cluster.google_service_account.service_account",
            "module.anthos_cluster.module.acm.module.acm_operator.local_file.operator_cr",
            "module.anthos_cluster.module.acm.module.acm_operator.module.k8s_operator.module.gcloud_kubectl.null_resource.additional_components",
            "module.anthos_cluster.module.acm.module.acm_operator.module.k8s_operator.module.gcloud_kubectl.null_resource.decompress",
            "module.anthos_cluster.module.acm.module.acm_operator.module.k8s_operator.module.gcloud_kubectl.null_resource.gcloud_auth_google_credentials",
            "module.anthos_cluster.module.acm.module.acm_operator.module.k8s_operator.module.gcloud_kubectl.null_resource.gcloud_auth_service_account_key_file",
            "module.anthos_cluster.module.acm.module.acm_operator.module.k8s_operator.module.gcloud_kubectl.null_resource.module_depends_on",
            "module.anthos_cluster.module.acm.module.acm_operator.module.k8s_operator.module.gcloud_kubectl.null_resource.run_command",
            "module.anthos_cluster.module.acm.module.acm_operator.module.k8s_operator.module.gcloud_kubectl.null_resource.run_destroy_command",
            "module.anthos_cluster.module.acm.module.acm_operator.module.k8s_operator.module.gcloud_kubectl.null_resource.upgrade",
            "module.anthos_cluster.module.acm.module.acm_operator.module.k8s_operator.module.gcloud_kubectl.random_id.cache",
            "module.anthos_cluster.module.acm.module.acm_operator.module.k8sop_config.module.gcloud_kubectl.null_resource.additional_components",
            "module.anthos_cluster.module.acm.module.acm_operator.module.k8sop_config.module.gcloud_kubectl.null_resource.decompress",
            "module.anthos_cluster.module.acm.module.acm_operator.module.k8sop_config.module.gcloud_kubectl.null_resource.gcloud_auth_google_credentials",
            "module.anthos_cluster.module.acm.module.acm_operator.module.k8sop_config.module.gcloud_kubectl.null_resource.gcloud_auth_service_account_key_file",
            "module.anthos_cluster.module.acm.module.acm_operator.module.k8sop_config.module.gcloud_kubectl.null_resource.module_depends_on",
            "module.anthos_cluster.module.acm.module.acm_operator.module.k8sop_config.module.gcloud_kubectl.null_resource.run_command",
            "module.anthos_cluster.module.acm.module.acm_operator.module.k8sop_config.module.gcloud_kubectl.null_resource.run_destroy_command",
            "module.anthos_cluster.module.acm.module.acm_operator.module.k8sop_config.module.gcloud_kubectl.null_resource.upgrade",
            "module.anthos_cluster.module.acm.module.acm_operator.module.k8sop_config.module.gcloud_kubectl.random_id.cache",
            "module.anthos_cluster.module.acm.module.acm_operator.module.k8sop_creds_secret.module.gcloud_kubectl.null_resource.additional_components",
            "module.anthos_cluster.module.acm.module.acm_operator.module.k8sop_creds_secret.module.gcloud_kubectl.null_resource.decompress",
            "module.anthos_cluster.module.acm.module.acm_operator.module.k8sop_creds_secret.module.gcloud_kubectl.null_resource.gcloud_auth_google_credentials",
            "module.anthos_cluster.module.acm.module.acm_operator.module.k8sop_creds_secret.module.gcloud_kubectl.null_resource.gcloud_auth_service_account_key_file",
            "module.anthos_cluster.module.acm.module.acm_operator.module.k8sop_creds_secret.module.gcloud_kubectl.null_resource.module_depends_on",
            "module.anthos_cluster.module.acm.module.acm_operator.module.k8sop_creds_secret.module.gcloud_kubectl.null_resource.run_command",
            "module.anthos_cluster.module.acm.module.acm_operator.module.k8sop_creds_secret.module.gcloud_kubectl.null_resource.run_destroy_command",
            "module.anthos_cluster.module.acm.module.acm_operator.module.k8sop_creds_secret.module.gcloud_kubectl.null_resource.upgrade",
            "module.anthos_cluster.module.acm.module.acm_operator.module.k8sop_creds_secret.module.gcloud_kubectl.random_id.cache",
            "module.anthos_cluster.module.acm.module.acm_operator.module.k8sop_manifest.null_resource.additional_components",
            "module.anthos_cluster.module.acm.module.acm_operator.module.k8sop_manifest.null_resource.decompress",
            "module.anthos_cluster.module.acm.module.acm_operator.module.k8sop_manifest.null_resource.gcloud_auth_google_credentials",
            "module.anthos_cluster.module.acm.module.acm_operator.module.k8sop_manifest.null_resource.gcloud_auth_service_account_key_file",
            "module.anthos_cluster.module.acm.module.acm_operator.module.k8sop_manifest.null_resource.module_depends_on",
            "module.anthos_cluster.module.acm.module.acm_operator.module.k8sop_manifest.null_resource.run_command",
            "module.anthos_cluster.module.acm.module.acm_operator.module.k8sop_manifest.null_resource.run_destroy_command",
            "module.anthos_cluster.module.acm.module.acm_operator.module.k8sop_manifest.random_id.cache",
            "module.anthos_cluster.module.acm.module.acm_operator.module.wait_for_gatekeeper.module.gcloud_kubectl.null_resource.additional_components",
            "module.anthos_cluster.module.acm.module.acm_operator.module.wait_for_gatekeeper.module.gcloud_kubectl.null_resource.decompress",
            "module.anthos_cluster.module.acm.module.acm_operator.module.wait_for_gatekeeper.module.gcloud_kubectl.null_resource.gcloud_auth_google_credentials",
            "module.anthos_cluster.module.acm.module.acm_operator.module.wait_for_gatekeeper.module.gcloud_kubectl.null_resource.gcloud_auth_service_account_key_file",
            "module.anthos_cluster.module.acm.module.acm_operator.module.wait_for_gatekeeper.module.gcloud_kubectl.null_resource.module_depends_on",
            "module.anthos_cluster.module.acm.module.acm_operator.module.wait_for_gatekeeper.module.gcloud_kubectl.null_resource.upgrade",
            "module.anthos_cluster.module.acm.module.acm_operator.module.wait_for_gatekeeper.module.gcloud_kubectl.random_id.cache",
            "module.anthos_cluster.module.acm.module.acm_operator.tls_private_key.k8sop_creds",
            "module.anthos_cluster.module.gke.google_container_cluster.primary",
            "module.anthos_cluster.module.gke.google_container_node_pool.pools",
            "module.anthos_cluster.module.gke.google_service_account.cluster_service_account",
            "module.anthos_cluster.module.gke.module.gcloud_wait_for_cluster.null_resource.additional_components",
            "module.anthos_cluster.module.gke.module.gcloud_wait_for_cluster.null_resource.decompress",
            "module.anthos_cluster.module.gke.module.gcloud_wait_for_cluster.null_resource.gcloud_auth_google_credentials",
            "module.anthos_cluster.module.gke.module.gcloud_wait_for_cluster.null_resource.gcloud_auth_service_account_key_file",
            "module.anthos_cluster.module.gke.module.gcloud_wait_for_cluster.null_resource.module_depends_on",
            "module.anthos_cluster.module.gke.module.gcloud_wait_for_cluster.null_resource.run_command",
            "module.anthos_cluster.module.gke.module.gcloud_wait_for_cluster.null_resource.run_destroy_command",
            "module.anthos_cluster.module.gke.module.gcloud_wait_for_cluster.random_id.cache",
            "module.anthos_cluster.module.gke.random_shuffle.available_zones",
            "module.anthos_cluster.random_id.postfix",
            "module.bu1-prod-app1.module.project-factory.google_compute_shared_vpc_service_project.shared_vpc_attachment",
            "module.bu1-prod-app1.module.project-factory.google_project.main",
            "module.bu1-prod-app1.module.project-factory.module.project_services.google_project_service.project_services",
            "module.bu1-prod-app1.module.project-factory.null_resource.preconditions",
            "module.bu1-prod-app1.module.project-factory.random_id.random_project_id_suffix",
            "module.vpc.module.subnets.google_compute_subnetwork.subnetwork",
            "module.vpc.module.vpc.google_compute_network.network"
          ]
        }
      ]
    },
    {
      "module": "module.anthos_cluster.module.acm.module.acm_operator.module.k8s_operator.module.gcloud_kubectl",
      "mode": "managed",
      "type": "null_resource",
      "name": "run_command",
      "each": "list",
      "provider": "provider.null",
      "instances": [
        {
          "index_key": 0,
          "schema_version": 0,
          "attributes": {
            "id": "7660305285714516422",
            "triggers": {
              "arguments": "31627246afd9c60644cf0f8e22decaaa",
              "create_cmd_body": "bu1-app1-cluster1 europe-west1 bu1-p-app1-1961 false false kubectl apply -f ./.terraform/tmp/bu1-p-app1-1961-bu1-app1-cluster1/config-management-operator.yaml",
              "create_cmd_entrypoint": ".terraform/modules/anthos_cluster.acm.acm_operator.k8s_operator/modules/kubectl-wrapper/scripts/kubectl_wrapper.sh",
              "gcloud_bin_abs_path": "/google-cloud-sdk/bin",
              "md5": "cb7ef46950caba5730f1ed13a859ec38"
            }
          },
          "dependencies": [
            "module.anthos_cluster.google_service_account.service_account",
            "module.anthos_cluster.module.acm.module.acm_operator.module.k8s_operator.module.gcloud_kubectl.null_resource.additional_components",
            "module.anthos_cluster.module.acm.module.acm_operator.module.k8s_operator.module.gcloud_kubectl.null_resource.decompress",
            "module.anthos_cluster.module.acm.module.acm_operator.module.k8s_operator.module.gcloud_kubectl.null_resource.gcloud_auth_google_credentials",
            "module.anthos_cluster.module.acm.module.acm_operator.module.k8s_operator.module.gcloud_kubectl.null_resource.gcloud_auth_service_account_key_file",
            "module.anthos_cluster.module.acm.module.acm_operator.module.k8s_operator.module.gcloud_kubectl.null_resource.module_depends_on",
            "module.anthos_cluster.module.acm.module.acm_operator.module.k8s_operator.module.gcloud_kubectl.null_resource.upgrade",
            "module.anthos_cluster.module.acm.module.acm_operator.module.k8s_operator.module.gcloud_kubectl.random_id.cache",
            "module.anthos_cluster.module.acm.module.acm_operator.module.k8sop_manifest.null_resource.additional_components",
            "module.anthos_cluster.module.acm.module.acm_operator.module.k8sop_manifest.null_resource.decompress",
            "module.anthos_cluster.module.acm.module.acm_operator.module.k8sop_manifest.null_resource.gcloud_auth_google_credentials",
            "module.anthos_cluster.module.acm.module.acm_operator.module.k8sop_manifest.null_resource.gcloud_auth_service_account_key_file",
            "module.anthos_cluster.module.acm.module.acm_operator.module.k8sop_manifest.null_resource.module_depends_on",
            "module.anthos_cluster.module.acm.module.acm_operator.module.k8sop_manifest.null_resource.run_command",
            "module.anthos_cluster.module.acm.module.acm_operator.module.k8sop_manifest.null_resource.run_destroy_command",
            "module.anthos_cluster.module.acm.module.acm_operator.module.k8sop_manifest.random_id.cache",
            "module.anthos_cluster.module.gke.google_container_cluster.primary",
            "module.anthos_cluster.module.gke.google_container_node_pool.pools",
            "module.anthos_cluster.module.gke.google_service_account.cluster_service_account",
            "module.anthos_cluster.module.gke.module.gcloud_wait_for_cluster.null_resource.additional_components",
            "module.anthos_cluster.module.gke.module.gcloud_wait_for_cluster.null_resource.decompress",
            "module.anthos_cluster.module.gke.module.gcloud_wait_for_cluster.null_resource.gcloud_auth_google_credentials",
            "module.anthos_cluster.module.gke.module.gcloud_wait_for_cluster.null_resource.gcloud_auth_service_account_key_file",
            "module.anthos_cluster.module.gke.module.gcloud_wait_for_cluster.null_resource.module_depends_on",
            "module.anthos_cluster.module.gke.module.gcloud_wait_for_cluster.null_resource.run_command",
            "module.anthos_cluster.module.gke.module.gcloud_wait_for_cluster.null_resource.run_destroy_command",
            "module.anthos_cluster.module.gke.module.gcloud_wait_for_cluster.random_id.cache",
            "module.anthos_cluster.module.gke.random_shuffle.available_zones",
            "module.anthos_cluster.random_id.postfix",
            "module.bu1-prod-app1.module.project-factory.google_compute_shared_vpc_service_project.shared_vpc_attachment",
            "module.bu1-prod-app1.module.project-factory.google_project.main",
            "module.bu1-prod-app1.module.project-factory.module.project_services.google_project_service.project_services",
            "module.bu1-prod-app1.module.project-factory.null_resource.preconditions",
            "module.bu1-prod-app1.module.project-factory.random_id.random_project_id_suffix",
            "module.vpc.module.subnets.google_compute_subnetwork.subnetwork",
            "module.vpc.module.vpc.google_compute_network.network"
          ]
        }
      ]
    },
    {
      "module": "module.anthos_cluster.module.acm.module.acm_operator.module.k8sop_manifest",
      "mode": "managed",
      "type": "null_resource",
      "name": "run_destroy_command",
      "each": "list",
      "provider": "provider.null",
      "instances": [
        {
          "index_key": 0,
          "schema_version": 0,
          "attributes": {
            "id": "7992050704556832907",
            "triggers": {
              "destroy_cmd_body": "-f ./.terraform/tmp/bu1-p-app1-1961-bu1-app1-cluster1/config-management-operator.yaml",
              "destroy_cmd_entrypoint": "rm",
              "gcloud_bin_abs_path": "/google-cloud-sdk/bin"
            }
          },
          "dependencies": [
            "module.anthos_cluster.google_service_account.service_account",
            "module.anthos_cluster.module.acm.module.acm_operator.module.k8sop_manifest.null_resource.additional_components",
            "module.anthos_cluster.module.acm.module.acm_operator.module.k8sop_manifest.null_resource.decompress",
            "module.anthos_cluster.module.acm.module.acm_operator.module.k8sop_manifest.null_resource.gcloud_auth_google_credentials",
            "module.anthos_cluster.module.acm.module.acm_operator.module.k8sop_manifest.null_resource.gcloud_auth_service_account_key_file",
            "module.anthos_cluster.module.acm.module.acm_operator.module.k8sop_manifest.null_resource.module_depends_on",
            "module.anthos_cluster.module.acm.module.acm_operator.module.k8sop_manifest.random_id.cache",
            "module.anthos_cluster.module.gke.google_container_cluster.primary",
            "module.anthos_cluster.module.gke.google_service_account.cluster_service_account",
            "module.anthos_cluster.module.gke.random_shuffle.available_zones",
            "module.anthos_cluster.random_id.postfix",
            "module.bu1-prod-app1.module.project-factory.google_compute_shared_vpc_service_project.shared_vpc_attachment",
            "module.bu1-prod-app1.module.project-factory.google_project.main",
            "module.bu1-prod-app1.module.project-factory.module.project_services.google_project_service.project_services",
            "module.bu1-prod-app1.module.project-factory.null_resource.preconditions",
            "module.bu1-prod-app1.module.project-factory.random_id.random_project_id_suffix",
            "module.vpc.module.subnets.google_compute_subnetwork.subnetwork",
            "module.vpc.module.vpc.google_compute_network.network"
          ]
        }
      ]
    },
    {
      "module": "module.anthos_cluster.module.acm.module.acm_operator.module.k8sop_config.module.gcloud_kubectl",
      "mode": "managed",
      "type": "null_resource",
      "name": "run_destroy_command",
      "each": "list",
      "provider": "provider.null",
      "instances": [
        {
          "index_key": 0,
          "schema_version": 0,
          "attributes": {
            "id": "2659634468508280662",
            "triggers": {
              "configmanagement": "apiVersion: configmanagement.gke.io/v1\nkind: ConfigManagement\nmetadata:\n  name: config-management\nspec:\n  # clusterName is required and must be unique among all managed clusters\n  clusterName: bu1-app1-cluster1\n  policyController:\n    enabled: true\n    templateLibraryInstalled: true\n    logDeniesEnabled: false\n  git:\n    syncRepo: ssh://gary@gcpgeek.cloud@source.developers.google.com:2022/p/anthos-hub-221b/r/anthos-config-prod\n    secretType: ssh\n    policyDir: /prod\n    syncBranch: master\n  \n  \n",
              "destroy_cmd_body": "bu1-app1-cluster1 europe-west1 bu1-p-app1-1961 false false kubectl delete -f .terraform/modules/anthos_cluster.acm/modules/k8s-operator-crd-support/bu1-p-app1-1961-bu1-app1-cluster1/operator_cr.yaml",
              "destroy_cmd_entrypoint": ".terraform/modules/anthos_cluster.acm.acm_operator.k8sop_config/modules/kubectl-wrapper/scripts/kubectl_wrapper.sh",
              "gcloud_bin_abs_path": "/google-cloud-sdk/bin"
            }
          },
          "dependencies": [
            "module.anthos_cluster.google_service_account.service_account",
            "module.anthos_cluster.module.acm.module.acm_operator.local_file.operator_cr",
            "module.anthos_cluster.module.acm.module.acm_operator.module.k8s_operator.module.gcloud_kubectl.null_resource.additional_components",
            "module.anthos_cluster.module.acm.module.acm_operator.module.k8s_operator.module.gcloud_kubectl.null_resource.decompress",
            "module.anthos_cluster.module.acm.module.acm_operator.module.k8s_operator.module.gcloud_kubectl.null_resource.gcloud_auth_google_credentials",
            "module.anthos_cluster.module.acm.module.acm_operator.module.k8s_operator.module.gcloud_kubectl.null_resource.gcloud_auth_service_account_key_file",
            "module.anthos_cluster.module.acm.module.acm_operator.module.k8s_operator.module.gcloud_kubectl.null_resource.module_depends_on",
            "module.anthos_cluster.module.acm.module.acm_operator.module.k8s_operator.module.gcloud_kubectl.null_resource.run_command",
            "module.anthos_cluster.module.acm.module.acm_operator.module.k8s_operator.module.gcloud_kubectl.null_resource.run_destroy_command",
            "module.anthos_cluster.module.acm.module.acm_operator.module.k8s_operator.module.gcloud_kubectl.null_resource.upgrade",
            "module.anthos_cluster.module.acm.module.acm_operator.module.k8s_operator.module.gcloud_kubectl.random_id.cache",
            "module.anthos_cluster.module.acm.module.acm_operator.module.k8sop_config.module.gcloud_kubectl.null_resource.additional_components",
            "module.anthos_cluster.module.acm.module.acm_operator.module.k8sop_config.module.gcloud_kubectl.null_resource.decompress",
            "module.anthos_cluster.module.acm.module.acm_operator.module.k8sop_config.module.gcloud_kubectl.null_resource.gcloud_auth_google_credentials",
            "module.anthos_cluster.module.acm.module.acm_operator.module.k8sop_config.module.gcloud_kubectl.null_resource.gcloud_auth_service_account_key_file",
            "module.anthos_cluster.module.acm.module.acm_operator.module.k8sop_config.module.gcloud_kubectl.null_resource.module_depends_on",
            "module.anthos_cluster.module.acm.module.acm_operator.module.k8sop_config.module.gcloud_kubectl.null_resource.upgrade",
            "module.anthos_cluster.module.acm.module.acm_operator.module.k8sop_config.module.gcloud_kubectl.random_id.cache",
            "module.anthos_cluster.module.acm.module.acm_operator.module.k8sop_creds_secret.module.gcloud_kubectl.null_resource.additional_components",
            "module.anthos_cluster.module.acm.module.acm_operator.module.k8sop_creds_secret.module.gcloud_kubectl.null_resource.decompress",
            "module.anthos_cluster.module.acm.module.acm_operator.module.k8sop_creds_secret.module.gcloud_kubectl.null_resource.gcloud_auth_google_credentials",
            "module.anthos_cluster.module.acm.module.acm_operator.module.k8sop_creds_secret.module.gcloud_kubectl.null_resource.gcloud_auth_service_account_key_file",
            "module.anthos_cluster.module.acm.module.acm_operator.module.k8sop_creds_secret.module.gcloud_kubectl.null_resource.module_depends_on",
            "module.anthos_cluster.module.acm.module.acm_operator.module.k8sop_creds_secret.module.gcloud_kubectl.null_resource.run_command",
            "module.anthos_cluster.module.acm.module.acm_operator.module.k8sop_creds_secret.module.gcloud_kubectl.null_resource.run_destroy_command",
            "module.anthos_cluster.module.acm.module.acm_operator.module.k8sop_creds_secret.module.gcloud_kubectl.null_resource.upgrade",
            "module.anthos_cluster.module.acm.module.acm_operator.module.k8sop_creds_secret.module.gcloud_kubectl.random_id.cache",
            "module.anthos_cluster.module.acm.module.acm_operator.module.k8sop_manifest.null_resource.additional_components",
            "module.anthos_cluster.module.acm.module.acm_operator.module.k8sop_manifest.null_resource.decompress",
            "module.anthos_cluster.module.acm.module.acm_operator.module.k8sop_manifest.null_resource.gcloud_auth_google_credentials",
            "module.anthos_cluster.module.acm.module.acm_operator.module.k8sop_manifest.null_resource.gcloud_auth_service_account_key_file",
            "module.anthos_cluster.module.acm.module.acm_operator.module.k8sop_manifest.null_resource.module_depends_on",
            "module.anthos_cluster.module.acm.module.acm_operator.module.k8sop_manifest.null_resource.run_command",
            "module.anthos_cluster.module.acm.module.acm_operator.module.k8sop_manifest.null_resource.run_destroy_command",
            "module.anthos_cluster.module.acm.module.acm_operator.module.k8sop_manifest.random_id.cache",
            "module.anthos_cluster.module.acm.module.acm_operator.tls_private_key.k8sop_creds",
            "module.anthos_cluster.module.gke.google_container_cluster.primary",
            "module.anthos_cluster.module.gke.google_container_node_pool.pools",
            "module.anthos_cluster.module.gke.google_service_account.cluster_service_account",
            "module.anthos_cluster.module.gke.module.gcloud_wait_for_cluster.null_resource.additional_components",
            "module.anthos_cluster.module.gke.module.gcloud_wait_for_cluster.null_resource.decompress",
            "module.anthos_cluster.module.gke.module.gcloud_wait_for_cluster.null_resource.gcloud_auth_google_credentials",
            "module.anthos_cluster.module.gke.module.gcloud_wait_for_cluster.null_resource.gcloud_auth_service_account_key_file",
            "module.anthos_cluster.module.gke.module.gcloud_wait_for_cluster.null_resource.module_depends_on",
            "module.anthos_cluster.module.gke.module.gcloud_wait_for_cluster.null_resource.run_command",
            "module.anthos_cluster.module.gke.module.gcloud_wait_for_cluster.null_resource.run_destroy_command",
            "module.anthos_cluster.module.gke.module.gcloud_wait_for_cluster.random_id.cache",
            "module.anthos_cluster.module.gke.random_shuffle.available_zones",
            "module.anthos_cluster.random_id.postfix",
            "module.bu1-prod-app1.module.project-factory.google_compute_shared_vpc_service_project.shared_vpc_attachment",
            "module.bu1-prod-app1.module.project-factory.google_project.main",
            "module.bu1-prod-app1.module.project-factory.module.project_services.google_project_service.project_services",
            "module.bu1-prod-app1.module.project-factory.null_resource.preconditions",
            "module.bu1-prod-app1.module.project-factory.random_id.random_project_id_suffix",
            "module.vpc.module.subnets.google_compute_subnetwork.subnetwork",
            "module.vpc.module.vpc.google_compute_network.network"
          ]
        }
      ]
    },
    {
      "module": "module.anthos_cluster.module.asm.module.asm_install.module.gcloud_kubectl",
      "mode": "managed",
      "type": "null_resource",
      "name": "run_destroy_command",
      "each": "list",
      "provider": "provider.null",
      "instances": [
        {
          "index_key": 0,
          "schema_version": 0,
          "attributes": {
            "id": "5697050175609679465",
            "triggers": {
              "destroy_cmd_body": "bu1-app1-cluster1 europe-west1 bu1-p-app1-1961 false false kubectl delete ns istio-system",
              "destroy_cmd_entrypoint": ".terraform/modules/anthos_cluster.asm.asm_install/modules/kubectl-wrapper/scripts/kubectl_wrapper.sh",
              "gcloud_bin_abs_path": "/google-cloud-sdk/bin"
            }
          },
          "dependencies": [
            "module.anthos_cluster.google_service_account.service_account",
            "module.anthos_cluster.module.asm.module.asm_install.module.gcloud_kubectl.null_resource.additional_components",
            "module.anthos_cluster.module.asm.module.asm_install.module.gcloud_kubectl.null_resource.decompress",
            "module.anthos_cluster.module.asm.module.asm_install.module.gcloud_kubectl.null_resource.gcloud_auth_google_credentials",
            "module.anthos_cluster.module.asm.module.asm_install.module.gcloud_kubectl.null_resource.gcloud_auth_service_account_key_file",
            "module.anthos_cluster.module.asm.module.asm_install.module.gcloud_kubectl.null_resource.module_depends_on",
            "module.anthos_cluster.module.asm.module.asm_install.module.gcloud_kubectl.null_resource.upgrade",
            "module.anthos_cluster.module.asm.module.asm_install.module.gcloud_kubectl.random_id.cache",
            "module.anthos_cluster.module.gke.google_container_cluster.primary",
            "module.anthos_cluster.module.gke.google_container_node_pool.pools",
            "module.anthos_cluster.module.gke.google_service_account.cluster_service_account",
            "module.anthos_cluster.module.gke.module.gcloud_wait_for_cluster.null_resource.additional_components",
            "module.anthos_cluster.module.gke.module.gcloud_wait_for_cluster.null_resource.decompress",
            "module.anthos_cluster.module.gke.module.gcloud_wait_for_cluster.null_resource.gcloud_auth_google_credentials",
            "module.anthos_cluster.module.gke.module.gcloud_wait_for_cluster.null_resource.gcloud_auth_service_account_key_file",
            "module.anthos_cluster.module.gke.module.gcloud_wait_for_cluster.null_resource.module_depends_on",
            "module.anthos_cluster.module.gke.module.gcloud_wait_for_cluster.null_resource.run_command",
            "module.anthos_cluster.module.gke.module.gcloud_wait_for_cluster.null_resource.run_destroy_command",
            "module.anthos_cluster.module.gke.module.gcloud_wait_for_cluster.random_id.cache",
            "module.anthos_cluster.module.gke.random_shuffle.available_zones",
            "module.anthos_cluster.random_id.postfix",
            "module.bu1-prod-app1.module.project-factory.google_compute_shared_vpc_service_project.shared_vpc_attachment",
            "module.bu1-prod-app1.module.project-factory.google_project.main",
            "module.bu1-prod-app1.module.project-factory.module.project_services.google_project_service.project_services",
            "module.bu1-prod-app1.module.project-factory.null_resource.preconditions",
            "module.bu1-prod-app1.module.project-factory.random_id.random_project_id_suffix",
            "module.vpc.module.subnets.google_compute_subnetwork.subnetwork",
            "module.vpc.module.vpc.google_compute_network.network"
          ]
        }
      ]
    },
    {
      "module": "module.anthos_cluster.module.gke.module.gcloud_wait_for_cluster",
      "mode": "managed",
      "type": "null_resource",
      "name": "run_destroy_command",
      "each": "list",
      "provider": "provider.null",
      "instances": [
        {
          "index_key": 0,
          "schema_version": 0,
          "attributes": {
            "id": "3042266563105273223",
            "triggers": {
              "destroy_cmd_body": "bu1-p-app1-1961 bu1-app1-cluster1 europe-west1 ",
              "destroy_cmd_entrypoint": ".terraform/modules/anthos_cluster.gke/modules/private-cluster/scripts/wait-for-cluster.sh",
              "gcloud_bin_abs_path": "/google-cloud-sdk/bin"
            }
          },
          "dependencies": [
            "module.anthos_cluster.google_service_account.service_account",
            "module.anthos_cluster.module.gke.google_container_cluster.primary",
            "module.anthos_cluster.module.gke.google_container_node_pool.pools",
            "module.anthos_cluster.module.gke.google_service_account.cluster_service_account",
            "module.anthos_cluster.module.gke.module.gcloud_wait_for_cluster.null_resource.additional_components",
            "module.anthos_cluster.module.gke.module.gcloud_wait_for_cluster.null_resource.decompress",
            "module.anthos_cluster.module.gke.module.gcloud_wait_for_cluster.null_resource.gcloud_auth_google_credentials",
            "module.anthos_cluster.module.gke.module.gcloud_wait_for_cluster.null_resource.gcloud_auth_service_account_key_file",
            "module.anthos_cluster.module.gke.module.gcloud_wait_for_cluster.null_resource.module_depends_on",
            "module.anthos_cluster.module.gke.module.gcloud_wait_for_cluster.random_id.cache",
            "module.anthos_cluster.module.gke.random_shuffle.available_zones",
            "module.anthos_cluster.random_id.postfix",
            "module.bu1-prod-app1.module.project-factory.google_compute_shared_vpc_service_project.shared_vpc_attachment",
            "module.bu1-prod-app1.module.project-factory.google_project.main",
            "module.bu1-prod-app1.module.project-factory.module.project_services.google_project_service.project_services",
            "module.bu1-prod-app1.module.project-factory.null_resource.preconditions",
            "module.bu1-prod-app1.module.project-factory.random_id.random_project_id_suffix",
            "module.vpc.module.subnets.google_compute_subnetwork.subnetwork",
            "module.vpc.module.vpc.google_compute_network.network"
          ]
        }
      ]
    },
    {
      "module": "module.anthos_cluster.module.acm.module.enable_acm",
      "mode": "managed",
      "type": "null_resource",
      "name": "run_destroy_command",
      "each": "list",
      "provider": "provider.null",
      "instances": [
        {
          "index_key": 0,
          "schema_version": 0,
          "attributes": {
            "id": "1298625584015935368",
            "triggers": {
              "destroy_cmd_body": "alpha container hub config-management disable --force --project bu1-p-app1-1961",
              "destroy_cmd_entrypoint": "gcloud",
              "gcloud_bin_abs_path": "/google-cloud-sdk/bin"
            }
          },
          "dependencies": [
            "module.anthos_cluster.module.acm.module.enable_acm.null_resource.additional_components",
            "module.anthos_cluster.module.acm.module.enable_acm.null_resource.decompress",
            "module.anthos_cluster.module.acm.module.enable_acm.null_resource.gcloud_auth_google_credentials",
            "module.anthos_cluster.module.acm.module.enable_acm.null_resource.gcloud_auth_service_account_key_file",
            "module.anthos_cluster.module.acm.module.enable_acm.null_resource.module_depends_on",
            "module.anthos_cluster.module.acm.module.enable_acm.null_resource.upgrade",
            "module.anthos_cluster.module.acm.module.enable_acm.random_id.cache",
            "module.bu1-prod-app1.module.project-factory.google_compute_shared_vpc_service_project.shared_vpc_attachment",
            "module.bu1-prod-app1.module.project-factory.google_project.main",
            "module.bu1-prod-app1.module.project-factory.module.project_services.google_project_service.project_services",
            "module.bu1-prod-app1.module.project-factory.null_resource.preconditions",
            "module.bu1-prod-app1.module.project-factory.random_id.random_project_id_suffix"
          ]
        }
      ]
    },
    {
      "module": "module.anthos_cluster.module.gke.module.gcloud_delete_default_kube_dns_configmap.module.gcloud_kubectl",
      "mode": "managed",
      "type": "null_resource",
      "name": "run_destroy_command",
      "each": "list",
      "provider": "provider.null",
      "instances": []
    },
    {
      "module": "module.anthos_cluster.module.acm.module.acm_operator.module.k8sop_creds_secret.module.gcloud_kubectl",
      "mode": "managed",
      "type": "null_resource",
      "name": "run_destroy_command",
      "each": "list",
      "provider": "provider.null",
      "instances": [
        {
          "index_key": 0,
          "schema_version": 0,
          "attributes": {
            "id": "4023296725309508290",
            "triggers": {
              "destroy_cmd_body": "bu1-app1-cluster1 europe-west1 bu1-p-app1-1961 false false kubectl delete secret git-creds -n=config-management-system",
              "destroy_cmd_entrypoint": ".terraform/modules/anthos_cluster.acm.acm_operator.k8sop_creds_secret/modules/kubectl-wrapper/scripts/kubectl_wrapper.sh",
              "gcloud_bin_abs_path": "/google-cloud-sdk/bin"
            }
          },
          "dependencies": [
            "module.anthos_cluster.google_service_account.service_account",
            "module.anthos_cluster.module.acm.module.acm_operator.module.k8s_operator.module.gcloud_kubectl.null_resource.additional_components",
            "module.anthos_cluster.module.acm.module.acm_operator.module.k8s_operator.module.gcloud_kubectl.null_resource.decompress",
            "module.anthos_cluster.module.acm.module.acm_operator.module.k8s_operator.module.gcloud_kubectl.null_resource.gcloud_auth_google_credentials",
            "module.anthos_cluster.module.acm.module.acm_operator.module.k8s_operator.module.gcloud_kubectl.null_resource.gcloud_auth_service_account_key_file",
            "module.anthos_cluster.module.acm.module.acm_operator.module.k8s_operator.module.gcloud_kubectl.null_resource.module_depends_on",
            "module.anthos_cluster.module.acm.module.acm_operator.module.k8s_operator.module.gcloud_kubectl.null_resource.run_command",
            "module.anthos_cluster.module.acm.module.acm_operator.module.k8s_operator.module.gcloud_kubectl.null_resource.run_destroy_command",
            "module.anthos_cluster.module.acm.module.acm_operator.module.k8s_operator.module.gcloud_kubectl.null_resource.upgrade",
            "module.anthos_cluster.module.acm.module.acm_operator.module.k8s_operator.module.gcloud_kubectl.random_id.cache",
            "module.anthos_cluster.module.acm.module.acm_operator.module.k8sop_creds_secret.module.gcloud_kubectl.null_resource.additional_components",
            "module.anthos_cluster.module.acm.module.acm_operator.module.k8sop_creds_secret.module.gcloud_kubectl.null_resource.decompress",
            "module.anthos_cluster.module.acm.module.acm_operator.module.k8sop_creds_secret.module.gcloud_kubectl.null_resource.gcloud_auth_google_credentials",
            "module.anthos_cluster.module.acm.module.acm_operator.module.k8sop_creds_secret.module.gcloud_kubectl.null_resource.gcloud_auth_service_account_key_file",
            "module.anthos_cluster.module.acm.module.acm_operator.module.k8sop_creds_secret.module.gcloud_kubectl.null_resource.module_depends_on",
            "module.anthos_cluster.module.acm.module.acm_operator.module.k8sop_creds_secret.module.gcloud_kubectl.null_resource.upgrade",
            "module.anthos_cluster.module.acm.module.acm_operator.module.k8sop_creds_secret.module.gcloud_kubectl.random_id.cache",
            "module.anthos_cluster.module.acm.module.acm_operator.module.k8sop_manifest.null_resource.additional_components",
            "module.anthos_cluster.module.acm.module.acm_operator.module.k8sop_manifest.null_resource.decompress",
            "module.anthos_cluster.module.acm.module.acm_operator.module.k8sop_manifest.null_resource.gcloud_auth_google_credentials",
            "module.anthos_cluster.module.acm.module.acm_operator.module.k8sop_manifest.null_resource.gcloud_auth_service_account_key_file",
            "module.anthos_cluster.module.acm.module.acm_operator.module.k8sop_manifest.null_resource.module_depends_on",
            "module.anthos_cluster.module.acm.module.acm_operator.module.k8sop_manifest.null_resource.run_command",
            "module.anthos_cluster.module.acm.module.acm_operator.module.k8sop_manifest.null_resource.run_destroy_command",
            "module.anthos_cluster.module.acm.module.acm_operator.module.k8sop_manifest.random_id.cache",
            "module.anthos_cluster.module.acm.module.acm_operator.tls_private_key.k8sop_creds",
            "module.anthos_cluster.module.gke.google_container_cluster.primary",
            "module.anthos_cluster.module.gke.google_container_node_pool.pools",
            "module.anthos_cluster.module.gke.google_service_account.cluster_service_account",
            "module.anthos_cluster.module.gke.module.gcloud_wait_for_cluster.null_resource.additional_components",
            "module.anthos_cluster.module.gke.module.gcloud_wait_for_cluster.null_resource.decompress",
            "module.anthos_cluster.module.gke.module.gcloud_wait_for_cluster.null_resource.gcloud_auth_google_credentials",
            "module.anthos_cluster.module.gke.module.gcloud_wait_for_cluster.null_resource.gcloud_auth_service_account_key_file",
            "module.anthos_cluster.module.gke.module.gcloud_wait_for_cluster.null_resource.module_depends_on",
            "module.anthos_cluster.module.gke.module.gcloud_wait_for_cluster.null_resource.run_command",
            "module.anthos_cluster.module.gke.module.gcloud_wait_for_cluster.null_resource.run_destroy_command",
            "module.anthos_cluster.module.gke.module.gcloud_wait_for_cluster.random_id.cache",
            "module.anthos_cluster.module.gke.random_shuffle.available_zones",
            "module.anthos_cluster.random_id.postfix",
            "module.bu1-prod-app1.module.project-factory.google_compute_shared_vpc_service_project.shared_vpc_attachment",
            "module.bu1-prod-app1.module.project-factory.google_project.main",
            "module.bu1-prod-app1.module.project-factory.module.project_services.google_project_service.project_services",
            "module.bu1-prod-app1.module.project-factory.null_resource.preconditions",
            "module.bu1-prod-app1.module.project-factory.random_id.random_project_id_suffix",
            "module.vpc.module.subnets.google_compute_subnetwork.subnetwork",
            "module.vpc.module.vpc.google_compute_network.network"
          ]
        }
      ]
    },
    {
      "module": "module.anthos_hub.module.enable_acm",
      "mode": "managed",
      "type": "null_resource",
      "name": "run_destroy_command",
      "each": "list",
      "provider": "provider.null",
      "instances": [
        {
          "index_key": 0,
          "schema_version": 0,
          "attributes": {
            "id": "5748503854784879528",
            "triggers": {
              "destroy_cmd_body": "alpha container hub config-management disable --force --project anthos-hub-d770",
              "destroy_cmd_entrypoint": "gcloud",
              "gcloud_bin_abs_path": "/google-cloud-sdk/bin"
            }
          },
          "dependencies": [
            "module.anthos_hub.module.enable_acm.null_resource.additional_components",
            "module.anthos_hub.module.enable_acm.null_resource.decompress",
            "module.anthos_hub.module.enable_acm.null_resource.gcloud_auth_google_credentials",
            "module.anthos_hub.module.enable_acm.null_resource.gcloud_auth_service_account_key_file",
            "module.anthos_hub.module.enable_acm.null_resource.module_depends_on",
            "module.anthos_hub.module.enable_acm.null_resource.upgrade",
            "module.anthos_hub.module.enable_acm.random_id.cache",
            "module.anthos_hub_project.module.project-factory.google_compute_shared_vpc_service_project.shared_vpc_attachment",
            "module.anthos_hub_project.module.project-factory.google_project.main",
            "module.anthos_hub_project.module.project-factory.module.project_services.google_project_service.project_services",
            "module.anthos_hub_project.module.project-factory.null_resource.preconditions",
            "module.anthos_hub_project.module.project-factory.random_id.random_project_id_suffix"
          ]
        }
      ]
    },
    {
      "module": "module.anthos_cluster.module.acm.module.acm_operator.module.wait_for_gatekeeper.module.gcloud_kubectl",
      "mode": "managed",
      "type": "null_resource",
      "name": "run_destroy_command",
      "each": "list",
      "provider": "provider.null",
      "instances": [
        {
          "index_key": 0,
          "schema_version": 0,
          "attributes": {
            "id": "9119154706660247845",
            "triggers": {
              "destroy_cmd_body": "bu1-app1-cluster1 europe-west1 bu1-p-app1-1961 false false ",
              "destroy_cmd_entrypoint": ".terraform/modules/anthos_cluster.acm.acm_operator.wait_for_gatekeeper/modules/kubectl-wrapper/scripts/kubectl_wrapper.sh",
              "gcloud_bin_abs_path": "/google-cloud-sdk/bin",
              "script_sha1": "c9518f73450dbf8f920bc0582620cc07f9e049d8"
            }
          },
          "dependencies": [
            "module.anthos_cluster.google_service_account.service_account",
            "module.anthos_cluster.module.acm.module.acm_operator.local_file.operator_cr",
            "module.anthos_cluster.module.acm.module.acm_operator.module.k8s_operator.module.gcloud_kubectl.null_resource.additional_components",
            "module.anthos_cluster.module.acm.module.acm_operator.module.k8s_operator.module.gcloud_kubectl.null_resource.decompress",
            "module.anthos_cluster.module.acm.module.acm_operator.module.k8s_operator.module.gcloud_kubectl.null_resource.gcloud_auth_google_credentials",
            "module.anthos_cluster.module.acm.module.acm_operator.module.k8s_operator.module.gcloud_kubectl.null_resource.gcloud_auth_service_account_key_file",
            "module.anthos_cluster.module.acm.module.acm_operator.module.k8s_operator.module.gcloud_kubectl.null_resource.module_depends_on",
            "module.anthos_cluster.module.acm.module.acm_operator.module.k8s_operator.module.gcloud_kubectl.null_resource.run_command",
            "module.anthos_cluster.module.acm.module.acm_operator.module.k8s_operator.module.gcloud_kubectl.null_resource.run_destroy_command",
            "module.anthos_cluster.module.acm.module.acm_operator.module.k8s_operator.module.gcloud_kubectl.null_resource.upgrade",
            "module.anthos_cluster.module.acm.module.acm_operator.module.k8s_operator.module.gcloud_kubectl.random_id.cache",
            "module.anthos_cluster.module.acm.module.acm_operator.module.k8sop_config.module.gcloud_kubectl.null_resource.additional_components",
            "module.anthos_cluster.module.acm.module.acm_operator.module.k8sop_config.module.gcloud_kubectl.null_resource.decompress",
            "module.anthos_cluster.module.acm.module.acm_operator.module.k8sop_config.module.gcloud_kubectl.null_resource.gcloud_auth_google_credentials",
            "module.anthos_cluster.module.acm.module.acm_operator.module.k8sop_config.module.gcloud_kubectl.null_resource.gcloud_auth_service_account_key_file",
            "module.anthos_cluster.module.acm.module.acm_operator.module.k8sop_config.module.gcloud_kubectl.null_resource.module_depends_on",
            "module.anthos_cluster.module.acm.module.acm_operator.module.k8sop_config.module.gcloud_kubectl.null_resource.run_command",
            "module.anthos_cluster.module.acm.module.acm_operator.module.k8sop_config.module.gcloud_kubectl.null_resource.run_destroy_command",
            "module.anthos_cluster.module.acm.module.acm_operator.module.k8sop_config.module.gcloud_kubectl.null_resource.upgrade",
            "module.anthos_cluster.module.acm.module.acm_operator.module.k8sop_config.module.gcloud_kubectl.random_id.cache",
            "module.anthos_cluster.module.acm.module.acm_operator.module.k8sop_creds_secret.module.gcloud_kubectl.null_resource.additional_components",
            "module.anthos_cluster.module.acm.module.acm_operator.module.k8sop_creds_secret.module.gcloud_kubectl.null_resource.decompress",
            "module.anthos_cluster.module.acm.module.acm_operator.module.k8sop_creds_secret.module.gcloud_kubectl.null_resource.gcloud_auth_google_credentials",
            "module.anthos_cluster.module.acm.module.acm_operator.module.k8sop_creds_secret.module.gcloud_kubectl.null_resource.gcloud_auth_service_account_key_file",
            "module.anthos_cluster.module.acm.module.acm_operator.module.k8sop_creds_secret.module.gcloud_kubectl.null_resource.module_depends_on",
            "module.anthos_cluster.module.acm.module.acm_operator.module.k8sop_creds_secret.module.gcloud_kubectl.null_resource.run_command",
            "module.anthos_cluster.module.acm.module.acm_operator.module.k8sop_creds_secret.module.gcloud_kubectl.null_resource.run_destroy_command",
            "module.anthos_cluster.module.acm.module.acm_operator.module.k8sop_creds_secret.module.gcloud_kubectl.null_resource.upgrade",
            "module.anthos_cluster.module.acm.module.acm_operator.module.k8sop_creds_secret.module.gcloud_kubectl.random_id.cache",
            "module.anthos_cluster.module.acm.module.acm_operator.module.k8sop_manifest.null_resource.additional_components",
            "module.anthos_cluster.module.acm.module.acm_operator.module.k8sop_manifest.null_resource.decompress",
            "module.anthos_cluster.module.acm.module.acm_operator.module.k8sop_manifest.null_resource.gcloud_auth_google_credentials",
            "module.anthos_cluster.module.acm.module.acm_operator.module.k8sop_manifest.null_resource.gcloud_auth_service_account_key_file",
            "module.anthos_cluster.module.acm.module.acm_operator.module.k8sop_manifest.null_resource.module_depends_on",
            "module.anthos_cluster.module.acm.module.acm_operator.module.k8sop_manifest.null_resource.run_command",
            "module.anthos_cluster.module.acm.module.acm_operator.module.k8sop_manifest.null_resource.run_destroy_command",
            "module.anthos_cluster.module.acm.module.acm_operator.module.k8sop_manifest.random_id.cache",
            "module.anthos_cluster.module.acm.module.acm_operator.module.wait_for_gatekeeper.module.gcloud_kubectl.null_resource.additional_components",
            "module.anthos_cluster.module.acm.module.acm_operator.module.wait_for_gatekeeper.module.gcloud_kubectl.null_resource.decompress",
            "module.anthos_cluster.module.acm.module.acm_operator.module.wait_for_gatekeeper.module.gcloud_kubectl.null_resource.gcloud_auth_google_credentials",
            "module.anthos_cluster.module.acm.module.acm_operator.module.wait_for_gatekeeper.module.gcloud_kubectl.null_resource.gcloud_auth_service_account_key_file",
            "module.anthos_cluster.module.acm.module.acm_operator.module.wait_for_gatekeeper.module.gcloud_kubectl.null_resource.module_depends_on",
            "module.anthos_cluster.module.acm.module.acm_operator.module.wait_for_gatekeeper.module.gcloud_kubectl.null_resource.upgrade",
            "module.anthos_cluster.module.acm.module.acm_operator.module.wait_for_gatekeeper.module.gcloud_kubectl.random_id.cache",
            "module.anthos_cluster.module.acm.module.acm_operator.tls_private_key.k8sop_creds",
            "module.anthos_cluster.module.gke.google_container_cluster.primary",
            "module.anthos_cluster.module.gke.google_container_node_pool.pools",
            "module.anthos_cluster.module.gke.google_service_account.cluster_service_account",
            "module.anthos_cluster.module.gke.module.gcloud_wait_for_cluster.null_resource.additional_components",
            "module.anthos_cluster.module.gke.module.gcloud_wait_for_cluster.null_resource.decompress",
            "module.anthos_cluster.module.gke.module.gcloud_wait_for_cluster.null_resource.gcloud_auth_google_credentials",
            "module.anthos_cluster.module.gke.module.gcloud_wait_for_cluster.null_resource.gcloud_auth_service_account_key_file",
            "module.anthos_cluster.module.gke.module.gcloud_wait_for_cluster.null_resource.module_depends_on",
            "module.anthos_cluster.module.gke.module.gcloud_wait_for_cluster.null_resource.run_command",
            "module.anthos_cluster.module.gke.module.gcloud_wait_for_cluster.null_resource.run_destroy_command",
            "module.anthos_cluster.module.gke.module.gcloud_wait_for_cluster.random_id.cache",
            "module.anthos_cluster.module.gke.random_shuffle.available_zones",
            "module.anthos_cluster.random_id.postfix",
            "module.bu1-prod-app1.module.project-factory.google_compute_shared_vpc_service_project.shared_vpc_attachment",
            "module.bu1-prod-app1.module.project-factory.google_project.main",
            "module.bu1-prod-app1.module.project-factory.module.project_services.google_project_service.project_services",
            "module.bu1-prod-app1.module.project-factory.null_resource.preconditions",
            "module.bu1-prod-app1.module.project-factory.random_id.random_project_id_suffix",
            "module.vpc.module.subnets.google_compute_subnetwork.subnetwork",
            "module.vpc.module.vpc.google_compute_network.network"
          ]
        }
      ]
    },
    {
      "module": "module.anthos_cluster.module.acm.module.acm_operator.module.k8s_operator.module.gcloud_kubectl",
      "mode": "managed",
      "type": "null_resource",
      "name": "run_destroy_command",
      "each": "list",
      "provider": "provider.null",
      "instances": [
        {
          "index_key": 0,
          "schema_version": 0,
          "attributes": {
            "id": "826492516472920579",
            "triggers": {
              "destroy_cmd_body": "bu1-app1-cluster1 europe-west1 bu1-p-app1-1961 false false kubectl delete -f ./.terraform/tmp/bu1-p-app1-1961-bu1-app1-cluster1/config-management-operator.yaml",
              "destroy_cmd_entrypoint": ".terraform/modules/anthos_cluster.acm.acm_operator.k8s_operator/modules/kubectl-wrapper/scripts/kubectl_wrapper.sh",
              "gcloud_bin_abs_path": "/google-cloud-sdk/bin"
            }
          },
          "dependencies": [
            "module.anthos_cluster.google_service_account.service_account",
            "module.anthos_cluster.module.acm.module.acm_operator.module.k8s_operator.module.gcloud_kubectl.null_resource.additional_components",
            "module.anthos_cluster.module.acm.module.acm_operator.module.k8s_operator.module.gcloud_kubectl.null_resource.decompress",
            "module.anthos_cluster.module.acm.module.acm_operator.module.k8s_operator.module.gcloud_kubectl.null_resource.gcloud_auth_google_credentials",
            "module.anthos_cluster.module.acm.module.acm_operator.module.k8s_operator.module.gcloud_kubectl.null_resource.gcloud_auth_service_account_key_file",
            "module.anthos_cluster.module.acm.module.acm_operator.module.k8s_operator.module.gcloud_kubectl.null_resource.module_depends_on",
            "module.anthos_cluster.module.acm.module.acm_operator.module.k8s_operator.module.gcloud_kubectl.null_resource.upgrade",
            "module.anthos_cluster.module.acm.module.acm_operator.module.k8s_operator.module.gcloud_kubectl.random_id.cache",
            "module.anthos_cluster.module.acm.module.acm_operator.module.k8sop_manifest.null_resource.additional_components",
            "module.anthos_cluster.module.acm.module.acm_operator.module.k8sop_manifest.null_resource.decompress",
            "module.anthos_cluster.module.acm.module.acm_operator.module.k8sop_manifest.null_resource.gcloud_auth_google_credentials",
            "module.anthos_cluster.module.acm.module.acm_operator.module.k8sop_manifest.null_resource.gcloud_auth_service_account_key_file",
            "module.anthos_cluster.module.acm.module.acm_operator.module.k8sop_manifest.null_resource.module_depends_on",
            "module.anthos_cluster.module.acm.module.acm_operator.module.k8sop_manifest.null_resource.run_command",
            "module.anthos_cluster.module.acm.module.acm_operator.module.k8sop_manifest.null_resource.run_destroy_command",
            "module.anthos_cluster.module.acm.module.acm_operator.module.k8sop_manifest.random_id.cache",
            "module.anthos_cluster.module.gke.google_container_cluster.primary",
            "module.anthos_cluster.module.gke.google_container_node_pool.pools",
            "module.anthos_cluster.module.gke.google_service_account.cluster_service_account",
            "module.anthos_cluster.module.gke.module.gcloud_wait_for_cluster.null_resource.additional_components",
            "module.anthos_cluster.module.gke.module.gcloud_wait_for_cluster.null_resource.decompress",
            "module.anthos_cluster.module.gke.module.gcloud_wait_for_cluster.null_resource.gcloud_auth_google_credentials",
            "module.anthos_cluster.module.gke.module.gcloud_wait_for_cluster.null_resource.gcloud_auth_service_account_key_file",
            "module.anthos_cluster.module.gke.module.gcloud_wait_for_cluster.null_resource.module_depends_on",
            "module.anthos_cluster.module.gke.module.gcloud_wait_for_cluster.null_resource.run_command",
            "module.anthos_cluster.module.gke.module.gcloud_wait_for_cluster.null_resource.run_destroy_command",
            "module.anthos_cluster.module.gke.module.gcloud_wait_for_cluster.random_id.cache",
            "module.anthos_cluster.module.gke.random_shuffle.available_zones",
            "module.anthos_cluster.random_id.postfix",
            "module.bu1-prod-app1.module.project-factory.google_compute_shared_vpc_service_project.shared_vpc_attachment",
            "module.bu1-prod-app1.module.project-factory.google_project.main",
            "module.bu1-prod-app1.module.project-factory.module.project_services.google_project_service.project_services",
            "module.bu1-prod-app1.module.project-factory.null_resource.preconditions",
            "module.bu1-prod-app1.module.project-factory.random_id.random_project_id_suffix",
            "module.vpc.module.subnets.google_compute_subnetwork.subnetwork",
            "module.vpc.module.vpc.google_compute_network.network"
          ]
        }
      ]
    },
    {
      "module": "module.anthos_cluster.module.acm.module.acm_operator.module.k8sop_manifest",
      "mode": "managed",
      "type": "null_resource",
      "name": "upgrade",
      "each": "list",
      "provider": "provider.null",
      "instances": []
    },
    {
      "module": "module.anthos_cluster.module.acm.module.acm_operator.module.k8sop_config.module.gcloud_kubectl",
      "mode": "managed",
      "type": "null_resource",
      "name": "upgrade",
      "each": "list",
      "provider": "provider.null",
      "instances": []
    },
    {
      "module": "module.anthos_hub_project.module.project-factory.module.gcloud_disable",
      "mode": "managed",
      "type": "null_resource",
      "name": "upgrade",
      "each": "list",
      "provider": "provider.null",
      "instances": []
    },
    {
      "module": "module.bu1-prod-app1.module.project-factory.module.gcloud_delete",
      "mode": "managed",
      "type": "null_resource",
      "name": "upgrade",
      "each": "list",
      "provider": "provider.null",
      "instances": []
    },
    {
      "module": "module.anthos_cluster.module.asm.module.asm_install.module.gcloud_kubectl",
      "mode": "managed",
      "type": "null_resource",
      "name": "upgrade",
      "each": "list",
      "provider": "provider.null",
      "instances": []
    },
    {
      "module": "module.anthos_hub_project.module.project-factory.module.gcloud_delete",
      "mode": "managed",
      "type": "null_resource",
      "name": "upgrade",
      "each": "list",
      "provider": "provider.null",
      "instances": []
    },
    {
      "module": "module.anthos_cluster.module.gke.module.gcloud_wait_for_cluster",
      "mode": "managed",
      "type": "null_resource",
      "name": "upgrade",
      "each": "list",
      "provider": "provider.null",
      "instances": []
    },
    {
      "module": "module.anthos_cluster.module.acm.module.enable_acm",
      "mode": "managed",
      "type": "null_resource",
      "name": "upgrade",
      "each": "list",
      "provider": "provider.null",
      "instances": []
    },
    {
      "module": "module.bu1-prod-app1.module.project-factory.module.gcloud_deprivilege",
      "mode": "managed",
      "type": "null_resource",
      "name": "upgrade",
      "each": "list",
      "provider": "provider.null",
      "instances": []
    },
    {
      "module": "module.bu1-prod-app1.module.project-factory.module.gcloud_disable",
      "mode": "managed",
      "type": "null_resource",
      "name": "upgrade",
      "each": "list",
      "provider": "provider.null",
      "instances": []
    },
    {
      "module": "module.anthos_cluster.module.gke.module.gcloud_delete_default_kube_dns_configmap.module.gcloud_kubectl",
      "mode": "managed",
      "type": "null_resource",
      "name": "upgrade",
      "each": "list",
      "provider": "provider.null",
      "instances": []
    },
    {
      "module": "module.anthos_cluster.module.acm.module.acm_operator.module.k8sop_creds_secret.module.gcloud_kubectl",
      "mode": "managed",
      "type": "null_resource",
      "name": "upgrade",
      "each": "list",
      "provider": "provider.null",
      "instances": []
    },
    {
      "module": "module.anthos_hub.module.enable_acm",
      "mode": "managed",
      "type": "null_resource",
      "name": "upgrade",
      "each": "list",
      "provider": "provider.null",
      "instances": []
    },
    {
      "module": "module.anthos_hub_project.module.project-factory.module.gcloud_deprivilege",
      "mode": "managed",
      "type": "null_resource",
      "name": "upgrade",
      "each": "list",
      "provider": "provider.null",
      "instances": []
    },
    {
      "module": "module.anthos_cluster.module.acm.module.acm_operator.module.wait_for_gatekeeper.module.gcloud_kubectl",
      "mode": "managed",
      "type": "null_resource",
      "name": "upgrade",
      "each": "list",
      "provider": "provider.null",
      "instances": []
    },
    {
      "module": "module.anthos_cluster.module.acm.module.acm_operator.module.k8s_operator.module.gcloud_kubectl",
      "mode": "managed",
      "type": "null_resource",
      "name": "upgrade",
      "each": "list",
      "provider": "provider.null",
      "instances": []
    },
    {
      "module": "module.anthos_cluster.module.acm.module.acm_operator.module.k8sop_manifest",
      "mode": "managed",
      "type": "null_resource",
      "name": "upgrade_destroy",
      "each": "list",
      "provider": "provider.null",
      "instances": []
    },
    {
      "module": "module.anthos_cluster.module.acm.module.acm_operator.module.k8sop_config.module.gcloud_kubectl",
      "mode": "managed",
      "type": "null_resource",
      "name": "upgrade_destroy",
      "each": "list",
      "provider": "provider.null",
      "instances": []
    },
    {
      "module": "module.anthos_hub_project.module.project-factory.module.gcloud_disable",
      "mode": "managed",
      "type": "null_resource",
      "name": "upgrade_destroy",
      "each": "list",
      "provider": "provider.null",
      "instances": []
    },
    {
      "module": "module.bu1-prod-app1.module.project-factory.module.gcloud_delete",
      "mode": "managed",
      "type": "null_resource",
      "name": "upgrade_destroy",
      "each": "list",
      "provider": "provider.null",
      "instances": []
    },
    {
      "module": "module.anthos_cluster.module.asm.module.asm_install.module.gcloud_kubectl",
      "mode": "managed",
      "type": "null_resource",
      "name": "upgrade_destroy",
      "each": "list",
      "provider": "provider.null",
      "instances": []
    },
    {
      "module": "module.anthos_hub_project.module.project-factory.module.gcloud_delete",
      "mode": "managed",
      "type": "null_resource",
      "name": "upgrade_destroy",
      "each": "list",
      "provider": "provider.null",
      "instances": []
    },
    {
      "module": "module.anthos_cluster.module.gke.module.gcloud_wait_for_cluster",
      "mode": "managed",
      "type": "null_resource",
      "name": "upgrade_destroy",
      "each": "list",
      "provider": "provider.null",
      "instances": []
    },
    {
      "module": "module.anthos_cluster.module.acm.module.enable_acm",
      "mode": "managed",
      "type": "null_resource",
      "name": "upgrade_destroy",
      "each": "list",
      "provider": "provider.null",
      "instances": []
    },
    {
      "module": "module.bu1-prod-app1.module.project-factory.module.gcloud_deprivilege",
      "mode": "managed",
      "type": "null_resource",
      "name": "upgrade_destroy",
      "each": "list",
      "provider": "provider.null",
      "instances": []
    },
    {
      "module": "module.bu1-prod-app1.module.project-factory.module.gcloud_disable",
      "mode": "managed",
      "type": "null_resource",
      "name": "upgrade_destroy",
      "each": "list",
      "provider": "provider.null",
      "instances": []
    },
    {
      "module": "module.anthos_cluster.module.gke.module.gcloud_delete_default_kube_dns_configmap.module.gcloud_kubectl",
      "mode": "managed",
      "type": "null_resource",
      "name": "upgrade_destroy",
      "each": "list",
      "provider": "provider.null",
      "instances": []
    },
    {
      "module": "module.anthos_cluster.module.acm.module.acm_operator.module.k8sop_creds_secret.module.gcloud_kubectl",
      "mode": "managed",
      "type": "null_resource",
      "name": "upgrade_destroy",
      "each": "list",
      "provider": "provider.null",
      "instances": []
    },
    {
      "module": "module.anthos_hub.module.enable_acm",
      "mode": "managed",
      "type": "null_resource",
      "name": "upgrade_destroy",
      "each": "list",
      "provider": "provider.null",
      "instances": []
    },
    {
      "module": "module.anthos_hub_project.module.project-factory.module.gcloud_deprivilege",
      "mode": "managed",
      "type": "null_resource",
      "name": "upgrade_destroy",
      "each": "list",
      "provider": "provider.null",
      "instances": []
    },
    {
      "module": "module.anthos_cluster.module.acm.module.acm_operator.module.wait_for_gatekeeper.module.gcloud_kubectl",
      "mode": "managed",
      "type": "null_resource",
      "name": "upgrade_destroy",
      "each": "list",
      "provider": "provider.null",
      "instances": []
    },
    {
      "module": "module.anthos_cluster.module.acm.module.acm_operator.module.k8s_operator.module.gcloud_kubectl",
      "mode": "managed",
      "type": "null_resource",
      "name": "upgrade_destroy",
      "each": "list",
      "provider": "provider.null",
      "instances": []
    },
    {
      "module": "module.anthos_cluster.module.acm.module.acm_operator.module.k8sop_manifest",
      "mode": "managed",
      "type": "random_id",
      "name": "cache",
      "each": "list",
      "provider": "provider.random",
      "instances": []
    },
    {
      "module": "module.anthos_cluster.module.acm.module.acm_operator.module.k8sop_config.module.gcloud_kubectl",
      "mode": "managed",
      "type": "random_id",
      "name": "cache",
      "each": "list",
      "provider": "provider.random",
      "instances": []
    },
    {
      "module": "module.anthos_hub_project.module.project-factory.module.gcloud_disable",
      "mode": "managed",
      "type": "random_id",
      "name": "cache",
      "provider": "provider.random",
      "instances": [
        {
          "schema_version": 0,
          "attributes": {
            "b64": "FyxJ-A",
            "b64_std": "FyxJ+A==",
            "b64_url": "FyxJ-A",
            "byte_length": 4,
            "dec": "388778488",
            "hex": "172c49f8",
            "id": "FyxJ-A",
            "keepers": null,
            "prefix": null
          },
          "private": "bnVsbA=="
        }
      ]
    },
    {
      "module": "module.bu1-prod-app1.module.project-factory.module.gcloud_delete",
      "mode": "managed",
      "type": "random_id",
      "name": "cache",
      "provider": "provider.random",
      "instances": [
        {
          "schema_version": 0,
          "attributes": {
            "b64": "lsRzFQ",
            "b64_std": "lsRzFQ==",
            "b64_url": "lsRzFQ",
            "byte_length": 4,
            "dec": "2529456917",
            "hex": "96c47315",
            "id": "lsRzFQ",
            "keepers": null,
            "prefix": null
          },
          "private": "bnVsbA=="
        }
      ]
    },
    {
      "module": "module.anthos_cluster.module.asm.module.asm_install.module.gcloud_kubectl",
      "mode": "managed",
      "type": "random_id",
      "name": "cache",
      "each": "list",
      "provider": "provider.random",
      "instances": []
    },
    {
      "module": "module.anthos_hub_project.module.project-factory.module.gcloud_delete",
      "mode": "managed",
      "type": "random_id",
      "name": "cache",
      "provider": "provider.random",
      "instances": [
        {
          "schema_version": 0,
          "attributes": {
            "b64": "hrwOag",
            "b64_std": "hrwOag==",
            "b64_url": "hrwOag",
            "byte_length": 4,
            "dec": "2260471402",
            "hex": "86bc0e6a",
            "id": "hrwOag",
            "keepers": null,
            "prefix": null
          },
          "private": "bnVsbA=="
        }
      ]
    },
    {
      "module": "module.anthos_cluster.module.gke.module.gcloud_wait_for_cluster",
      "mode": "managed",
      "type": "random_id",
      "name": "cache",
      "each": "list",
      "provider": "provider.random",
      "instances": []
    },
    {
      "module": "module.anthos_cluster.module.acm.module.enable_acm",
      "mode": "managed",
      "type": "random_id",
      "name": "cache",
      "each": "list",
      "provider": "provider.random",
      "instances": []
    },
    {
      "module": "module.bu1-prod-app1.module.project-factory.module.gcloud_deprivilege",
      "mode": "managed",
      "type": "random_id",
      "name": "cache",
      "provider": "provider.random",
      "instances": [
        {
          "schema_version": 0,
          "attributes": {
            "b64": "JW_u3A",
            "b64_std": "JW/u3A==",
            "b64_url": "JW_u3A",
            "byte_length": 4,
            "dec": "628092636",
            "hex": "256feedc",
            "id": "JW_u3A",
            "keepers": null,
            "prefix": null
          },
          "private": "bnVsbA=="
        }
      ]
    },
    {
      "module": "module.bu1-prod-app1.module.project-factory.module.gcloud_disable",
      "mode": "managed",
      "type": "random_id",
      "name": "cache",
      "provider": "provider.random",
      "instances": [
        {
          "schema_version": 0,
          "attributes": {
            "b64": "fMrqGw",
            "b64_std": "fMrqGw==",
            "b64_url": "fMrqGw",
            "byte_length": 4,
            "dec": "2093672987",
            "hex": "7ccaea1b",
            "id": "fMrqGw",
            "keepers": null,
            "prefix": null
          },
          "private": "bnVsbA=="
        }
      ]
    },
    {
      "module": "module.anthos_cluster.module.gke.module.gcloud_delete_default_kube_dns_configmap.module.gcloud_kubectl",
      "mode": "managed",
      "type": "random_id",
      "name": "cache",
      "each": "list",
      "provider": "provider.random",
      "instances": []
    },
    {
      "module": "module.anthos_cluster.module.acm.module.acm_operator.module.k8sop_creds_secret.module.gcloud_kubectl",
      "mode": "managed",
      "type": "random_id",
      "name": "cache",
      "each": "list",
      "provider": "provider.random",
      "instances": []
    },
    {
      "module": "module.anthos_hub.module.enable_acm",
      "mode": "managed",
      "type": "random_id",
      "name": "cache",
      "each": "list",
      "provider": "provider.random",
      "instances": []
    },
    {
      "module": "module.anthos_hub_project.module.project-factory.module.gcloud_deprivilege",
      "mode": "managed",
      "type": "random_id",
      "name": "cache",
      "provider": "provider.random",
      "instances": [
        {
          "schema_version": 0,
          "attributes": {
            "b64": "3yucmg",
            "b64_std": "3yucmg==",
            "b64_url": "3yucmg",
            "byte_length": 4,
            "dec": "3744177306",
            "hex": "df2b9c9a",
            "id": "3yucmg",
            "keepers": null,
            "prefix": null
          },
          "private": "bnVsbA=="
        }
      ]
    },
    {
      "module": "module.anthos_cluster.module.acm.module.acm_operator.module.wait_for_gatekeeper.module.gcloud_kubectl",
      "mode": "managed",
      "type": "random_id",
      "name": "cache",
      "each": "list",
      "provider": "provider.random",
      "instances": []
    },
    {
      "module": "module.anthos_cluster.module.acm.module.acm_operator.module.k8s_operator.module.gcloud_kubectl",
      "mode": "managed",
      "type": "random_id",
      "name": "cache",
      "each": "list",
      "provider": "provider.random",
      "instances": []
    },
    {
      "module": "module.anthos_cluster",
      "mode": "managed",
      "type": "random_id",
      "name": "postfix",
      "provider": "provider.random",
      "instances": [
        {
          "schema_version": 0,
          "attributes": {
            "b64": "cethLQ",
            "b64_std": "cethLQ==",
            "b64_url": "cethLQ",
            "byte_length": 4,
            "dec": "1911251245",
            "hex": "71eb612d",
            "id": "cethLQ",
            "keepers": null,
            "prefix": null
          },
          "private": "bnVsbA=="
        }
      ]
    },
    {
      "module": "module.anthos_hub_project.module.project-factory",
      "mode": "managed",
      "type": "random_id",
      "name": "random_project_id_suffix",
      "provider": "provider.random",
      "instances": [
        {
          "schema_version": 0,
          "attributes": {
            "b64": "13A",
            "b64_std": "13A=",
            "b64_url": "13A",
            "byte_length": 2,
            "dec": "55152",
            "hex": "d770",
            "id": "13A",
            "keepers": null,
            "prefix": null
          },
          "private": "bnVsbA=="
        }
      ]
    },
    {
      "module": "module.bu1-prod-app1.module.project-factory",
      "mode": "managed",
      "type": "random_id",
      "name": "random_project_id_suffix",
      "provider": "provider.random",
      "instances": [
        {
          "schema_version": 0,
          "attributes": {
            "b64": "GWE",
            "b64_std": "GWE=",
            "b64_url": "GWE",
            "byte_length": 2,
            "dec": "6497",
            "hex": "1961",
            "id": "GWE",
            "keepers": null,
            "prefix": null
          },
          "private": "bnVsbA=="
        }
      ]
    },
    {
      "module": "module.anthos_cluster.module.gke",
      "mode": "managed",
      "type": "random_shuffle",
      "name": "available_zones",
      "provider": "provider.random",
      "instances": [
        {
          "schema_version": 0,
          "attributes": {
            "id": "-",
            "input": [
              "europe-west1-b",
              "europe-west1-c",
              "europe-west1-d"
            ],
            "keepers": null,
            "result": [
              "europe-west1-c",
              "europe-west1-b",
              "europe-west1-d"
            ],
            "result_count": 3,
            "seed": null
          },
          "private": "bnVsbA==",
          "dependencies": [
            "module.bu1-prod-app1.module.project-factory.google_compute_shared_vpc_service_project.shared_vpc_attachment",
            "module.bu1-prod-app1.module.project-factory.google_project.main",
            "module.bu1-prod-app1.module.project-factory.module.project_services.google_project_service.project_services",
            "module.bu1-prod-app1.module.project-factory.null_resource.preconditions",
            "module.bu1-prod-app1.module.project-factory.random_id.random_project_id_suffix",
            "module.vpc.module.subnets.google_compute_subnetwork.subnetwork",
            "module.vpc.module.vpc.google_compute_network.network"
          ]
        }
      ]
    },
    {
      "module": "module.anthos_cluster.module.gke",
      "mode": "managed",
      "type": "random_string",
      "name": "cluster_service_account_suffix",
      "provider": "provider.random",
      "instances": [
        {
          "schema_version": 1,
          "attributes": {
            "id": "7tpi",
            "keepers": null,
            "length": 4,
            "lower": true,
            "min_lower": 0,
            "min_numeric": 0,
            "min_special": 0,
            "min_upper": 0,
            "number": true,
            "override_special": null,
            "result": "7tpi",
            "special": false,
            "upper": false
          },
          "private": "eyJzY2hlbWFfdmVyc2lvbiI6IjEifQ=="
        }
      ]
    },
    {
      "module": "module.anthos_cluster.module.acm.module.acm_operator",
      "mode": "managed",
      "type": "tls_private_key",
      "name": "k8sop_creds",
      "each": "list",
      "provider": "provider.tls",
      "instances": [
        {
          "index_key": 0,
          "schema_version": 0,
          "attributes": {
            "algorithm": "RSA",
            "ecdsa_curve": "P224",
            "id": "228ef25fa2cd5b48fb125aa031eb4ee85acaacca",
            "private_key_pem": "-----BEGIN RSA PRIVATE KEY-----\nMIIJJwIBAAKCAgEA1ASC2N4E4hQCh4He9uwAEK1AMyeDGsjLaXsox68ac8wIHdt7\n/5mfThRQiA96YGtItn0sDZ+j9hJ/2OjlSUp4RiaHirUZgXjHbziS5Pjzb3BbcWAd\n+TT0WaecjjYEJQDHWkJkJP6UJKAPMnTReDiuJX2oD8CP3swUmlZoXGUjY8AIxmIq\nb/oft2MwRI6mlVsQ5a25PvhNTIWpz5uQ5BO7miEhvFl8vG75/xL+GjxlHsmB+V/D\nNutcktZNqhZdxfaGqXGpNIDFwKjUMvhBv6CboopB/WCO0tcbA0ny4qeEtwwCjmsz\nzkS3Xb7BXCz5lzGERw7SXNINZVGHYSq16dhkErfd4BdfichjEcvM3k43BZZlolIc\nV/I3yDYXqlV11/Mr/rAoGlwjU4Ec/csJj5glZI/M561TSWBEPrdvcMpaHw4jPr+X\ntvsrNCcP1JYigLPzK5E3Z9j6POgVUrhP+/AbYO8FjfYgXKmAifbmSoUhmeN0Tbm4\nRnj/cywQ5VmR9EqkxAUyHqcyoZprRba/VdkCS350IipBmxZNXnKzdakqMQu/CTK7\nJG0HZ6SXDp0JERgsSJCeTPfa0+v60YkIk22ca005eAfyGG64clg1om5yw4vB5sPi\nV1WrmBfj6wbTfvRMD0xQY7qbRVqKJy+wnBOajiTUJNbIP2xCEz0iqekztikCAwEA\nAQKCAgBCWFcJvhARHunbtYwsAJXUoiJg35BrJUJh86RDOEwyyDoR/cjDpzLun/TD\nXvSQj4HleS375WTNb+SJ3/dABAm3Cf+ILDubBEyERVPSSwUCbkpvJAC9JxD/rS+U\nYNrTKXc4i2YDHZcGDwAybdPOpw33tWaN51geBAa+dSObJhr47/LPAZD+EWszW9qS\n2YDPY/vZo49AYTrvIzSMPsYMWRBvnsaLxgT+gkvAwhS56QRLqgr+GjVgTi5d1Kng\n+7bEZ+yjwWmNgG5hZ3Nfr8gDSyLorhMQUtLer2lIki9rNbiV/zAdmPZRKbenojWn\nvnssENav1beGTETc27JdeZwLXSeTEhQXYWFuoVl9r15fEYAqRIXjQP+YfZ2grbAD\n6OL6ReLq+l/BQlqiK1AbSp0qsSiwPzIgTNcSYL09uv3g8u/N3OWF3ITQ8Ep7mnb4\ngKUob9RzJMFIOPyQ+5ZZUQRWneHxNyQHO/N++6xXx/Cc21Pj1nEnDv37Aa2ICRuc\nIr8JV3TNpfk5XVaVqhW0SKIFwWxV3x4AB3VorMeRM+BHUKSwTSnoc+Wtpxwyhmsy\nKEH4BYu8uEIX1scx6+Y2L0GRrf3aRZJK3WQ1YDCxeSvMzEWWxFHq5qMLvdbSUJYF\nTxCrboBr2IOUNssphJRZLy9ZR2GYYn6do+NtGknDFyOWYbLZMQKCAQEA7ttVqUyr\nFnp3oFLvESoGH7MNtDIygdaNVMOY567igzy38/GyjpBhDOQAbiB7pV4ZbtEAigEv\nvZAf5aXA/7jQy4+Gr2MU/ESumZPFuUHF/OYmR/kMW13uA+naSoFzgMfD1jkHZ/Ox\nTuMo3p5zoi0EiiuStTFLR2014lkZdOAhUm/SpiZ1uw2S0dwsC8/g33MxBDl4kZw7\nmtd3/d/OXaWsiHZpEKyY+dRQhtgE6CkQV2c9ZHz4WA6jLTCtOQ2NUw5I7avxjaDp\n/P2LmZPOj1SnP8A2X1n03EW/imqhYU98lH25IBzGZAdmKTe+/3wxYGrs/Q7hVhJW\nb9O4Aj3+n9lf1wKCAQEA4zwLPEgY1KjZ+Mt+GEK6MyNURM0EeAr4IUhDph0ziqIe\n+THqjEO/svVZgMF3O8lSuEwmQ7v3Fc0OMHaZ3H8K5LaJc5YU0yrhKmNOB/+GEx0p\nUmAy6vODqs58eze+YiM9tresp05WLkim5VhoI4IAH6aIlbc9gdrRmimTSpDRcMPi\nNREpHXpahYIwNSrlVAJay95/yQMLEgBvoDLu735Qdflp4neU7VwDj2tYWxifPg0q\nrernXNnptCcJ7h4QcfELtiCeZigAzTqn6EJiLRTJCXBlvOM7ESiHHxIOHUb2Jrxh\nvsIpHhAMVYyOMTJdImXogbXIfVoSwezdvYf6EBDZ/wKCAQARvt/lXRnU6LJciezT\nBKFB16ar/ZK9DLihVIrWo6qWf3tXN1zBtL5RG9tgUy98gLo4/nQgzKfEWKHWCPOG\nzC9PAFHMU/sqJtwl8tGcyuMvv9WWQU2GuDrHtacPJAD1z2GgV8pSEcvZhYzyxSjo\nIpoUvdn/djMWkmmPcHkwsronCsHGsFLM29xNlSL8mawmTcOVgcOQZeATx/BVPzxw\nvq9L0ChMIdaXsQtuiTwMF4jsRXJNNe+pcyTyZYxpEbWvNv96EO04TX002410koOl\nKG/oj5o6iU9k0hXB7dwhg6tIyPJpDVo78kTHySl6h7qPZEJJJsLdBy2+zyb7m6mA\nLMEvAoIBAFBZvQdV3yHjiyAEpNPjVIAcsAGcFUZ1aoQqT3F/xefxp84qLmvm0PRw\n+XMj9gt4Bv4QPz+YSai115yfc4yah7mUKkpq+XYqJXCdqMv/OOOtXh040whtj1No\nrG/NqE5/c6UWkcCfXK4FFq7mcfyMTYrjkkyOfPtb6t3+cYzeZJDhUy28obNAvp2T\nCYTjZDAunPiV9s2Xe+SjrtUQ7ZhWLBFrXlusOUctUDz4kke0Dysb8MmK1MDqdU80\ntrgyfVItEB0Yr6oj3xSy9wiT4K9cODJUQkVmfE527EC6W69SllvgJRgVBAETX6ko\niGcxDenJ60tigkCBBzz3ivkoCe6AZvUCggEAcI+oz9qUdZVBLIPWsFQ+k10QM6B+\nOKoFoU4Y3n9oRgfN7EAClDU4RKDhJuKJlFT9/x97ZG3lYL2Mw61z0vl98B/7nIb2\nuqvyQ6Ko0LPZM4wpSsjsqFJj/wpnkW+Hg52XUu28V0XUWO3VLiZJFKNlfCmmJzbs\n/zpyVc2QSiR8GyesRAj/eUBopAVOYUUfjW3ZYWACe2BG1oHaJpa2e3o4XlJmMn7z\n3/Mu9GnTHIft/SEP/ye0LTqm8x7ReDFgdNKX7QqlFVwHnCLR9mZ2fNYnEPf71DJV\ny5wy2IV+DLB5GEHu7YtHG8/7BftN1AFJNrzCPHWAA455nyygAic0hCwckg==\n-----END RSA PRIVATE KEY-----\n",
            "public_key_fingerprint_md5": "90:d5:67:06:d0:61:4b:20:5e:71:9a:42:95:9c:8f:a3",
            "public_key_openssh": "ssh-rsa AAAAB3NzaC1yc2EAAAADAQABAAACAQDUBILY3gTiFAKHgd727AAQrUAzJ4MayMtpeyjHrxpzzAgd23v/mZ9OFFCID3pga0i2fSwNn6P2En/Y6OVJSnhGJoeKtRmBeMdvOJLk+PNvcFtxYB35NPRZp5yONgQlAMdaQmQk/pQkoA8ydNF4OK4lfagPwI/ezBSaVmhcZSNjwAjGYipv+h+3YzBEjqaVWxDlrbk++E1MhanPm5DkE7uaISG8WXy8bvn/Ev4aPGUeyYH5X8M261yS1k2qFl3F9oapcak0gMXAqNQy+EG/oJuiikH9YI7S1xsDSfLip4S3DAKOazPORLddvsFcLPmXMYRHDtJc0g1lUYdhKrXp2GQSt93gF1+JyGMRy8zeTjcFlmWiUhxX8jfINheqVXXX8yv+sCgaXCNTgRz9ywmPmCVkj8znrVNJYEQ+t29wylofDiM+v5e2+ys0Jw/UliKAs/MrkTdn2Po86BVSuE/78Btg7wWN9iBcqYCJ9uZKhSGZ43RNubhGeP9zLBDlWZH0SqTEBTIepzKhmmtFtr9V2QJLfnQiKkGbFk1ecrN1qSoxC78JMrskbQdnpJcOnQkRGCxIkJ5M99rT6/rRiQiTbZxrTTl4B/IYbrhyWDWibnLDi8Hmw+JXVauYF+PrBtN+9EwPTFBjuptFWoonL7CcE5qOJNQk1sg/bEITPSKp6TO2KQ==\n",
            "public_key_pem": "-----BEGIN PUBLIC KEY-----\nMIICIjANBgkqhkiG9w0BAQEFAAOCAg8AMIICCgKCAgEA1ASC2N4E4hQCh4He9uwA\nEK1AMyeDGsjLaXsox68ac8wIHdt7/5mfThRQiA96YGtItn0sDZ+j9hJ/2OjlSUp4\nRiaHirUZgXjHbziS5Pjzb3BbcWAd+TT0WaecjjYEJQDHWkJkJP6UJKAPMnTReDiu\nJX2oD8CP3swUmlZoXGUjY8AIxmIqb/oft2MwRI6mlVsQ5a25PvhNTIWpz5uQ5BO7\nmiEhvFl8vG75/xL+GjxlHsmB+V/DNutcktZNqhZdxfaGqXGpNIDFwKjUMvhBv6Cb\noopB/WCO0tcbA0ny4qeEtwwCjmszzkS3Xb7BXCz5lzGERw7SXNINZVGHYSq16dhk\nErfd4BdfichjEcvM3k43BZZlolIcV/I3yDYXqlV11/Mr/rAoGlwjU4Ec/csJj5gl\nZI/M561TSWBEPrdvcMpaHw4jPr+XtvsrNCcP1JYigLPzK5E3Z9j6POgVUrhP+/Ab\nYO8FjfYgXKmAifbmSoUhmeN0Tbm4Rnj/cywQ5VmR9EqkxAUyHqcyoZprRba/VdkC\nS350IipBmxZNXnKzdakqMQu/CTK7JG0HZ6SXDp0JERgsSJCeTPfa0+v60YkIk22c\na005eAfyGG64clg1om5yw4vB5sPiV1WrmBfj6wbTfvRMD0xQY7qbRVqKJy+wnBOa\njiTUJNbIP2xCEz0iqekztikCAwEAAQ==\n-----END PUBLIC KEY-----\n",
            "rsa_bits": 4096
          },
          "private": "bnVsbA=="
        }
      ]
    }
  ]
}
